// !$*UTF8*$!
{
	archiveVersion = 1;
	classes = {
	};
	objectVersion = 55;
	objects = {

/* Begin PBXBuildFile section */
		2A0541DC28D4A84800C04ED8 /* NanumBarunGothicUltraLight.ttf in Resources */ = {isa = PBXBuildFile; fileRef = 2A0541DB28D4A84400C04ED8 /* NanumBarunGothicUltraLight.ttf */; };
		2A0962BE28CE2E0C00063DF3 /* AlarmTimeEntity.swift in Sources */ = {isa = PBXBuildFile; fileRef = 2A0962BD28CE2E0C00063DF3 /* AlarmTimeEntity.swift */; };
		2A0962DA28CF484300063DF3 /* TextData.csv in Resources */ = {isa = PBXBuildFile; fileRef = 2A0962D928CF484300063DF3 /* TextData.csv */; };
		2A0D87FF28A540FB00576E56 /* AppDelegate.swift in Sources */ = {isa = PBXBuildFile; fileRef = 2A0D87FE28A540FB00576E56 /* AppDelegate.swift */; };
		2A0D880128A540FB00576E56 /* SceneDelegate.swift in Sources */ = {isa = PBXBuildFile; fileRef = 2A0D880028A540FB00576E56 /* SceneDelegate.swift */; };
		2A0D880328A540FB00576E56 /* SplashVC.swift in Sources */ = {isa = PBXBuildFile; fileRef = 2A0D880228A540FB00576E56 /* SplashVC.swift */; };
		2A0D880628A540FB00576E56 /* Main.storyboard in Resources */ = {isa = PBXBuildFile; fileRef = 2A0D880428A540FB00576E56 /* Main.storyboard */; };
		2A0D880828A540FE00576E56 /* Assets.xcassets in Resources */ = {isa = PBXBuildFile; fileRef = 2A0D880728A540FE00576E56 /* Assets.xcassets */; };
		2A0D881428ABB3A400576E56 /* KOTRA_GOTHIC.ttf in Resources */ = {isa = PBXBuildFile; fileRef = 2A0D881328ABB3A000576E56 /* KOTRA_GOTHIC.ttf */; };
		2A0D881828ABB80900576E56 /* wave.json in Resources */ = {isa = PBXBuildFile; fileRef = 2A0D881728ABB80900576E56 /* wave.json */; };
		2A0D881A28ABB83A00576E56 /* dot.json in Resources */ = {isa = PBXBuildFile; fileRef = 2A0D881928ABB83A00576E56 /* dot.json */; };
		2A40AAB429BDFD4500B259B5 /* Date.swift in Sources */ = {isa = PBXBuildFile; fileRef = 2A40AAB329BDFD4500B259B5 /* Date.swift */; };
		2A40AAB629BE280000B259B5 /* UITextField.swift in Sources */ = {isa = PBXBuildFile; fileRef = 2A40AAB529BE280000B259B5 /* UITextField.swift */; };
		2A40AAB829BE4EE400B259B5 /* DiaryProtocol.swift in Sources */ = {isa = PBXBuildFile; fileRef = 2A40AAB729BE4EE400B259B5 /* DiaryProtocol.swift */; };
		2A4F9302290071C200ECFE88 /* ErrorCase.swift in Sources */ = {isa = PBXBuildFile; fileRef = 2A4F9301290071C200ECFE88 /* ErrorCase.swift */; };
		2A7241C928B019C00040ADE9 /* SettingAlarmCell.swift in Sources */ = {isa = PBXBuildFile; fileRef = 2A7241C828B019C00040ADE9 /* SettingAlarmCell.swift */; };
		2A7241CB28B01EC10040ADE9 /* SettingPWVC.swift in Sources */ = {isa = PBXBuildFile; fileRef = 2A7241CA28B01EC10040ADE9 /* SettingPWVC.swift */; };
		2A7241CD28B26AAD0040ADE9 /* DetailWriteVC.swift in Sources */ = {isa = PBXBuildFile; fileRef = 2A7241CC28B26AAD0040ADE9 /* DetailWriteVC.swift */; };
		2A7241CF28B2A57E0040ADE9 /* ReadVC.swift in Sources */ = {isa = PBXBuildFile; fileRef = 2A7241CE28B2A57E0040ADE9 /* ReadVC.swift */; };
		2A7241D128B2A5950040ADE9 /* DeletePopupVC.swift in Sources */ = {isa = PBXBuildFile; fileRef = 2A7241D028B2A5950040ADE9 /* DeletePopupVC.swift */; };
		2A7241D828B3EDE60040ADE9 /* MainModel.swift in Sources */ = {isa = PBXBuildFile; fileRef = 2A7241D728B3EDE60040ADE9 /* MainModel.swift */; };
		2A72421128B426730040ADE9 /* SettingModel.swift in Sources */ = {isa = PBXBuildFile; fileRef = 2A72421028B426730040ADE9 /* SettingModel.swift */; };
		2A81232628BFB2BD000A250E /* writing.json in Resources */ = {isa = PBXBuildFile; fileRef = 2A81232528BFB2BD000A250E /* writing.json */; };
		2A81232828BFB83B000A250E /* go.json in Resources */ = {isa = PBXBuildFile; fileRef = 2A81232728BFB83B000A250E /* go.json */; };
		2A81232C28BFBDEA000A250E /* plant.json in Resources */ = {isa = PBXBuildFile; fileRef = 2A81232B28BFBDEA000A250E /* plant.json */; };
		2A81233028BFBF4D000A250E /* sun.json in Resources */ = {isa = PBXBuildFile; fileRef = 2A81232F28BFBF4D000A250E /* sun.json */; };
		2A81233228BFFA0C000A250E /* SettingAlarmVC.swift in Sources */ = {isa = PBXBuildFile; fileRef = 2A81233128BFFA0C000A250E /* SettingAlarmVC.swift */; };
		2A81233728C00138000A250E /* AlarmTimeCell.swift in Sources */ = {isa = PBXBuildFile; fileRef = 2A81233628C00138000A250E /* AlarmTimeCell.swift */; };
		2A81233928C0014D000A250E /* AlarmSettingCell.swift in Sources */ = {isa = PBXBuildFile; fileRef = 2A81233828C0014D000A250E /* AlarmSettingCell.swift */; };
		2A81233B28C0067B000A250E /* SettingAlarmDetailVC.swift in Sources */ = {isa = PBXBuildFile; fileRef = 2A81233A28C0067B000A250E /* SettingAlarmDetailVC.swift */; };
		2A81234028C096BC000A250E /* LocalDataStore.swift in Sources */ = {isa = PBXBuildFile; fileRef = 2A81233F28C096BC000A250E /* LocalDataStore.swift */; };
		2A81234228C09CF6000A250E /* LocalDataKeySet.swift in Sources */ = {isa = PBXBuildFile; fileRef = 2A81234128C09CF6000A250E /* LocalDataKeySet.swift */; };
		2A81234A28C2A208000A250E /* DiaryData.xcdatamodeld in Sources */ = {isa = PBXBuildFile; fileRef = 2A81234828C2A208000A250E /* DiaryData.xcdatamodeld */; };
		2A81234C28C4E221000A250E /* DetailDiaryListCell.swift in Sources */ = {isa = PBXBuildFile; fileRef = 2A81234B28C4E221000A250E /* DetailDiaryListCell.swift */; };
		2A81234E28C4E22C000A250E /* SimpleDiaryListCell.swift in Sources */ = {isa = PBXBuildFile; fileRef = 2A81234D28C4E22C000A250E /* SimpleDiaryListCell.swift */; };
		2A81235428C5277D000A250E /* SimpleWriteVC.swift in Sources */ = {isa = PBXBuildFile; fileRef = 2A81235328C5277D000A250E /* SimpleWriteVC.swift */; };
		2A9F350228AC20D5006CCF7C /* FirstStartVC.swift in Sources */ = {isa = PBXBuildFile; fileRef = 2A9F350128AC20D5006CCF7C /* FirstStartVC.swift */; };
		2A9F350428AC20FC006CCF7C /* SecondStartVC.swift in Sources */ = {isa = PBXBuildFile; fileRef = 2A9F350328AC20FC006CCF7C /* SecondStartVC.swift */; };
		2A9F350628AC2109006CCF7C /* ThirdStartVC.swift in Sources */ = {isa = PBXBuildFile; fileRef = 2A9F350528AC2109006CCF7C /* ThirdStartVC.swift */; };
		2A9F350E28AE1C0D006CCF7C /* MainVC.swift in Sources */ = {isa = PBXBuildFile; fileRef = 2A9F350D28AE1C0D006CCF7C /* MainVC.swift */; };
		2A9F351328AE5763006CCF7C /* SettingVC.swift in Sources */ = {isa = PBXBuildFile; fileRef = 2A9F351228AE5763006CCF7C /* SettingVC.swift */; };
		2A9F351528AE63ED006CCF7C /* SettingSwitchCell.swift in Sources */ = {isa = PBXBuildFile; fileRef = 2A9F351428AE63ED006CCF7C /* SettingSwitchCell.swift */; };
		2A9F351728AE63FD006CCF7C /* SettingMoreCell.swift in Sources */ = {isa = PBXBuildFile; fileRef = 2A9F351628AE63FD006CCF7C /* SettingMoreCell.swift */; };
		2A9F351928AE6410006CCF7C /* SettingLabelCell.swift in Sources */ = {isa = PBXBuildFile; fileRef = 2A9F351828AE6410006CCF7C /* SettingLabelCell.swift */; };
		2AA1F63F29A3D22000EDA925 /* Pods-Thanks Diary-acknowledgements.plist in Resources */ = {isa = PBXBuildFile; fileRef = 2AA1F63E29A3D22000EDA925 /* Pods-Thanks Diary-acknowledgements.plist */; };
		2AA8094829C7787E003170C4 /* FirebaseManager.swift in Sources */ = {isa = PBXBuildFile; fileRef = 2AA8094729C7787E003170C4 /* FirebaseManager.swift */; };
		2AA8094A29C7802D003170C4 /* PLoginModel.swift in Sources */ = {isa = PBXBuildFile; fileRef = 2AA8094929C7802D003170C4 /* PLoginModel.swift */; };
		2AA8094C29C78F48003170C4 /* LoginType.swift in Sources */ = {isa = PBXBuildFile; fileRef = 2AA8094B29C78F48003170C4 /* LoginType.swift */; };
		2AA8095029C7973A003170C4 /* ResponseType.swift in Sources */ = {isa = PBXBuildFile; fileRef = 2AA8094F29C7973A003170C4 /* ResponseType.swift */; };
		2AA8095229C797EE003170C4 /* AlertManager.swift in Sources */ = {isa = PBXBuildFile; fileRef = 2AA8095129C797EE003170C4 /* AlertManager.swift */; };
		2AA8095429C79BBE003170C4 /* EmailModel.swift in Sources */ = {isa = PBXBuildFile; fileRef = 2AA8095329C79BBE003170C4 /* EmailModel.swift */; };
		2ABFABEF29C9E7F100273F0D /* DiaryCoreDataManager.swift in Sources */ = {isa = PBXBuildFile; fileRef = 2ABFABEE29C9E7F100273F0D /* DiaryCoreDataManager.swift */; };
		2ABFABF129C9E7FC00273F0D /* DiaryFirebaseManager.swift in Sources */ = {isa = PBXBuildFile; fileRef = 2ABFABF029C9E7FC00273F0D /* DiaryFirebaseManager.swift */; };
		2ABFAC0029CA615800273F0D /* MainTableView.swift in Sources */ = {isa = PBXBuildFile; fileRef = 2ABFABFF29CA615800273F0D /* MainTableView.swift */; };
		2ABFAC0229CA6ECB00273F0D /* MainCalendar.swift in Sources */ = {isa = PBXBuildFile; fileRef = 2ABFAC0129CA6ECB00273F0D /* MainCalendar.swift */; };
		2ABFAC0529CA790E00273F0D /* DetailWriteView.swift in Sources */ = {isa = PBXBuildFile; fileRef = 2ABFAC0429CA790E00273F0D /* DetailWriteView.swift */; };
		2ABFAC0729CA80CB00273F0D /* SimpleWriteView.swift in Sources */ = {isa = PBXBuildFile; fileRef = 2ABFAC0629CA80CB00273F0D /* SimpleWriteView.swift */; };
		2ABFAC0929CA82FE00273F0D /* ReadView.swift in Sources */ = {isa = PBXBuildFile; fileRef = 2ABFAC0829CA82FE00273F0D /* ReadView.swift */; };
		2ABFAC0F29CA890700273F0D /* SettingView.swift in Sources */ = {isa = PBXBuildFile; fileRef = 2ABFAC0E29CA890700273F0D /* SettingView.swift */; };
		2AC2B5F829BB86CD00C4A985 /* UIViewController.swift in Sources */ = {isa = PBXBuildFile; fileRef = 2AC2B5F729BB86CD00C4A985 /* UIViewController.swift */; };
		2AC2B5FA29BB8B1300C4A985 /* PaddingLabel.swift in Sources */ = {isa = PBXBuildFile; fileRef = 2AC2B5F929BB8B1300C4A985 /* PaddingLabel.swift */; };
		2AC2B5FE29BB8DF800C4A985 /* AlarmAuth.swift in Sources */ = {isa = PBXBuildFile; fileRef = 2AC2B5FD29BB8DF800C4A985 /* AlarmAuth.swift */; };
		2AC2B60129BB8EAD00C4A985 /* LottieManager.swift in Sources */ = {isa = PBXBuildFile; fileRef = 2AC2B60029BB8EAD00C4A985 /* LottieManager.swift */; };
		2AC2B60529BBA3E800C4A985 /* DiaryDataEntity.swift in Sources */ = {isa = PBXBuildFile; fileRef = 2AC2B60429BBA3E800C4A985 /* DiaryDataEntity.swift */; };
		2AC2B60729BBAD7300C4A985 /* DiaryType.swift in Sources */ = {isa = PBXBuildFile; fileRef = 2AC2B60629BBAD7300C4A985 /* DiaryType.swift */; };
		2AC2B61329BD177D00C4A985 /* CoredataDiaryEntity.swift in Sources */ = {isa = PBXBuildFile; fileRef = 2AC2B61229BD177D00C4A985 /* CoredataDiaryEntity.swift */; };
		2AC2B61529BD2A5200C4A985 /* String.swift in Sources */ = {isa = PBXBuildFile; fileRef = 2AC2B61429BD2A5200C4A985 /* String.swift */; };
		2AD81F9129CC28B80032829F /* SettingPWView.swift in Sources */ = {isa = PBXBuildFile; fileRef = 2AD81F9029CC28B80032829F /* SettingPWView.swift */; };
		2AD81F9329CC28C50032829F /* SettingUserInfoView.swift in Sources */ = {isa = PBXBuildFile; fileRef = 2AD81F9229CC28C50032829F /* SettingUserInfoView.swift */; };
		2AD81F9529CC3FD00032829F /* EmailSignupVC.swift in Sources */ = {isa = PBXBuildFile; fileRef = 2AD81F9429CC3FD00032829F /* EmailSignupVC.swift */; };
		2AEE20C52950AD3D00A17F5B /* GoogleService-Info.plist in Resources */ = {isa = PBXBuildFile; fileRef = 2AEE20C42950AD3D00A17F5B /* GoogleService-Info.plist */; };
		2AEE20CC2950B12400A17F5B /* LoginVC.swift in Sources */ = {isa = PBXBuildFile; fileRef = 2AEE20CB2950B12400A17F5B /* LoginVC.swift */; };
		2AEE20E129519A9C00A17F5B /* LoginModel.swift in Sources */ = {isa = PBXBuildFile; fileRef = 2AEE20E029519A9C00A17F5B /* LoginModel.swift */; };
		2AFF11792956E52600EC85EA /* SettingUserInfoVC.swift in Sources */ = {isa = PBXBuildFile; fileRef = 2AFF11782956E52600EC85EA /* SettingUserInfoVC.swift */; };
		2AFF117F2957502F00EC85EA /* AppleLogin.swift in Sources */ = {isa = PBXBuildFile; fileRef = 2AFF117E2957502F00EC85EA /* AppleLogin.swift */; };
		2AFF11812957503C00EC85EA /* GoogleLogin.swift in Sources */ = {isa = PBXBuildFile; fileRef = 2AFF11802957503C00EC85EA /* GoogleLogin.swift */; };
		2AFF11832957504500EC85EA /* EmailLogin.swift in Sources */ = {isa = PBXBuildFile; fileRef = 2AFF11822957504500EC85EA /* EmailLogin.swift */; };
		2AFF11852957504C00EC85EA /* KakaoLogin.swift in Sources */ = {isa = PBXBuildFile; fileRef = 2AFF11842957504C00EC85EA /* KakaoLogin.swift */; };
		2AFF118C2958A8B200EC85EA /* EmailLoginErrorList.swift in Sources */ = {isa = PBXBuildFile; fileRef = 2AFF118B2958A8B200EC85EA /* EmailLoginErrorList.swift */; };
		2AFF11902958CD3F00EC85EA /* EmailLoginVC.swift in Sources */ = {isa = PBXBuildFile; fileRef = 2AFF118F2958CD3F00EC85EA /* EmailLoginVC.swift */; };
		ACEFCD4F27BC9557CACB1E3B /* Pods_Thanks_Diary.framework in Frameworks */ = {isa = PBXBuildFile; fileRef = 429B7040896DFDAC458EFC4D /* Pods_Thanks_Diary.framework */; };
/* End PBXBuildFile section */

/* Begin PBXCopyFilesBuildPhase section */
		2A0962D728CF275F00063DF3 /* Embed App Extensions */ = {
			isa = PBXCopyFilesBuildPhase;
			buildActionMask = 2147483647;
			dstPath = "";
			dstSubfolderSpec = 13;
			files = (
			);
			name = "Embed App Extensions";
			runOnlyForDeploymentPostprocessing = 0;
		};
/* End PBXCopyFilesBuildPhase section */

/* Begin PBXFileReference section */
		2A0541DB28D4A84400C04ED8 /* NanumBarunGothicUltraLight.ttf */ = {isa = PBXFileReference; lastKnownFileType = file; path = NanumBarunGothicUltraLight.ttf; sourceTree = "<group>"; };
		2A0962BD28CE2E0C00063DF3 /* AlarmTimeEntity.swift */ = {isa = PBXFileReference; lastKnownFileType = sourcecode.swift; path = AlarmTimeEntity.swift; sourceTree = "<group>"; };
		2A0962C428CF275D00063DF3 /* WidgetKit.framework */ = {isa = PBXFileReference; lastKnownFileType = wrapper.framework; name = WidgetKit.framework; path = System/Library/Frameworks/WidgetKit.framework; sourceTree = SDKROOT; };
		2A0962C628CF275D00063DF3 /* SwiftUI.framework */ = {isa = PBXFileReference; lastKnownFileType = wrapper.framework; name = SwiftUI.framework; path = System/Library/Frameworks/SwiftUI.framework; sourceTree = SDKROOT; };
		2A0962D928CF484300063DF3 /* TextData.csv */ = {isa = PBXFileReference; fileEncoding = 4; lastKnownFileType = text; path = TextData.csv; sourceTree = "<group>"; };
		2A0D87FB28A540FB00576E56 /* Thanks Diary.app */ = {isa = PBXFileReference; explicitFileType = wrapper.application; includeInIndex = 0; path = "Thanks Diary.app"; sourceTree = BUILT_PRODUCTS_DIR; };
		2A0D87FE28A540FB00576E56 /* AppDelegate.swift */ = {isa = PBXFileReference; lastKnownFileType = sourcecode.swift; path = AppDelegate.swift; sourceTree = "<group>"; };
		2A0D880028A540FB00576E56 /* SceneDelegate.swift */ = {isa = PBXFileReference; lastKnownFileType = sourcecode.swift; path = SceneDelegate.swift; sourceTree = "<group>"; };
		2A0D880228A540FB00576E56 /* SplashVC.swift */ = {isa = PBXFileReference; lastKnownFileType = sourcecode.swift; path = SplashVC.swift; sourceTree = "<group>"; };
		2A0D880528A540FB00576E56 /* Base */ = {isa = PBXFileReference; lastKnownFileType = file.storyboard; name = Base; path = Base.lproj/Main.storyboard; sourceTree = "<group>"; };
		2A0D880728A540FE00576E56 /* Assets.xcassets */ = {isa = PBXFileReference; lastKnownFileType = folder.assetcatalog; path = Assets.xcassets; sourceTree = "<group>"; };
		2A0D880C28A540FE00576E56 /* Info.plist */ = {isa = PBXFileReference; lastKnownFileType = text.plist.xml; path = Info.plist; sourceTree = "<group>"; };
		2A0D881328ABB3A000576E56 /* KOTRA_GOTHIC.ttf */ = {isa = PBXFileReference; lastKnownFileType = file; path = KOTRA_GOTHIC.ttf; sourceTree = "<group>"; };
		2A0D881728ABB80900576E56 /* wave.json */ = {isa = PBXFileReference; fileEncoding = 4; lastKnownFileType = text.json; path = wave.json; sourceTree = "<group>"; };
		2A0D881928ABB83A00576E56 /* dot.json */ = {isa = PBXFileReference; fileEncoding = 4; lastKnownFileType = text.json; path = dot.json; sourceTree = "<group>"; };
		2A40AAB329BDFD4500B259B5 /* Date.swift */ = {isa = PBXFileReference; lastKnownFileType = sourcecode.swift; path = Date.swift; sourceTree = "<group>"; };
		2A40AAB529BE280000B259B5 /* UITextField.swift */ = {isa = PBXFileReference; lastKnownFileType = sourcecode.swift; path = UITextField.swift; sourceTree = "<group>"; };
		2A40AAB729BE4EE400B259B5 /* DiaryProtocol.swift */ = {isa = PBXFileReference; lastKnownFileType = sourcecode.swift; path = DiaryProtocol.swift; sourceTree = "<group>"; };
		2A4F9301290071C200ECFE88 /* ErrorCase.swift */ = {isa = PBXFileReference; lastKnownFileType = sourcecode.swift; path = ErrorCase.swift; sourceTree = "<group>"; };
		2A7241C828B019C00040ADE9 /* SettingAlarmCell.swift */ = {isa = PBXFileReference; lastKnownFileType = sourcecode.swift; path = SettingAlarmCell.swift; sourceTree = "<group>"; };
		2A7241CA28B01EC10040ADE9 /* SettingPWVC.swift */ = {isa = PBXFileReference; lastKnownFileType = sourcecode.swift; path = SettingPWVC.swift; sourceTree = "<group>"; };
		2A7241CC28B26AAD0040ADE9 /* DetailWriteVC.swift */ = {isa = PBXFileReference; lastKnownFileType = sourcecode.swift; path = DetailWriteVC.swift; sourceTree = "<group>"; };
		2A7241CE28B2A57E0040ADE9 /* ReadVC.swift */ = {isa = PBXFileReference; lastKnownFileType = sourcecode.swift; path = ReadVC.swift; sourceTree = "<group>"; };
		2A7241D028B2A5950040ADE9 /* DeletePopupVC.swift */ = {isa = PBXFileReference; lastKnownFileType = sourcecode.swift; path = DeletePopupVC.swift; sourceTree = "<group>"; };
		2A7241D728B3EDE60040ADE9 /* MainModel.swift */ = {isa = PBXFileReference; lastKnownFileType = sourcecode.swift; path = MainModel.swift; sourceTree = "<group>"; };
		2A72421028B426730040ADE9 /* SettingModel.swift */ = {isa = PBXFileReference; lastKnownFileType = sourcecode.swift; path = SettingModel.swift; sourceTree = "<group>"; };
		2A81232528BFB2BD000A250E /* writing.json */ = {isa = PBXFileReference; fileEncoding = 4; lastKnownFileType = text.json; path = writing.json; sourceTree = "<group>"; };
		2A81232728BFB83B000A250E /* go.json */ = {isa = PBXFileReference; fileEncoding = 4; lastKnownFileType = text.json; path = go.json; sourceTree = "<group>"; };
		2A81232B28BFBDEA000A250E /* plant.json */ = {isa = PBXFileReference; fileEncoding = 4; lastKnownFileType = text.json; path = plant.json; sourceTree = "<group>"; };
		2A81232F28BFBF4D000A250E /* sun.json */ = {isa = PBXFileReference; fileEncoding = 4; lastKnownFileType = text.json; path = sun.json; sourceTree = "<group>"; };
		2A81233128BFFA0C000A250E /* SettingAlarmVC.swift */ = {isa = PBXFileReference; lastKnownFileType = sourcecode.swift; path = SettingAlarmVC.swift; sourceTree = "<group>"; };
		2A81233628C00138000A250E /* AlarmTimeCell.swift */ = {isa = PBXFileReference; lastKnownFileType = sourcecode.swift; path = AlarmTimeCell.swift; sourceTree = "<group>"; };
		2A81233828C0014D000A250E /* AlarmSettingCell.swift */ = {isa = PBXFileReference; lastKnownFileType = sourcecode.swift; path = AlarmSettingCell.swift; sourceTree = "<group>"; };
		2A81233A28C0067B000A250E /* SettingAlarmDetailVC.swift */ = {isa = PBXFileReference; lastKnownFileType = sourcecode.swift; path = SettingAlarmDetailVC.swift; sourceTree = "<group>"; };
		2A81233F28C096BC000A250E /* LocalDataStore.swift */ = {isa = PBXFileReference; lastKnownFileType = sourcecode.swift; path = LocalDataStore.swift; sourceTree = "<group>"; };
		2A81234128C09CF6000A250E /* LocalDataKeySet.swift */ = {isa = PBXFileReference; lastKnownFileType = sourcecode.swift; path = LocalDataKeySet.swift; sourceTree = "<group>"; };
		2A81234328C0AD47000A250E /* Thanks Diary.entitlements */ = {isa = PBXFileReference; lastKnownFileType = text.plist.entitlements; path = "Thanks Diary.entitlements"; sourceTree = "<group>"; };
		2A81234928C2A208000A250E /* DiaryData.xcdatamodel */ = {isa = PBXFileReference; lastKnownFileType = wrapper.xcdatamodel; path = DiaryData.xcdatamodel; sourceTree = "<group>"; };
		2A81234B28C4E221000A250E /* DetailDiaryListCell.swift */ = {isa = PBXFileReference; lastKnownFileType = sourcecode.swift; path = DetailDiaryListCell.swift; sourceTree = "<group>"; };
		2A81234D28C4E22C000A250E /* SimpleDiaryListCell.swift */ = {isa = PBXFileReference; lastKnownFileType = sourcecode.swift; path = SimpleDiaryListCell.swift; sourceTree = "<group>"; };
		2A81235328C5277D000A250E /* SimpleWriteVC.swift */ = {isa = PBXFileReference; lastKnownFileType = sourcecode.swift; path = SimpleWriteVC.swift; sourceTree = "<group>"; };
		2A9F350128AC20D5006CCF7C /* FirstStartVC.swift */ = {isa = PBXFileReference; lastKnownFileType = sourcecode.swift; path = FirstStartVC.swift; sourceTree = "<group>"; };
		2A9F350328AC20FC006CCF7C /* SecondStartVC.swift */ = {isa = PBXFileReference; lastKnownFileType = sourcecode.swift; path = SecondStartVC.swift; sourceTree = "<group>"; };
		2A9F350528AC2109006CCF7C /* ThirdStartVC.swift */ = {isa = PBXFileReference; lastKnownFileType = sourcecode.swift; path = ThirdStartVC.swift; sourceTree = "<group>"; };
		2A9F350D28AE1C0D006CCF7C /* MainVC.swift */ = {isa = PBXFileReference; lastKnownFileType = sourcecode.swift; path = MainVC.swift; sourceTree = "<group>"; };
		2A9F351228AE5763006CCF7C /* SettingVC.swift */ = {isa = PBXFileReference; lastKnownFileType = sourcecode.swift; path = SettingVC.swift; sourceTree = "<group>"; };
		2A9F351428AE63ED006CCF7C /* SettingSwitchCell.swift */ = {isa = PBXFileReference; lastKnownFileType = sourcecode.swift; path = SettingSwitchCell.swift; sourceTree = "<group>"; };
		2A9F351628AE63FD006CCF7C /* SettingMoreCell.swift */ = {isa = PBXFileReference; lastKnownFileType = sourcecode.swift; path = SettingMoreCell.swift; sourceTree = "<group>"; };
		2A9F351828AE6410006CCF7C /* SettingLabelCell.swift */ = {isa = PBXFileReference; lastKnownFileType = sourcecode.swift; path = SettingLabelCell.swift; sourceTree = "<group>"; };
		2AA1F63E29A3D22000EDA925 /* Pods-Thanks Diary-acknowledgements.plist */ = {isa = PBXFileReference; fileEncoding = 4; lastKnownFileType = text.plist.xml; path = "Pods-Thanks Diary-acknowledgements.plist"; sourceTree = "<group>"; };
		2AA8094729C7787E003170C4 /* FirebaseManager.swift */ = {isa = PBXFileReference; lastKnownFileType = sourcecode.swift; path = FirebaseManager.swift; sourceTree = "<group>"; };
		2AA8094929C7802D003170C4 /* PLoginModel.swift */ = {isa = PBXFileReference; lastKnownFileType = sourcecode.swift; path = PLoginModel.swift; sourceTree = "<group>"; };
		2AA8094B29C78F48003170C4 /* LoginType.swift */ = {isa = PBXFileReference; lastKnownFileType = sourcecode.swift; path = LoginType.swift; sourceTree = "<group>"; };
		2AA8094F29C7973A003170C4 /* ResponseType.swift */ = {isa = PBXFileReference; lastKnownFileType = sourcecode.swift; path = ResponseType.swift; sourceTree = "<group>"; };
		2AA8095129C797EE003170C4 /* AlertManager.swift */ = {isa = PBXFileReference; lastKnownFileType = sourcecode.swift; path = AlertManager.swift; sourceTree = "<group>"; };
		2AA8095329C79BBE003170C4 /* EmailModel.swift */ = {isa = PBXFileReference; lastKnownFileType = sourcecode.swift; path = EmailModel.swift; sourceTree = "<group>"; };
		2ABFABEE29C9E7F100273F0D /* DiaryCoreDataManager.swift */ = {isa = PBXFileReference; lastKnownFileType = sourcecode.swift; path = DiaryCoreDataManager.swift; sourceTree = "<group>"; };
		2ABFABF029C9E7FC00273F0D /* DiaryFirebaseManager.swift */ = {isa = PBXFileReference; lastKnownFileType = sourcecode.swift; path = DiaryFirebaseManager.swift; sourceTree = "<group>"; };
		2ABFABFF29CA615800273F0D /* MainTableView.swift */ = {isa = PBXFileReference; lastKnownFileType = sourcecode.swift; path = MainTableView.swift; sourceTree = "<group>"; };
		2ABFAC0129CA6ECB00273F0D /* MainCalendar.swift */ = {isa = PBXFileReference; lastKnownFileType = sourcecode.swift; path = MainCalendar.swift; sourceTree = "<group>"; };
		2ABFAC0429CA790E00273F0D /* DetailWriteView.swift */ = {isa = PBXFileReference; lastKnownFileType = sourcecode.swift; path = DetailWriteView.swift; sourceTree = "<group>"; };
		2ABFAC0629CA80CB00273F0D /* SimpleWriteView.swift */ = {isa = PBXFileReference; lastKnownFileType = sourcecode.swift; path = SimpleWriteView.swift; sourceTree = "<group>"; };
		2ABFAC0829CA82FE00273F0D /* ReadView.swift */ = {isa = PBXFileReference; lastKnownFileType = sourcecode.swift; path = ReadView.swift; sourceTree = "<group>"; };
		2ABFAC0E29CA890700273F0D /* SettingView.swift */ = {isa = PBXFileReference; lastKnownFileType = sourcecode.swift; path = SettingView.swift; sourceTree = "<group>"; };
		2AC2B5F729BB86CD00C4A985 /* UIViewController.swift */ = {isa = PBXFileReference; lastKnownFileType = sourcecode.swift; path = UIViewController.swift; sourceTree = "<group>"; };
		2AC2B5F929BB8B1300C4A985 /* PaddingLabel.swift */ = {isa = PBXFileReference; lastKnownFileType = sourcecode.swift; path = PaddingLabel.swift; sourceTree = "<group>"; };
		2AC2B5FD29BB8DF800C4A985 /* AlarmAuth.swift */ = {isa = PBXFileReference; lastKnownFileType = sourcecode.swift; path = AlarmAuth.swift; sourceTree = "<group>"; };
		2AC2B60029BB8EAD00C4A985 /* LottieManager.swift */ = {isa = PBXFileReference; lastKnownFileType = sourcecode.swift; path = LottieManager.swift; sourceTree = "<group>"; };
		2AC2B60429BBA3E800C4A985 /* DiaryDataEntity.swift */ = {isa = PBXFileReference; lastKnownFileType = sourcecode.swift; path = DiaryDataEntity.swift; sourceTree = "<group>"; };
		2AC2B60629BBAD7300C4A985 /* DiaryType.swift */ = {isa = PBXFileReference; lastKnownFileType = sourcecode.swift; path = DiaryType.swift; sourceTree = "<group>"; };
		2AC2B61229BD177D00C4A985 /* CoredataDiaryEntity.swift */ = {isa = PBXFileReference; lastKnownFileType = sourcecode.swift; path = CoredataDiaryEntity.swift; sourceTree = "<group>"; };
		2AC2B61429BD2A5200C4A985 /* String.swift */ = {isa = PBXFileReference; lastKnownFileType = sourcecode.swift; path = String.swift; sourceTree = "<group>"; };
		2AD81F9029CC28B80032829F /* SettingPWView.swift */ = {isa = PBXFileReference; lastKnownFileType = sourcecode.swift; path = SettingPWView.swift; sourceTree = "<group>"; };
		2AD81F9229CC28C50032829F /* SettingUserInfoView.swift */ = {isa = PBXFileReference; lastKnownFileType = sourcecode.swift; path = SettingUserInfoView.swift; sourceTree = "<group>"; };
		2AD81F9429CC3FD00032829F /* EmailSignupVC.swift */ = {isa = PBXFileReference; lastKnownFileType = sourcecode.swift; path = EmailSignupVC.swift; sourceTree = "<group>"; };
		2AEE20C42950AD3D00A17F5B /* GoogleService-Info.plist */ = {isa = PBXFileReference; fileEncoding = 4; lastKnownFileType = text.plist.xml; path = "GoogleService-Info.plist"; sourceTree = "<group>"; };
		2AEE20CB2950B12400A17F5B /* LoginVC.swift */ = {isa = PBXFileReference; lastKnownFileType = sourcecode.swift; path = LoginVC.swift; sourceTree = "<group>"; };
		2AEE20D42950E76400A17F5B /* ko */ = {isa = PBXFileReference; lastKnownFileType = text.plist.strings; name = ko; path = ko.lproj/Main.strings; sourceTree = "<group>"; };
		2AEE20E029519A9C00A17F5B /* LoginModel.swift */ = {isa = PBXFileReference; lastKnownFileType = sourcecode.swift; path = LoginModel.swift; sourceTree = "<group>"; };
		2AFF11782956E52600EC85EA /* SettingUserInfoVC.swift */ = {isa = PBXFileReference; lastKnownFileType = sourcecode.swift; path = SettingUserInfoVC.swift; sourceTree = "<group>"; };
		2AFF117E2957502F00EC85EA /* AppleLogin.swift */ = {isa = PBXFileReference; lastKnownFileType = sourcecode.swift; path = AppleLogin.swift; sourceTree = "<group>"; };
		2AFF11802957503C00EC85EA /* GoogleLogin.swift */ = {isa = PBXFileReference; lastKnownFileType = sourcecode.swift; path = GoogleLogin.swift; sourceTree = "<group>"; };
		2AFF11822957504500EC85EA /* EmailLogin.swift */ = {isa = PBXFileReference; lastKnownFileType = sourcecode.swift; path = EmailLogin.swift; sourceTree = "<group>"; };
		2AFF11842957504C00EC85EA /* KakaoLogin.swift */ = {isa = PBXFileReference; lastKnownFileType = sourcecode.swift; path = KakaoLogin.swift; sourceTree = "<group>"; };
		2AFF118B2958A8B200EC85EA /* EmailLoginErrorList.swift */ = {isa = PBXFileReference; lastKnownFileType = sourcecode.swift; path = EmailLoginErrorList.swift; sourceTree = "<group>"; };
		2AFF118F2958CD3F00EC85EA /* EmailLoginVC.swift */ = {isa = PBXFileReference; lastKnownFileType = sourcecode.swift; path = EmailLoginVC.swift; sourceTree = "<group>"; };
		429B7040896DFDAC458EFC4D /* Pods_Thanks_Diary.framework */ = {isa = PBXFileReference; explicitFileType = wrapper.framework; includeInIndex = 0; path = Pods_Thanks_Diary.framework; sourceTree = BUILT_PRODUCTS_DIR; };
		AFFB6B127945F0159B1A30E4 /* Pods-Thanks Diary.debug.xcconfig */ = {isa = PBXFileReference; includeInIndex = 1; lastKnownFileType = text.xcconfig; name = "Pods-Thanks Diary.debug.xcconfig"; path = "Target Support Files/Pods-Thanks Diary/Pods-Thanks Diary.debug.xcconfig"; sourceTree = "<group>"; };
		DEA50272BCD4BD5CA6312F82 /* Pods-Thanks Diary.release.xcconfig */ = {isa = PBXFileReference; includeInIndex = 1; lastKnownFileType = text.xcconfig; name = "Pods-Thanks Diary.release.xcconfig"; path = "Target Support Files/Pods-Thanks Diary/Pods-Thanks Diary.release.xcconfig"; sourceTree = "<group>"; };
/* End PBXFileReference section */

/* Begin PBXFrameworksBuildPhase section */
		2A0D87F828A540FB00576E56 /* Frameworks */ = {
			isa = PBXFrameworksBuildPhase;
			buildActionMask = 2147483647;
			files = (
				ACEFCD4F27BC9557CACB1E3B /* Pods_Thanks_Diary.framework in Frameworks */,
			);
			runOnlyForDeploymentPostprocessing = 0;
		};
/* End PBXFrameworksBuildPhase section */

/* Begin PBXGroup section */
		097BDEFB190D1496A285C00F /* Pods */ = {
			isa = PBXGroup;
			children = (
				AFFB6B127945F0159B1A30E4 /* Pods-Thanks Diary.debug.xcconfig */,
				DEA50272BCD4BD5CA6312F82 /* Pods-Thanks Diary.release.xcconfig */,
			);
			path = Pods;
			sourceTree = "<group>";
		};
		2A0962D828CF443E00063DF3 /* Data */ = {
			isa = PBXGroup;
			children = (
				2A0962D928CF484300063DF3 /* TextData.csv */,
			);
			path = Data;
			sourceTree = "<group>";
		};
		2A0D87F228A540FB00576E56 = {
			isa = PBXGroup;
			children = (
				2AA1F63E29A3D22000EDA925 /* Pods-Thanks Diary-acknowledgements.plist */,
				2A0D87FD28A540FB00576E56 /* Thanks Diary */,
				2A0D87FC28A540FB00576E56 /* Products */,
				097BDEFB190D1496A285C00F /* Pods */,
				2DF9047C7ACFF111227AF94E /* Frameworks */,
			);
			sourceTree = "<group>";
		};
		2A0D87FC28A540FB00576E56 /* Products */ = {
			isa = PBXGroup;
			children = (
				2A0D87FB28A540FB00576E56 /* Thanks Diary.app */,
			);
			name = Products;
			sourceTree = "<group>";
		};
		2A0D87FD28A540FB00576E56 /* Thanks Diary */ = {
			isa = PBXGroup;
			children = (
				2A81234328C0AD47000A250E /* Thanks Diary.entitlements */,
				2A81233D28C095B7000A250E /* Util */,
				2A9F34F728ABC27D006CCF7C /* Splash */,
				2AFF117A29574FF800EC85EA /* Login */,
				2A9F34F828ABC28A006CCF7C /* Start */,
				2A9F34F928AC10D3006CCF7C /* Main */,
				2A9F34FA28AC10DE006CCF7C /* Setting */,
				2A0D881528ABB6D900576E56 /* Style */,
				2A0962D828CF443E00063DF3 /* Data */,
				2A0D87FE28A540FB00576E56 /* AppDelegate.swift */,
				2A0D880028A540FB00576E56 /* SceneDelegate.swift */,
				2A0D880428A540FB00576E56 /* Main.storyboard */,
				2A81234828C2A208000A250E /* DiaryData.xcdatamodeld */,
				2A0D880C28A540FE00576E56 /* Info.plist */,
				2AEE20C42950AD3D00A17F5B /* GoogleService-Info.plist */,
			);
			path = "Thanks Diary";
			sourceTree = "<group>";
		};
		2A0D881228ABB38900576E56 /* Font */ = {
			isa = PBXGroup;
			children = (
				2A0541DB28D4A84400C04ED8 /* NanumBarunGothicUltraLight.ttf */,
				2A0D881328ABB3A000576E56 /* KOTRA_GOTHIC.ttf */,
			);
			path = Font;
			sourceTree = "<group>";
		};
		2A0D881528ABB6D900576E56 /* Style */ = {
			isa = PBXGroup;
			children = (
				2ABFABEC29C9E68300273F0D /* Assets */,
				2A0D881628ABB6E700576E56 /* Lottie */,
				2A0D881228ABB38900576E56 /* Font */,
			);
			path = Style;
			sourceTree = "<group>";
		};
		2A0D881628ABB6E700576E56 /* Lottie */ = {
			isa = PBXGroup;
			children = (
				2A81232B28BFBDEA000A250E /* plant.json */,
				2A0D881728ABB80900576E56 /* wave.json */,
				2A0D881928ABB83A00576E56 /* dot.json */,
				2A81232528BFB2BD000A250E /* writing.json */,
				2A81232F28BFBF4D000A250E /* sun.json */,
				2A81232728BFB83B000A250E /* go.json */,
			);
			path = Lottie;
			sourceTree = "<group>";
		};
		2A40AAB929BE4FC000B259B5 /* Enum */ = {
			isa = PBXGroup;
			children = (
				2AA8094B29C78F48003170C4 /* LoginType.swift */,
				2AC2B60629BBAD7300C4A985 /* DiaryType.swift */,
				2AA8094F29C7973A003170C4 /* ResponseType.swift */,
			);
			path = Enum;
			sourceTree = "<group>";
		};
		2A40AABA29BE511C00B259B5 /* Etc */ = {
			isa = PBXGroup;
			children = (
				2AC2B5F929BB8B1300C4A985 /* PaddingLabel.swift */,
			);
			path = Etc;
			sourceTree = "<group>";
		};
		2A81233328C000CD000A250E /* Alarm */ = {
			isa = PBXGroup;
			children = (
				2A81233128BFFA0C000A250E /* SettingAlarmVC.swift */,
				2A81233A28C0067B000A250E /* SettingAlarmDetailVC.swift */,
				2A81234728C0B72C000A250E /* Cell */,
				2A0962BD28CE2E0C00063DF3 /* AlarmTimeEntity.swift */,
			);
			path = Alarm;
			sourceTree = "<group>";
		};
		2A81233D28C095B7000A250E /* Util */ = {
			isa = PBXGroup;
			children = (
				2AA8094D29C79330003170C4 /* Manager */,
				2A40AABA29BE511C00B259B5 /* Etc */,
				2A40AAB929BE4FC000B259B5 /* Enum */,
				2AC2B5FC29BB8DE100C4A985 /* Auth */,
				2AC2B5FB29BB8D8C00C4A985 /* Error */,
				2AC2B5F629BB86BD00C4A985 /* Extension */,
				2A81233E28C09660000A250E /* LocalData */,
			);
			path = Util;
			sourceTree = "<group>";
		};
		2A81233E28C09660000A250E /* LocalData */ = {
			isa = PBXGroup;
			children = (
				2A81233F28C096BC000A250E /* LocalDataStore.swift */,
				2A81234128C09CF6000A250E /* LocalDataKeySet.swift */,
			);
			path = LocalData;
			sourceTree = "<group>";
		};
		2A81234628C0B716000A250E /* Cell */ = {
			isa = PBXGroup;
			children = (
				2A9F351428AE63ED006CCF7C /* SettingSwitchCell.swift */,
				2A9F351628AE63FD006CCF7C /* SettingMoreCell.swift */,
				2A9F351828AE6410006CCF7C /* SettingLabelCell.swift */,
				2A7241C828B019C00040ADE9 /* SettingAlarmCell.swift */,
			);
			path = Cell;
			sourceTree = "<group>";
		};
		2A81234728C0B72C000A250E /* Cell */ = {
			isa = PBXGroup;
			children = (
				2A81233828C0014D000A250E /* AlarmSettingCell.swift */,
				2A81233628C00138000A250E /* AlarmTimeCell.swift */,
			);
			path = Cell;
			sourceTree = "<group>";
		};
		2A81235628C53143000A250E /* Cell */ = {
			isa = PBXGroup;
			children = (
				2A81234B28C4E221000A250E /* DetailDiaryListCell.swift */,
				2A81234D28C4E22C000A250E /* SimpleDiaryListCell.swift */,
			);
			path = Cell;
			sourceTree = "<group>";
		};
		2A9F34F728ABC27D006CCF7C /* Splash */ = {
			isa = PBXGroup;
			children = (
				2A0D880228A540FB00576E56 /* SplashVC.swift */,
			);
			path = Splash;
			sourceTree = "<group>";
		};
		2A9F34F828ABC28A006CCF7C /* Start */ = {
			isa = PBXGroup;
			children = (
				2A9F350128AC20D5006CCF7C /* FirstStartVC.swift */,
				2A9F350328AC20FC006CCF7C /* SecondStartVC.swift */,
				2A9F350528AC2109006CCF7C /* ThirdStartVC.swift */,
			);
			path = Start;
			sourceTree = "<group>";
		};
		2A9F34F928AC10D3006CCF7C /* Main */ = {
			isa = PBXGroup;
			children = (
				2A9F350C28AE1BF9006CCF7C /* Model */,
				2ABFAC0329CA764600273F0D /* View */,
				2ABFABF229C9E97700273F0D /* Controller */,
				2ABFABF329C9E99E00273F0D /* Protocol */,
			);
			path = Main;
			sourceTree = "<group>";
		};
		2A9F34FA28AC10DE006CCF7C /* Setting */ = {
			isa = PBXGroup;
			children = (
				2A9F351128AE5752006CCF7C /* Model */,
				2A9F351028AE574D006CCF7C /* View */,
				2ABFAC0D29CA888000273F0D /* Controller */,
			);
			path = Setting;
			sourceTree = "<group>";
		};
		2A9F350C28AE1BF9006CCF7C /* Model */ = {
			isa = PBXGroup;
			children = (
				2AC2B60329BB979200C4A985 /* Entity */,
				2A7241D728B3EDE60040ADE9 /* MainModel.swift */,
				2ABFABEE29C9E7F100273F0D /* DiaryCoreDataManager.swift */,
				2ABFABF029C9E7FC00273F0D /* DiaryFirebaseManager.swift */,
			);
			path = Model;
			sourceTree = "<group>";
		};
		2A9F351028AE574D006CCF7C /* View */ = {
			isa = PBXGroup;
			children = (
				2ABFAC0E29CA890700273F0D /* SettingView.swift */,
				2AD81F9029CC28B80032829F /* SettingPWView.swift */,
				2AD81F9229CC28C50032829F /* SettingUserInfoView.swift */,
			);
			path = View;
			sourceTree = "<group>";
		};
		2A9F351128AE5752006CCF7C /* Model */ = {
			isa = PBXGroup;
			children = (
				2A72421028B426730040ADE9 /* SettingModel.swift */,
			);
			path = Model;
			sourceTree = "<group>";
		};
		2AA8094429C6ECDD003170C4 /* Controller */ = {
			isa = PBXGroup;
			children = (
				2AEE20CB2950B12400A17F5B /* LoginVC.swift */,
				2AFF118F2958CD3F00EC85EA /* EmailLoginVC.swift */,
				2AD81F9429CC3FD00032829F /* EmailSignupVC.swift */,
			);
			path = Controller;
			sourceTree = "<group>";
		};
		2AA8094D29C79330003170C4 /* Manager */ = {
			isa = PBXGroup;
			children = (
				2AA8094729C7787E003170C4 /* FirebaseManager.swift */,
				2AC2B60029BB8EAD00C4A985 /* LottieManager.swift */,
				2AA8095129C797EE003170C4 /* AlertManager.swift */,
			);
			path = Manager;
			sourceTree = "<group>";
		};
		2AA8094E29C79351003170C4 /* Protocol */ = {
			isa = PBXGroup;
			children = (
				2AA8094929C7802D003170C4 /* PLoginModel.swift */,
			);
			path = Protocol;
			sourceTree = "<group>";
		};
		2ABFABEC29C9E68300273F0D /* Assets */ = {
			isa = PBXGroup;
			children = (
				2A0D880728A540FE00576E56 /* Assets.xcassets */,
			);
			path = Assets;
			sourceTree = "<group>";
		};
		2ABFABF229C9E97700273F0D /* Controller */ = {
			isa = PBXGroup;
			children = (
				2A81235628C53143000A250E /* Cell */,
				2A9F350D28AE1C0D006CCF7C /* MainVC.swift */,
				2A7241CC28B26AAD0040ADE9 /* DetailWriteVC.swift */,
				2A81235328C5277D000A250E /* SimpleWriteVC.swift */,
				2A7241CE28B2A57E0040ADE9 /* ReadVC.swift */,
				2A7241D028B2A5950040ADE9 /* DeletePopupVC.swift */,
			);
			path = Controller;
			sourceTree = "<group>";
		};
		2ABFABF329C9E99E00273F0D /* Protocol */ = {
			isa = PBXGroup;
			children = (
				2A40AAB729BE4EE400B259B5 /* DiaryProtocol.swift */,
			);
			path = Protocol;
			sourceTree = "<group>";
		};
		2ABFAC0329CA764600273F0D /* View */ = {
			isa = PBXGroup;
			children = (
				2ABFABFF29CA615800273F0D /* MainTableView.swift */,
				2ABFAC0129CA6ECB00273F0D /* MainCalendar.swift */,
				2ABFAC0429CA790E00273F0D /* DetailWriteView.swift */,
				2ABFAC0629CA80CB00273F0D /* SimpleWriteView.swift */,
				2ABFAC0829CA82FE00273F0D /* ReadView.swift */,
			);
			path = View;
			sourceTree = "<group>";
		};
		2ABFAC0D29CA888000273F0D /* Controller */ = {
			isa = PBXGroup;
			children = (
				2A9F351228AE5763006CCF7C /* SettingVC.swift */,
				2A7241CA28B01EC10040ADE9 /* SettingPWVC.swift */,
				2AFF11782956E52600EC85EA /* SettingUserInfoVC.swift */,
				2A81234628C0B716000A250E /* Cell */,
				2A81233328C000CD000A250E /* Alarm */,
			);
			path = Controller;
			sourceTree = "<group>";
		};
		2AC2B5F629BB86BD00C4A985 /* Extension */ = {
			isa = PBXGroup;
			children = (
				2AC2B5F729BB86CD00C4A985 /* UIViewController.swift */,
				2AC2B61429BD2A5200C4A985 /* String.swift */,
				2A40AAB329BDFD4500B259B5 /* Date.swift */,
				2A40AAB529BE280000B259B5 /* UITextField.swift */,
			);
			path = Extension;
			sourceTree = "<group>";
		};
		2AC2B5FB29BB8D8C00C4A985 /* Error */ = {
			isa = PBXGroup;
			children = (
				2A4F9301290071C200ECFE88 /* ErrorCase.swift */,
				2AFF118B2958A8B200EC85EA /* EmailLoginErrorList.swift */,
			);
			path = Error;
			sourceTree = "<group>";
		};
		2AC2B5FC29BB8DE100C4A985 /* Auth */ = {
			isa = PBXGroup;
			children = (
				2AC2B5FD29BB8DF800C4A985 /* AlarmAuth.swift */,
			);
			path = Auth;
			sourceTree = "<group>";
		};
		2AC2B60329BB979200C4A985 /* Entity */ = {
			isa = PBXGroup;
			children = (
				2AC2B60429BBA3E800C4A985 /* DiaryDataEntity.swift */,
				2AC2B61229BD177D00C4A985 /* CoredataDiaryEntity.swift */,
			);
			path = Entity;
			sourceTree = "<group>";
		};
		2AFF117A29574FF800EC85EA /* Login */ = {
			isa = PBXGroup;
			children = (
				2AA8094429C6ECDD003170C4 /* Controller */,
				2AFF117C2957500400EC85EA /* Model */,
				2AA8094E29C79351003170C4 /* Protocol */,
			);
			path = Login;
			sourceTree = "<group>";
		};
		2AFF117C2957500400EC85EA /* Model */ = {
			isa = PBXGroup;
			children = (
				2AFF11862957505200EC85EA /* SocialLogin */,
				2AEE20E029519A9C00A17F5B /* LoginModel.swift */,
				2AA8095329C79BBE003170C4 /* EmailModel.swift */,
			);
			path = Model;
			sourceTree = "<group>";
		};
		2AFF11862957505200EC85EA /* SocialLogin */ = {
			isa = PBXGroup;
			children = (
				2AFF117E2957502F00EC85EA /* AppleLogin.swift */,
				2AFF11802957503C00EC85EA /* GoogleLogin.swift */,
				2AFF11822957504500EC85EA /* EmailLogin.swift */,
				2AFF11842957504C00EC85EA /* KakaoLogin.swift */,
			);
			path = SocialLogin;
			sourceTree = "<group>";
		};
		2DF9047C7ACFF111227AF94E /* Frameworks */ = {
			isa = PBXGroup;
			children = (
				429B7040896DFDAC458EFC4D /* Pods_Thanks_Diary.framework */,
				2A0962C428CF275D00063DF3 /* WidgetKit.framework */,
				2A0962C628CF275D00063DF3 /* SwiftUI.framework */,
			);
			name = Frameworks;
			sourceTree = "<group>";
		};
/* End PBXGroup section */

/* Begin PBXNativeTarget section */
		2A0D87FA28A540FB00576E56 /* Thanks Diary */ = {
			isa = PBXNativeTarget;
			buildConfigurationList = 2A0D880F28A540FE00576E56 /* Build configuration list for PBXNativeTarget "Thanks Diary" */;
			buildPhases = (
				E387B386A2CD6266A217C430 /* [CP] Check Pods Manifest.lock */,
				2A0D87F728A540FB00576E56 /* Sources */,
				2A0D87F828A540FB00576E56 /* Frameworks */,
				2A0D87F928A540FB00576E56 /* Resources */,
				EC4AA72DE5D3E95A351FE85E /* [CP] Embed Pods Frameworks */,
				2A0962D728CF275F00063DF3 /* Embed App Extensions */,
				39C61FA43E2C4ECAB073B584 /* [CP] Copy Pods Resources */,
			);
			buildRules = (
			);
			dependencies = (
			);
			name = "Thanks Diary";
			productName = "Thanks Diary";
			productReference = 2A0D87FB28A540FB00576E56 /* Thanks Diary.app */;
			productType = "com.apple.product-type.application";
		};
/* End PBXNativeTarget section */

/* Begin PBXProject section */
		2A0D87F328A540FB00576E56 /* Project object */ = {
			isa = PBXProject;
			attributes = {
				BuildIndependentTargetsInParallel = 1;
				LastSwiftUpdateCheck = 1330;
				LastUpgradeCheck = 1330;
				TargetAttributes = {
					2A0D87FA28A540FB00576E56 = {
						CreatedOnToolsVersion = 13.3;
					};
				};
			};
			buildConfigurationList = 2A0D87F628A540FB00576E56 /* Build configuration list for PBXProject "Thanks Diary" */;
			compatibilityVersion = "Xcode 13.0";
			developmentRegion = ko;
			hasScannedForEncodings = 0;
			knownRegions = (
				ko,
				Base,
			);
			mainGroup = 2A0D87F228A540FB00576E56;
			packageReferences = (
				2A9F34FB28AC1233006CCF7C /* XCRemoteSwiftPackageReference "lottie-ios" */,
			);
			productRefGroup = 2A0D87FC28A540FB00576E56 /* Products */;
			projectDirPath = "";
			projectRoot = "";
			targets = (
				2A0D87FA28A540FB00576E56 /* Thanks Diary */,
			);
		};
/* End PBXProject section */

/* Begin PBXResourcesBuildPhase section */
		2A0D87F928A540FB00576E56 /* Resources */ = {
			isa = PBXResourcesBuildPhase;
			buildActionMask = 2147483647;
			files = (
				2A81232C28BFBDEA000A250E /* plant.json in Resources */,
				2A0D880828A540FE00576E56 /* Assets.xcassets in Resources */,
				2A81232628BFB2BD000A250E /* writing.json in Resources */,
				2A0D881428ABB3A400576E56 /* KOTRA_GOTHIC.ttf in Resources */,
				2A0962DA28CF484300063DF3 /* TextData.csv in Resources */,
				2A0541DC28D4A84800C04ED8 /* NanumBarunGothicUltraLight.ttf in Resources */,
				2A81232828BFB83B000A250E /* go.json in Resources */,
				2A0D881828ABB80900576E56 /* wave.json in Resources */,
				2A0D880628A540FB00576E56 /* Main.storyboard in Resources */,
				2A81233028BFBF4D000A250E /* sun.json in Resources */,
				2A0D881A28ABB83A00576E56 /* dot.json in Resources */,
				2AEE20C52950AD3D00A17F5B /* GoogleService-Info.plist in Resources */,
				2AA1F63F29A3D22000EDA925 /* Pods-Thanks Diary-acknowledgements.plist in Resources */,
			);
			runOnlyForDeploymentPostprocessing = 0;
		};
/* End PBXResourcesBuildPhase section */

/* Begin PBXShellScriptBuildPhase section */
		39C61FA43E2C4ECAB073B584 /* [CP] Copy Pods Resources */ = {
			isa = PBXShellScriptBuildPhase;
			buildActionMask = 2147483647;
			files = (
			);
			inputFileListPaths = (
				"${PODS_ROOT}/Target Support Files/Pods-Thanks Diary/Pods-Thanks Diary-resources-${CONFIGURATION}-input-files.xcfilelist",
			);
			name = "[CP] Copy Pods Resources";
			outputFileListPaths = (
				"${PODS_ROOT}/Target Support Files/Pods-Thanks Diary/Pods-Thanks Diary-resources-${CONFIGURATION}-output-files.xcfilelist",
			);
			runOnlyForDeploymentPostprocessing = 0;
			shellPath = /bin/sh;
			shellScript = "\"${PODS_ROOT}/Target Support Files/Pods-Thanks Diary/Pods-Thanks Diary-resources.sh\"\n";
			showEnvVarsInLog = 0;
		};
		E387B386A2CD6266A217C430 /* [CP] Check Pods Manifest.lock */ = {
			isa = PBXShellScriptBuildPhase;
			buildActionMask = 2147483647;
			files = (
			);
			inputFileListPaths = (
			);
			inputPaths = (
				"${PODS_PODFILE_DIR_PATH}/Podfile.lock",
				"${PODS_ROOT}/Manifest.lock",
			);
			name = "[CP] Check Pods Manifest.lock";
			outputFileListPaths = (
			);
			outputPaths = (
				"$(DERIVED_FILE_DIR)/Pods-Thanks Diary-checkManifestLockResult.txt",
			);
			runOnlyForDeploymentPostprocessing = 0;
			shellPath = /bin/sh;
			shellScript = "diff \"${PODS_PODFILE_DIR_PATH}/Podfile.lock\" \"${PODS_ROOT}/Manifest.lock\" > /dev/null\nif [ $? != 0 ] ; then\n    # print error to STDERR\n    echo \"error: The sandbox is not in sync with the Podfile.lock. Run 'pod install' or update your CocoaPods installation.\" >&2\n    exit 1\nfi\n# This output is used by Xcode 'outputs' to avoid re-running this script phase.\necho \"SUCCESS\" > \"${SCRIPT_OUTPUT_FILE_0}\"\n";
			showEnvVarsInLog = 0;
		};
		EC4AA72DE5D3E95A351FE85E /* [CP] Embed Pods Frameworks */ = {
			isa = PBXShellScriptBuildPhase;
			buildActionMask = 2147483647;
			files = (
			);
			inputFileListPaths = (
				"${PODS_ROOT}/Target Support Files/Pods-Thanks Diary/Pods-Thanks Diary-frameworks-${CONFIGURATION}-input-files.xcfilelist",
			);
			name = "[CP] Embed Pods Frameworks";
			outputFileListPaths = (
				"${PODS_ROOT}/Target Support Files/Pods-Thanks Diary/Pods-Thanks Diary-frameworks-${CONFIGURATION}-output-files.xcfilelist",
			);
			runOnlyForDeploymentPostprocessing = 0;
			shellPath = /bin/sh;
			shellScript = "\"${PODS_ROOT}/Target Support Files/Pods-Thanks Diary/Pods-Thanks Diary-frameworks.sh\"\n";
			showEnvVarsInLog = 0;
		};
/* End PBXShellScriptBuildPhase section */

/* Begin PBXSourcesBuildPhase section */
		2A0D87F728A540FB00576E56 /* Sources */ = {
			isa = PBXSourcesBuildPhase;
			buildActionMask = 2147483647;
			files = (
				2ABFAC0929CA82FE00273F0D /* ReadView.swift in Sources */,
				2A81234228C09CF6000A250E /* LocalDataKeySet.swift in Sources */,
				2A7241CB28B01EC10040ADE9 /* SettingPWVC.swift in Sources */,
				2A9F350228AC20D5006CCF7C /* FirstStartVC.swift in Sources */,
				2A7241C928B019C00040ADE9 /* SettingAlarmCell.swift in Sources */,
				2A9F351328AE5763006CCF7C /* SettingVC.swift in Sources */,
				2AFF118C2958A8B200EC85EA /* EmailLoginErrorList.swift in Sources */,
				2A9F351528AE63ED006CCF7C /* SettingSwitchCell.swift in Sources */,
				2AFF11832957504500EC85EA /* EmailLogin.swift in Sources */,
				2A81234028C096BC000A250E /* LocalDataStore.swift in Sources */,
				2AA8095429C79BBE003170C4 /* EmailModel.swift in Sources */,
				2AEE20E129519A9C00A17F5B /* LoginModel.swift in Sources */,
				2A4F9302290071C200ECFE88 /* ErrorCase.swift in Sources */,
				2AFF11852957504C00EC85EA /* KakaoLogin.swift in Sources */,
				2AC2B61529BD2A5200C4A985 /* String.swift in Sources */,
				2AA8095029C7973A003170C4 /* ResponseType.swift in Sources */,
				2A7241CD28B26AAD0040ADE9 /* DetailWriteVC.swift in Sources */,
				2A72421128B426730040ADE9 /* SettingModel.swift in Sources */,
				2AD81F9529CC3FD00032829F /* EmailSignupVC.swift in Sources */,
				2A7241D828B3EDE60040ADE9 /* MainModel.swift in Sources */,
				2AD81F9129CC28B80032829F /* SettingPWView.swift in Sources */,
				2A81234E28C4E22C000A250E /* SimpleDiaryListCell.swift in Sources */,
				2ABFAC0F29CA890700273F0D /* SettingView.swift in Sources */,
				2A9F351728AE63FD006CCF7C /* SettingMoreCell.swift in Sources */,
				2ABFAC0529CA790E00273F0D /* DetailWriteView.swift in Sources */,
				2A40AAB429BDFD4500B259B5 /* Date.swift in Sources */,
				2AA8094C29C78F48003170C4 /* LoginType.swift in Sources */,
				2A0962BE28CE2E0C00063DF3 /* AlarmTimeEntity.swift in Sources */,
				2A81233B28C0067B000A250E /* SettingAlarmDetailVC.swift in Sources */,
				2A81234A28C2A208000A250E /* DiaryData.xcdatamodeld in Sources */,
				2A9F350628AC2109006CCF7C /* ThirdStartVC.swift in Sources */,
				2AC2B61329BD177D00C4A985 /* CoredataDiaryEntity.swift in Sources */,
				2A81233728C00138000A250E /* AlarmTimeCell.swift in Sources */,
				2A40AAB629BE280000B259B5 /* UITextField.swift in Sources */,
				2A0D880328A540FB00576E56 /* SplashVC.swift in Sources */,
				2A9F350428AC20FC006CCF7C /* SecondStartVC.swift in Sources */,
				2ABFAC0029CA615800273F0D /* MainTableView.swift in Sources */,
				2A81233928C0014D000A250E /* AlarmSettingCell.swift in Sources */,
				2A9F350E28AE1C0D006CCF7C /* MainVC.swift in Sources */,
				2AEE20CC2950B12400A17F5B /* LoginVC.swift in Sources */,
				2AC2B5FE29BB8DF800C4A985 /* AlarmAuth.swift in Sources */,
				2AC2B60729BBAD7300C4A985 /* DiaryType.swift in Sources */,
				2AC2B5F829BB86CD00C4A985 /* UIViewController.swift in Sources */,
				2ABFABEF29C9E7F100273F0D /* DiaryCoreDataManager.swift in Sources */,
				2ABFAC0229CA6ECB00273F0D /* MainCalendar.swift in Sources */,
				2A81235428C5277D000A250E /* SimpleWriteVC.swift in Sources */,
				2ABFABF129C9E7FC00273F0D /* DiaryFirebaseManager.swift in Sources */,
				2AFF11792956E52600EC85EA /* SettingUserInfoVC.swift in Sources */,
				2A7241CF28B2A57E0040ADE9 /* ReadVC.swift in Sources */,
				2AD81F9329CC28C50032829F /* SettingUserInfoView.swift in Sources */,
				2AA8095229C797EE003170C4 /* AlertManager.swift in Sources */,
				2A0D87FF28A540FB00576E56 /* AppDelegate.swift in Sources */,
				2AC2B5FA29BB8B1300C4A985 /* PaddingLabel.swift in Sources */,
				2AA8094829C7787E003170C4 /* FirebaseManager.swift in Sources */,
				2A81234C28C4E221000A250E /* DetailDiaryListCell.swift in Sources */,
				2A81233228BFFA0C000A250E /* SettingAlarmVC.swift in Sources */,
				2AA8094A29C7802D003170C4 /* PLoginModel.swift in Sources */,
				2A0D880128A540FB00576E56 /* SceneDelegate.swift in Sources */,
				2A40AAB829BE4EE400B259B5 /* DiaryProtocol.swift in Sources */,
				2AC2B60129BB8EAD00C4A985 /* LottieManager.swift in Sources */,
				2AFF117F2957502F00EC85EA /* AppleLogin.swift in Sources */,
				2ABFAC0729CA80CB00273F0D /* SimpleWriteView.swift in Sources */,
				2AFF11812957503C00EC85EA /* GoogleLogin.swift in Sources */,
				2A9F351928AE6410006CCF7C /* SettingLabelCell.swift in Sources */,
				2A7241D128B2A5950040ADE9 /* DeletePopupVC.swift in Sources */,
				2AC2B60529BBA3E800C4A985 /* DiaryDataEntity.swift in Sources */,
				2AFF11902958CD3F00EC85EA /* EmailLoginVC.swift in Sources */,
			);
			runOnlyForDeploymentPostprocessing = 0;
		};
/* End PBXSourcesBuildPhase section */

/* Begin PBXVariantGroup section */
		2A0D880428A540FB00576E56 /* Main.storyboard */ = {
			isa = PBXVariantGroup;
			children = (
				2A0D880528A540FB00576E56 /* Base */,
				2AEE20D42950E76400A17F5B /* ko */,
			);
			name = Main.storyboard;
			sourceTree = "<group>";
		};
/* End PBXVariantGroup section */

/* Begin XCBuildConfiguration section */
		2A0D880D28A540FE00576E56 /* Debug */ = {
			isa = XCBuildConfiguration;
			buildSettings = {
				ALWAYS_SEARCH_USER_PATHS = NO;
				CLANG_ANALYZER_LOCALIZABILITY_NONLOCALIZED = YES;
				CLANG_ANALYZER_NONNULL = YES;
				CLANG_ANALYZER_NUMBER_OBJECT_CONVERSION = YES_AGGRESSIVE;
				CLANG_CXX_LANGUAGE_STANDARD = "gnu++17";
				CLANG_ENABLE_MODULES = YES;
				CLANG_ENABLE_OBJC_ARC = YES;
				CLANG_ENABLE_OBJC_WEAK = YES;
				CLANG_WARN_BLOCK_CAPTURE_AUTORELEASING = YES;
				CLANG_WARN_BOOL_CONVERSION = YES;
				CLANG_WARN_COMMA = YES;
				CLANG_WARN_CONSTANT_CONVERSION = YES;
				CLANG_WARN_DEPRECATED_OBJC_IMPLEMENTATIONS = YES;
				CLANG_WARN_DIRECT_OBJC_ISA_USAGE = YES_ERROR;
				CLANG_WARN_DOCUMENTATION_COMMENTS = YES;
				CLANG_WARN_EMPTY_BODY = YES;
				CLANG_WARN_ENUM_CONVERSION = YES;
				CLANG_WARN_INFINITE_RECURSION = YES;
				CLANG_WARN_INT_CONVERSION = YES;
				CLANG_WARN_NON_LITERAL_NULL_CONVERSION = YES;
				CLANG_WARN_OBJC_IMPLICIT_RETAIN_SELF = YES;
				CLANG_WARN_OBJC_LITERAL_CONVERSION = YES;
				CLANG_WARN_OBJC_ROOT_CLASS = YES_ERROR;
				CLANG_WARN_QUOTED_INCLUDE_IN_FRAMEWORK_HEADER = YES;
				CLANG_WARN_RANGE_LOOP_ANALYSIS = YES;
				CLANG_WARN_STRICT_PROTOTYPES = YES;
				CLANG_WARN_SUSPICIOUS_MOVE = YES;
				CLANG_WARN_UNGUARDED_AVAILABILITY = YES_AGGRESSIVE;
				CLANG_WARN_UNREACHABLE_CODE = YES;
				CLANG_WARN__DUPLICATE_METHOD_MATCH = YES;
				COPY_PHASE_STRIP = NO;
				DEBUG_INFORMATION_FORMAT = dwarf;
				ENABLE_STRICT_OBJC_MSGSEND = YES;
				ENABLE_TESTABILITY = YES;
				GCC_C_LANGUAGE_STANDARD = gnu11;
				GCC_DYNAMIC_NO_PIC = NO;
				GCC_NO_COMMON_BLOCKS = YES;
				GCC_OPTIMIZATION_LEVEL = 0;
				GCC_PREPROCESSOR_DEFINITIONS = (
					"DEBUG=1",
					"$(inherited)",
				);
				GCC_WARN_64_TO_32_BIT_CONVERSION = YES;
				GCC_WARN_ABOUT_RETURN_TYPE = YES_ERROR;
				GCC_WARN_UNDECLARED_SELECTOR = YES;
				GCC_WARN_UNINITIALIZED_AUTOS = YES_AGGRESSIVE;
				GCC_WARN_UNUSED_FUNCTION = YES;
				GCC_WARN_UNUSED_VARIABLE = YES;
				INFOPLIST_KEY_CFBundleDisplayName = "감사일기";
				IPHONEOS_DEPLOYMENT_TARGET = 14.0;
				MTL_ENABLE_DEBUG_INFO = INCLUDE_SOURCE;
				MTL_FAST_MATH = YES;
				ONLY_ACTIVE_ARCH = YES;
				SDKROOT = iphoneos;
				SWIFT_ACTIVE_COMPILATION_CONDITIONS = DEBUG;
				SWIFT_OPTIMIZATION_LEVEL = "-Onone";
			};
			name = Debug;
		};
		2A0D880E28A540FE00576E56 /* Release */ = {
			isa = XCBuildConfiguration;
			buildSettings = {
				ALWAYS_SEARCH_USER_PATHS = NO;
				CLANG_ANALYZER_LOCALIZABILITY_NONLOCALIZED = YES;
				CLANG_ANALYZER_NONNULL = YES;
				CLANG_ANALYZER_NUMBER_OBJECT_CONVERSION = YES_AGGRESSIVE;
				CLANG_CXX_LANGUAGE_STANDARD = "gnu++17";
				CLANG_ENABLE_MODULES = YES;
				CLANG_ENABLE_OBJC_ARC = YES;
				CLANG_ENABLE_OBJC_WEAK = YES;
				CLANG_WARN_BLOCK_CAPTURE_AUTORELEASING = YES;
				CLANG_WARN_BOOL_CONVERSION = YES;
				CLANG_WARN_COMMA = YES;
				CLANG_WARN_CONSTANT_CONVERSION = YES;
				CLANG_WARN_DEPRECATED_OBJC_IMPLEMENTATIONS = YES;
				CLANG_WARN_DIRECT_OBJC_ISA_USAGE = YES_ERROR;
				CLANG_WARN_DOCUMENTATION_COMMENTS = YES;
				CLANG_WARN_EMPTY_BODY = YES;
				CLANG_WARN_ENUM_CONVERSION = YES;
				CLANG_WARN_INFINITE_RECURSION = YES;
				CLANG_WARN_INT_CONVERSION = YES;
				CLANG_WARN_NON_LITERAL_NULL_CONVERSION = YES;
				CLANG_WARN_OBJC_IMPLICIT_RETAIN_SELF = YES;
				CLANG_WARN_OBJC_LITERAL_CONVERSION = YES;
				CLANG_WARN_OBJC_ROOT_CLASS = YES_ERROR;
				CLANG_WARN_QUOTED_INCLUDE_IN_FRAMEWORK_HEADER = YES;
				CLANG_WARN_RANGE_LOOP_ANALYSIS = YES;
				CLANG_WARN_STRICT_PROTOTYPES = YES;
				CLANG_WARN_SUSPICIOUS_MOVE = YES;
				CLANG_WARN_UNGUARDED_AVAILABILITY = YES_AGGRESSIVE;
				CLANG_WARN_UNREACHABLE_CODE = YES;
				CLANG_WARN__DUPLICATE_METHOD_MATCH = YES;
				COPY_PHASE_STRIP = NO;
				DEBUG_INFORMATION_FORMAT = "dwarf-with-dsym";
				ENABLE_NS_ASSERTIONS = NO;
				ENABLE_STRICT_OBJC_MSGSEND = YES;
				GCC_C_LANGUAGE_STANDARD = gnu11;
				GCC_NO_COMMON_BLOCKS = YES;
				GCC_WARN_64_TO_32_BIT_CONVERSION = YES;
				GCC_WARN_ABOUT_RETURN_TYPE = YES_ERROR;
				GCC_WARN_UNDECLARED_SELECTOR = YES;
				GCC_WARN_UNINITIALIZED_AUTOS = YES_AGGRESSIVE;
				GCC_WARN_UNUSED_FUNCTION = YES;
				GCC_WARN_UNUSED_VARIABLE = YES;
				INFOPLIST_KEY_CFBundleDisplayName = "감사일기";
				IPHONEOS_DEPLOYMENT_TARGET = 14.0;
				MTL_ENABLE_DEBUG_INFO = NO;
				MTL_FAST_MATH = YES;
				SDKROOT = iphoneos;
				SWIFT_COMPILATION_MODE = wholemodule;
				SWIFT_OPTIMIZATION_LEVEL = "-O";
				VALIDATE_PRODUCT = YES;
			};
			name = Release;
		};
		2A0D881028A540FE00576E56 /* Debug */ = {
			isa = XCBuildConfiguration;
			baseConfigurationReference = AFFB6B127945F0159B1A30E4 /* Pods-Thanks Diary.debug.xcconfig */;
			buildSettings = {
				ASSETCATALOG_COMPILER_APPICON_NAME = AppIcon;
				ASSETCATALOG_COMPILER_GLOBAL_ACCENT_COLOR_NAME = AccentColor;
				CODE_SIGN_ENTITLEMENTS = "Thanks Diary/Thanks Diary.entitlements";
				CODE_SIGN_STYLE = Automatic;
				CURRENT_PROJECT_VERSION = 1;
				DEVELOPMENT_TEAM = 68P2WV4DR3;
				GENERATE_INFOPLIST_FILE = YES;
				INFOPLIST_FILE = "Thanks Diary/Info.plist";
				INFOPLIST_KEY_CFBundleDisplayName = "감사일기";
				INFOPLIST_KEY_LSApplicationCategoryType = "public.app-category.lifestyle";
				INFOPLIST_KEY_UIApplicationSupportsIndirectInputEvents = YES;
				INFOPLIST_KEY_UILaunchStoryboardName = "";
				INFOPLIST_KEY_UIMainStoryboardFile = Main;
				INFOPLIST_KEY_UISupportedInterfaceOrientations = UIInterfaceOrientationPortrait;
				INFOPLIST_KEY_UISupportedInterfaceOrientations_iPad = "UIInterfaceOrientationLandscapeLeft UIInterfaceOrientationLandscapeRight UIInterfaceOrientationPortrait UIInterfaceOrientationPortraitUpsideDown";
				IPHONEOS_DEPLOYMENT_TARGET = 14.0;
				LD_RUNPATH_SEARCH_PATHS = (
					"$(inherited)",
					"@executable_path/Frameworks",
				);
				MARKETING_VERSION = 1.0.1;
				PRODUCT_BUNDLE_IDENTIFIER = "com.lily.Thanks-Diary";
				PRODUCT_NAME = "$(TARGET_NAME)";
				SUPPORTED_PLATFORMS = "iphoneos iphonesimulator";
				SUPPORTS_MACCATALYST = NO;
				SUPPORTS_MAC_DESIGNED_FOR_IPHONE_IPAD = NO;
				SWIFT_EMIT_LOC_STRINGS = YES;
				SWIFT_VERSION = 5.0;
				TARGETED_DEVICE_FAMILY = 1;
			};
			name = Debug;
		};
		2A0D881128A540FE00576E56 /* Release */ = {
			isa = XCBuildConfiguration;
			baseConfigurationReference = DEA50272BCD4BD5CA6312F82 /* Pods-Thanks Diary.release.xcconfig */;
			buildSettings = {
				ASSETCATALOG_COMPILER_APPICON_NAME = AppIcon;
				ASSETCATALOG_COMPILER_GLOBAL_ACCENT_COLOR_NAME = AccentColor;
				CODE_SIGN_ENTITLEMENTS = "Thanks Diary/Thanks Diary.entitlements";
				CODE_SIGN_STYLE = Automatic;
				CURRENT_PROJECT_VERSION = 1;
				DEVELOPMENT_TEAM = 68P2WV4DR3;
				GENERATE_INFOPLIST_FILE = YES;
				INFOPLIST_FILE = "Thanks Diary/Info.plist";
				INFOPLIST_KEY_CFBundleDisplayName = "감사일기";
				INFOPLIST_KEY_LSApplicationCategoryType = "public.app-category.lifestyle";
				INFOPLIST_KEY_UIApplicationSupportsIndirectInputEvents = YES;
				INFOPLIST_KEY_UILaunchStoryboardName = "";
				INFOPLIST_KEY_UIMainStoryboardFile = Main;
				INFOPLIST_KEY_UISupportedInterfaceOrientations = UIInterfaceOrientationPortrait;
				INFOPLIST_KEY_UISupportedInterfaceOrientations_iPad = "UIInterfaceOrientationLandscapeLeft UIInterfaceOrientationLandscapeRight UIInterfaceOrientationPortrait UIInterfaceOrientationPortraitUpsideDown";
				IPHONEOS_DEPLOYMENT_TARGET = 14.0;
				LD_RUNPATH_SEARCH_PATHS = (
					"$(inherited)",
					"@executable_path/Frameworks",
				);
				MARKETING_VERSION = 1.0.1;
				PRODUCT_BUNDLE_IDENTIFIER = "com.lily.Thanks-Diary";
				PRODUCT_NAME = "$(TARGET_NAME)";
				SUPPORTED_PLATFORMS = "iphoneos iphonesimulator";
				SUPPORTS_MACCATALYST = NO;
				SUPPORTS_MAC_DESIGNED_FOR_IPHONE_IPAD = NO;
				SWIFT_EMIT_LOC_STRINGS = YES;
				SWIFT_VERSION = 5.0;
				TARGETED_DEVICE_FAMILY = 1;
			};
			name = Release;
		};
/* End XCBuildConfiguration section */

/* Begin XCConfigurationList section */
		2A0D87F628A540FB00576E56 /* Build configuration list for PBXProject "Thanks Diary" */ = {
			isa = XCConfigurationList;
			buildConfigurations = (
				2A0D880D28A540FE00576E56 /* Debug */,
				2A0D880E28A540FE00576E56 /* Release */,
			);
			defaultConfigurationIsVisible = 0;
			defaultConfigurationName = Release;
		};
		2A0D880F28A540FE00576E56 /* Build configuration list for PBXNativeTarget "Thanks Diary" */ = {
			isa = XCConfigurationList;
			buildConfigurations = (
				2A0D881028A540FE00576E56 /* Debug */,
				2A0D881128A540FE00576E56 /* Release */,
			);
			defaultConfigurationIsVisible = 0;
			defaultConfigurationName = Release;
		};
/* End XCConfigurationList section */

/* Begin XCRemoteSwiftPackageReference section */
		2A9F34FB28AC1233006CCF7C /* XCRemoteSwiftPackageReference "lottie-ios" */ = {
			isa = XCRemoteSwiftPackageReference;
			repositoryURL = "https://github.com/airbnb/lottie-ios";
			requirement = {
				kind = upToNextMajorVersion;
				minimumVersion = 3.0.0;
			};
		};
/* End XCRemoteSwiftPackageReference section */

/* Begin XCVersionGroup section */
		2A81234828C2A208000A250E /* DiaryData.xcdatamodeld */ = {
			isa = XCVersionGroup;
			children = (
				2A81234928C2A208000A250E /* DiaryData.xcdatamodel */,
			);
			currentVersion = 2A81234928C2A208000A250E /* DiaryData.xcdatamodel */;
			path = DiaryData.xcdatamodeld;
			sourceTree = "<group>";
			versionGroupType = wrapper.xcdatamodel;
		};
/* End XCVersionGroup section */
	};
	rootObject = 2A0D87F328A540FB00576E56 /* Project object */;
}
