// !$*UTF8*$!
{
	archiveVersion = 1;
	classes = {
	};
	objectVersion = 55;
	objects = {

/* Begin PBXBuildFile section */
		0229553D2A66867D004BF800 /* UIControl+.swift in Sources */ = {isa = PBXBuildFile; fileRef = 0229553C2A66867D004BF800 /* UIControl+.swift */; };
		022955402A669273004BF800 /* BaseView.swift in Sources */ = {isa = PBXBuildFile; fileRef = 0229553F2A669273004BF800 /* BaseView.swift */; };
		022955422A669BA0004BF800 /* BaseTVCell.swift in Sources */ = {isa = PBXBuildFile; fileRef = 022955412A669BA0004BF800 /* BaseTVCell.swift */; };
		0229554D2A6A1003004BF800 /* DetailWriteView.swift in Sources */ = {isa = PBXBuildFile; fileRef = 0229554C2A6A1003004BF800 /* DetailWriteView.swift */; };
		0229554F2A6A12B3004BF800 /* Image.swift in Sources */ = {isa = PBXBuildFile; fileRef = 0229554E2A6A12B3004BF800 /* Image.swift */; };
		022955512A6A2E42004BF800 /* ReadView.swift in Sources */ = {isa = PBXBuildFile; fileRef = 022955502A6A2E42004BF800 /* ReadView.swift */; };
		022955532A6A60C7004BF800 /* MainNC.swift in Sources */ = {isa = PBXBuildFile; fileRef = 022955522A6A60C7004BF800 /* MainNC.swift */; };
		022955552A6A614B004BF800 /* BaseNC.swift in Sources */ = {isa = PBXBuildFile; fileRef = 022955542A6A614B004BF800 /* BaseNC.swift */; };
		022955572A6A6177004BF800 /* PageNC.swift in Sources */ = {isa = PBXBuildFile; fileRef = 022955562A6A6177004BF800 /* PageNC.swift */; };
		022955592A6A66D2004BF800 /* SimpleWriteView.swift in Sources */ = {isa = PBXBuildFile; fileRef = 022955582A6A66D2004BF800 /* SimpleWriteView.swift */; };
		025EF03E2A459C2900C930F2 /* BaseVC.swift in Sources */ = {isa = PBXBuildFile; fileRef = 025EF03D2A459C2900C930F2 /* BaseVC.swift */; };
		025EF0402A459C2F00C930F2 /* AlertView.swift in Sources */ = {isa = PBXBuildFile; fileRef = 025EF03F2A459C2F00C930F2 /* AlertView.swift */; };
		025EF0422A459C3B00C930F2 /* AlertVC.swift in Sources */ = {isa = PBXBuildFile; fileRef = 025EF0412A459C3B00C930F2 /* AlertVC.swift */; };
		025EF0482A459C9F00C930F2 /* Enum.swift in Sources */ = {isa = PBXBuildFile; fileRef = 025EF0472A459C9F00C930F2 /* Enum.swift */; };
		025EF04A2A459CA400C930F2 /* Color.swift in Sources */ = {isa = PBXBuildFile; fileRef = 025EF0492A459CA400C930F2 /* Color.swift */; };
		025EF04C2A459CA800C930F2 /* Font.swift in Sources */ = {isa = PBXBuildFile; fileRef = 025EF04B2A459CA800C930F2 /* Font.swift */; };
		025EF0502A459CE200C930F2 /* UserDefaultKey.swift in Sources */ = {isa = PBXBuildFile; fileRef = 025EF04F2A459CE200C930F2 /* UserDefaultKey.swift */; };
		025EF0562A459D2700C930F2 /* AlertManager.swift in Sources */ = {isa = PBXBuildFile; fileRef = 025EF0522A459D2600C930F2 /* AlertManager.swift */; };
		025EF0572A459D2700C930F2 /* LottieManager.swift in Sources */ = {isa = PBXBuildFile; fileRef = 025EF0532A459D2600C930F2 /* LottieManager.swift */; };
		025EF0582A459D2700C930F2 /* UserDefaultManager.swift in Sources */ = {isa = PBXBuildFile; fileRef = 025EF0542A459D2600C930F2 /* UserDefaultManager.swift */; };
		025EF0592A459D2700C930F2 /* FirebaseManager.swift in Sources */ = {isa = PBXBuildFile; fileRef = 025EF0552A459D2700C930F2 /* FirebaseManager.swift */; };
		025EF05C2A459DB700C930F2 /* AlarmAuth.swift in Sources */ = {isa = PBXBuildFile; fileRef = 025EF05B2A459DB700C930F2 /* AlarmAuth.swift */; };
		025EF05F2A459DF400C930F2 /* EmailLoginErrorList.swift in Sources */ = {isa = PBXBuildFile; fileRef = 025EF05E2A459DF400C930F2 /* EmailLoginErrorList.swift */; };
		025EF0672A459E2E00C930F2 /* UITextField+.swift in Sources */ = {isa = PBXBuildFile; fileRef = 025EF0612A459E2D00C930F2 /* UITextField+.swift */; };
		025EF0692A459E2E00C930F2 /* UIView+.swift in Sources */ = {isa = PBXBuildFile; fileRef = 025EF0632A459E2D00C930F2 /* UIView+.swift */; };
		025EF06A2A459E2E00C930F2 /* UIViewController+.swift in Sources */ = {isa = PBXBuildFile; fileRef = 025EF0642A459E2D00C930F2 /* UIViewController+.swift */; };
		025EF06B2A459E2E00C930F2 /* String+.swift in Sources */ = {isa = PBXBuildFile; fileRef = 025EF0652A459E2E00C930F2 /* String+.swift */; };
		025EF06C2A459E2E00C930F2 /* Date+.swift in Sources */ = {isa = PBXBuildFile; fileRef = 025EF0662A459E2E00C930F2 /* Date+.swift */; };
		025EF0732A459E4800C930F2 /* FloatingButtonCloseView.swift in Sources */ = {isa = PBXBuildFile; fileRef = 025EF06F2A459E4700C930F2 /* FloatingButtonCloseView.swift */; };
		025EF0742A459E4800C930F2 /* FloatingButtonVC.swift in Sources */ = {isa = PBXBuildFile; fileRef = 025EF0702A459E4700C930F2 /* FloatingButtonVC.swift */; };
		025EF0752A459E4800C930F2 /* FloatingButton.swift in Sources */ = {isa = PBXBuildFile; fileRef = 025EF0712A459E4700C930F2 /* FloatingButton.swift */; };
		025EF0762A459E4800C930F2 /* PaddingLabel.swift in Sources */ = {isa = PBXBuildFile; fileRef = 025EF0722A459E4700C930F2 /* PaddingLabel.swift */; };
		025EF0812A459EEF00C930F2 /* FirstStartVC.swift in Sources */ = {isa = PBXBuildFile; fileRef = 025EF07A2A459EEF00C930F2 /* FirstStartVC.swift */; };
		025EF0822A459EEF00C930F2 /* ThirdStartVC.swift in Sources */ = {isa = PBXBuildFile; fileRef = 025EF07B2A459EEF00C930F2 /* ThirdStartVC.swift */; };
		025EF0832A459EEF00C930F2 /* PageVC.swift in Sources */ = {isa = PBXBuildFile; fileRef = 025EF07C2A459EEF00C930F2 /* PageVC.swift */; };
		025EF0842A459EEF00C930F2 /* SecondStartVC.swift in Sources */ = {isa = PBXBuildFile; fileRef = 025EF07D2A459EEF00C930F2 /* SecondStartVC.swift */; };
		025EF0862A459EEF00C930F2 /* PageView.swift in Sources */ = {isa = PBXBuildFile; fileRef = 025EF0802A459EEF00C930F2 /* PageView.swift */; };
		025EF08D2A45A36000C930F2 /* Launch.storyboard in Resources */ = {isa = PBXBuildFile; fileRef = 025EF08C2A45A36000C930F2 /* Launch.storyboard */; };
		026E78E72A6E486C00A09282 /* SettingAlarmView.swift in Sources */ = {isa = PBXBuildFile; fileRef = 026E78E62A6E486C00A09282 /* SettingAlarmView.swift */; };
		026E78E92A6E4C0800A09282 /* SettingPWView.swift in Sources */ = {isa = PBXBuildFile; fileRef = 026E78E82A6E4C0800A09282 /* SettingPWView.swift */; };
		026E78EB2A6E772800A09282 /* SettingAlarmDetailView.swift in Sources */ = {isa = PBXBuildFile; fileRef = 026E78EA2A6E772800A09282 /* SettingAlarmDetailView.swift */; };
		026E9C1F2A4A7E2900568CFD /* DiaryProtocol.swift in Sources */ = {isa = PBXBuildFile; fileRef = 026E9C1E2A4A7E2900568CFD /* DiaryProtocol.swift */; };
		026E9C212A4AAA2500568CFD /* AlertConfirmView.swift in Sources */ = {isa = PBXBuildFile; fileRef = 026E9C202A4AAA2500568CFD /* AlertConfirmView.swift */; };
		026E9C232A4AAAD400568CFD /* AlertConfirmVC.swift in Sources */ = {isa = PBXBuildFile; fileRef = 026E9C222A4AAAD400568CFD /* AlertConfirmVC.swift */; };
		026E9C2F2A4AC95500568CFD /* NanumBarunGothicLight.ttf in Resources */ = {isa = PBXBuildFile; fileRef = 026E9C2E2A4AC87E00568CFD /* NanumBarunGothicLight.ttf */; };
		026E9C302A4AC95900568CFD /* NanumBarunGothicBold.ttf in Resources */ = {isa = PBXBuildFile; fileRef = 026E9C2C2A4AC87E00568CFD /* NanumBarunGothicBold.ttf */; };
		026E9C312A4AC95B00568CFD /* NanumBarunGothic.ttf in Resources */ = {isa = PBXBuildFile; fileRef = 026E9C2D2A4AC87E00568CFD /* NanumBarunGothic.ttf */; };
		026E9C582A4C339200568CFD /* Pods-Thanks Diary-acknowledgements.plist in Resources */ = {isa = PBXBuildFile; fileRef = 026E9C572A4C339200568CFD /* Pods-Thanks Diary-acknowledgements.plist */; };
		029F04EF2A494C3100D82289 /* FirstStartView.swift in Sources */ = {isa = PBXBuildFile; fileRef = 029F04EC2A494C3100D82289 /* FirstStartView.swift */; };
		029F04F02A494C3100D82289 /* SecondStartView.swift in Sources */ = {isa = PBXBuildFile; fileRef = 029F04ED2A494C3100D82289 /* SecondStartView.swift */; };
		029F04F12A494C3100D82289 /* ThirdStartView.swift in Sources */ = {isa = PBXBuildFile; fileRef = 029F04EE2A494C3100D82289 /* ThirdStartView.swift */; };
		029F04F92A4984BB00D82289 /* CoreDataManager.swift in Sources */ = {isa = PBXBuildFile; fileRef = 029F04F82A4984BB00D82289 /* CoreDataManager.swift */; };
		029F04FD2A4984E800D82289 /* MainViewModel.swift in Sources */ = {isa = PBXBuildFile; fileRef = 029F04FC2A4984E800D82289 /* MainViewModel.swift */; };
		02F50B462A60F9BB006A59D3 /* MainView.swift in Sources */ = {isa = PBXBuildFile; fileRef = 02F50B452A60F9BB006A59D3 /* MainView.swift */; };
		2A0541DC28D4A84800C04ED8 /* NanumBarunGothicUltraLight.ttf in Resources */ = {isa = PBXBuildFile; fileRef = 2A0541DB28D4A84400C04ED8 /* NanumBarunGothicUltraLight.ttf */; };
		2A0962BE28CE2E0C00063DF3 /* AlarmTimeEntity.swift in Sources */ = {isa = PBXBuildFile; fileRef = 2A0962BD28CE2E0C00063DF3 /* AlarmTimeEntity.swift */; };
		2A0962DA28CF484300063DF3 /* TextData.csv in Resources */ = {isa = PBXBuildFile; fileRef = 2A0962D928CF484300063DF3 /* TextData.csv */; };
		2A0D87FF28A540FB00576E56 /* AppDelegate.swift in Sources */ = {isa = PBXBuildFile; fileRef = 2A0D87FE28A540FB00576E56 /* AppDelegate.swift */; };
		2A0D880128A540FB00576E56 /* SceneDelegate.swift in Sources */ = {isa = PBXBuildFile; fileRef = 2A0D880028A540FB00576E56 /* SceneDelegate.swift */; };
		2A0D880328A540FB00576E56 /* LaunchVC.swift in Sources */ = {isa = PBXBuildFile; fileRef = 2A0D880228A540FB00576E56 /* LaunchVC.swift */; };
		2A0D880828A540FE00576E56 /* Assets.xcassets in Resources */ = {isa = PBXBuildFile; fileRef = 2A0D880728A540FE00576E56 /* Assets.xcassets */; };
		2A0D881428ABB3A400576E56 /* KOTRA_GOTHIC.ttf in Resources */ = {isa = PBXBuildFile; fileRef = 2A0D881328ABB3A000576E56 /* KOTRA_GOTHIC.ttf */; };
		2A0D881828ABB80900576E56 /* wave.json in Resources */ = {isa = PBXBuildFile; fileRef = 2A0D881728ABB80900576E56 /* wave.json */; };
		2A0D881A28ABB83A00576E56 /* dot.json in Resources */ = {isa = PBXBuildFile; fileRef = 2A0D881928ABB83A00576E56 /* dot.json */; };
		2A4F9302290071C200ECFE88 /* ErrorCase.swift in Sources */ = {isa = PBXBuildFile; fileRef = 2A4F9301290071C200ECFE88 /* ErrorCase.swift */; };
		2A55DC492A6D446A00A13F58 /* Localizable.strings in Resources */ = {isa = PBXBuildFile; fileRef = 2A55DC4B2A6D446A00A13F58 /* Localizable.strings */; };
		2A55DC502A6D6F8100A13F58 /* SettingView.swift in Sources */ = {isa = PBXBuildFile; fileRef = 2A55DC4F2A6D6F8100A13F58 /* SettingView.swift */; };
		2A7241CB28B01EC10040ADE9 /* SettingPWVC.swift in Sources */ = {isa = PBXBuildFile; fileRef = 2A7241CA28B01EC10040ADE9 /* SettingPWVC.swift */; };
		2A7241CD28B26AAD0040ADE9 /* DetailWriteVC.swift in Sources */ = {isa = PBXBuildFile; fileRef = 2A7241CC28B26AAD0040ADE9 /* DetailWriteVC.swift */; };
		2A7241CF28B2A57E0040ADE9 /* ReadVC.swift in Sources */ = {isa = PBXBuildFile; fileRef = 2A7241CE28B2A57E0040ADE9 /* ReadVC.swift */; };
		2A7241DA28B3EDF70040ADE9 /* DetailDiaryModel.swift in Sources */ = {isa = PBXBuildFile; fileRef = 2A7241D928B3EDF70040ADE9 /* DetailDiaryModel.swift */; };
		2A72421128B426730040ADE9 /* SettingModel.swift in Sources */ = {isa = PBXBuildFile; fileRef = 2A72421028B426730040ADE9 /* SettingModel.swift */; };
		2A81232628BFB2BD000A250E /* writing.json in Resources */ = {isa = PBXBuildFile; fileRef = 2A81232528BFB2BD000A250E /* writing.json */; };
		2A81232828BFB83B000A250E /* go.json in Resources */ = {isa = PBXBuildFile; fileRef = 2A81232728BFB83B000A250E /* go.json */; };
		2A81232C28BFBDEA000A250E /* plant.json in Resources */ = {isa = PBXBuildFile; fileRef = 2A81232B28BFBDEA000A250E /* plant.json */; };
		2A81233028BFBF4D000A250E /* sun.json in Resources */ = {isa = PBXBuildFile; fileRef = 2A81232F28BFBF4D000A250E /* sun.json */; };
		2A81233228BFFA0C000A250E /* SettingAlarmVC.swift in Sources */ = {isa = PBXBuildFile; fileRef = 2A81233128BFFA0C000A250E /* SettingAlarmVC.swift */; };
		2A81233B28C0067B000A250E /* SettingAlarmDetailVC.swift in Sources */ = {isa = PBXBuildFile; fileRef = 2A81233A28C0067B000A250E /* SettingAlarmDetailVC.swift */; };
		2A81234A28C2A208000A250E /* DiaryData.xcdatamodeld in Sources */ = {isa = PBXBuildFile; fileRef = 2A81234828C2A208000A250E /* DiaryData.xcdatamodeld */; };
		2A81234C28C4E221000A250E /* DetailDiaryTVCell.swift in Sources */ = {isa = PBXBuildFile; fileRef = 2A81234B28C4E221000A250E /* DetailDiaryTVCell.swift */; };
		2A81234E28C4E22C000A250E /* SimpleDiaryTVCell.swift in Sources */ = {isa = PBXBuildFile; fileRef = 2A81234D28C4E22C000A250E /* SimpleDiaryTVCell.swift */; };
		2A81235428C5277D000A250E /* SimpleWriteVC.swift in Sources */ = {isa = PBXBuildFile; fileRef = 2A81235328C5277D000A250E /* SimpleWriteVC.swift */; };
		2A81235A28C547A6000A250E /* SimpleDiaryModel.swift in Sources */ = {isa = PBXBuildFile; fileRef = 2A81235928C547A6000A250E /* SimpleDiaryModel.swift */; };
		2A9F350E28AE1C0D006CCF7C /* MainVC.swift in Sources */ = {isa = PBXBuildFile; fileRef = 2A9F350D28AE1C0D006CCF7C /* MainVC.swift */; };
		2A9F351328AE5763006CCF7C /* SettingVC.swift in Sources */ = {isa = PBXBuildFile; fileRef = 2A9F351228AE5763006CCF7C /* SettingVC.swift */; };
		2A9F351528AE63ED006CCF7C /* SettingSwitchTVCell.swift in Sources */ = {isa = PBXBuildFile; fileRef = 2A9F351428AE63ED006CCF7C /* SettingSwitchTVCell.swift */; };
		2A9F351728AE63FD006CCF7C /* SettingMoreTVCell.swift in Sources */ = {isa = PBXBuildFile; fileRef = 2A9F351628AE63FD006CCF7C /* SettingMoreTVCell.swift */; };
		2A9F351928AE6410006CCF7C /* SettingLabelTVCell.swift in Sources */ = {isa = PBXBuildFile; fileRef = 2A9F351828AE6410006CCF7C /* SettingLabelTVCell.swift */; };
		2ABF8AA52A6C057E006ACBE2 /* SettingViewModel.swift in Sources */ = {isa = PBXBuildFile; fileRef = 2ABF8AA42A6C057E006ACBE2 /* SettingViewModel.swift */; };
		ACEFCD4F27BC9557CACB1E3B /* Pods_Thanks_Diary.framework in Frameworks */ = {isa = PBXBuildFile; fileRef = 429B7040896DFDAC458EFC4D /* Pods_Thanks_Diary.framework */; };
/* End PBXBuildFile section */

/* Begin PBXCopyFilesBuildPhase section */
		2A0962D728CF275F00063DF3 /* Embed App Extensions */ = {
			isa = PBXCopyFilesBuildPhase;
			buildActionMask = 2147483647;
			dstPath = "";
			dstSubfolderSpec = 13;
			files = (
			);
			name = "Embed App Extensions";
			runOnlyForDeploymentPostprocessing = 0;
		};
/* End PBXCopyFilesBuildPhase section */

/* Begin PBXFileReference section */
		0229553C2A66867D004BF800 /* UIControl+.swift */ = {isa = PBXFileReference; lastKnownFileType = sourcecode.swift; path = "UIControl+.swift"; sourceTree = "<group>"; };
		0229553F2A669273004BF800 /* BaseView.swift */ = {isa = PBXFileReference; lastKnownFileType = sourcecode.swift; path = BaseView.swift; sourceTree = "<group>"; };
		022955412A669BA0004BF800 /* BaseTVCell.swift */ = {isa = PBXFileReference; lastKnownFileType = sourcecode.swift; path = BaseTVCell.swift; sourceTree = "<group>"; };
		0229554C2A6A1003004BF800 /* DetailWriteView.swift */ = {isa = PBXFileReference; lastKnownFileType = sourcecode.swift; path = DetailWriteView.swift; sourceTree = "<group>"; };
		0229554E2A6A12B3004BF800 /* Image.swift */ = {isa = PBXFileReference; lastKnownFileType = sourcecode.swift; path = Image.swift; sourceTree = "<group>"; };
		022955502A6A2E42004BF800 /* ReadView.swift */ = {isa = PBXFileReference; lastKnownFileType = sourcecode.swift; path = ReadView.swift; sourceTree = "<group>"; };
		022955522A6A60C7004BF800 /* MainNC.swift */ = {isa = PBXFileReference; lastKnownFileType = sourcecode.swift; path = MainNC.swift; sourceTree = "<group>"; };
		022955542A6A614B004BF800 /* BaseNC.swift */ = {isa = PBXFileReference; lastKnownFileType = sourcecode.swift; path = BaseNC.swift; sourceTree = "<group>"; };
		022955562A6A6177004BF800 /* PageNC.swift */ = {isa = PBXFileReference; lastKnownFileType = sourcecode.swift; path = PageNC.swift; sourceTree = "<group>"; };
		022955582A6A66D2004BF800 /* SimpleWriteView.swift */ = {isa = PBXFileReference; lastKnownFileType = sourcecode.swift; path = SimpleWriteView.swift; sourceTree = "<group>"; };
		025EF03D2A459C2900C930F2 /* BaseVC.swift */ = {isa = PBXFileReference; lastKnownFileType = sourcecode.swift; path = BaseVC.swift; sourceTree = "<group>"; };
		025EF03F2A459C2F00C930F2 /* AlertView.swift */ = {isa = PBXFileReference; lastKnownFileType = sourcecode.swift; path = AlertView.swift; sourceTree = "<group>"; };
		025EF0412A459C3B00C930F2 /* AlertVC.swift */ = {isa = PBXFileReference; lastKnownFileType = sourcecode.swift; path = AlertVC.swift; sourceTree = "<group>"; };
		025EF0472A459C9F00C930F2 /* Enum.swift */ = {isa = PBXFileReference; lastKnownFileType = sourcecode.swift; path = Enum.swift; sourceTree = "<group>"; };
		025EF0492A459CA400C930F2 /* Color.swift */ = {isa = PBXFileReference; lastKnownFileType = sourcecode.swift; path = Color.swift; sourceTree = "<group>"; };
		025EF04B2A459CA800C930F2 /* Font.swift */ = {isa = PBXFileReference; lastKnownFileType = sourcecode.swift; path = Font.swift; sourceTree = "<group>"; };
		025EF04F2A459CE200C930F2 /* UserDefaultKey.swift */ = {isa = PBXFileReference; lastKnownFileType = sourcecode.swift; path = UserDefaultKey.swift; sourceTree = "<group>"; };
		025EF0522A459D2600C930F2 /* AlertManager.swift */ = {isa = PBXFileReference; fileEncoding = 4; lastKnownFileType = sourcecode.swift; path = AlertManager.swift; sourceTree = "<group>"; };
		025EF0532A459D2600C930F2 /* LottieManager.swift */ = {isa = PBXFileReference; fileEncoding = 4; lastKnownFileType = sourcecode.swift; path = LottieManager.swift; sourceTree = "<group>"; };
		025EF0542A459D2600C930F2 /* UserDefaultManager.swift */ = {isa = PBXFileReference; fileEncoding = 4; lastKnownFileType = sourcecode.swift; path = UserDefaultManager.swift; sourceTree = "<group>"; };
		025EF0552A459D2700C930F2 /* FirebaseManager.swift */ = {isa = PBXFileReference; fileEncoding = 4; lastKnownFileType = sourcecode.swift; path = FirebaseManager.swift; sourceTree = "<group>"; };
		025EF05B2A459DB700C930F2 /* AlarmAuth.swift */ = {isa = PBXFileReference; fileEncoding = 4; lastKnownFileType = sourcecode.swift; path = AlarmAuth.swift; sourceTree = "<group>"; };
		025EF05E2A459DF400C930F2 /* EmailLoginErrorList.swift */ = {isa = PBXFileReference; fileEncoding = 4; lastKnownFileType = sourcecode.swift; path = EmailLoginErrorList.swift; sourceTree = "<group>"; };
		025EF0612A459E2D00C930F2 /* UITextField+.swift */ = {isa = PBXFileReference; fileEncoding = 4; lastKnownFileType = sourcecode.swift; path = "UITextField+.swift"; sourceTree = "<group>"; };
		025EF0632A459E2D00C930F2 /* UIView+.swift */ = {isa = PBXFileReference; fileEncoding = 4; lastKnownFileType = sourcecode.swift; path = "UIView+.swift"; sourceTree = "<group>"; };
		025EF0642A459E2D00C930F2 /* UIViewController+.swift */ = {isa = PBXFileReference; fileEncoding = 4; lastKnownFileType = sourcecode.swift; path = "UIViewController+.swift"; sourceTree = "<group>"; };
		025EF0652A459E2E00C930F2 /* String+.swift */ = {isa = PBXFileReference; fileEncoding = 4; lastKnownFileType = sourcecode.swift; path = "String+.swift"; sourceTree = "<group>"; };
		025EF0662A459E2E00C930F2 /* Date+.swift */ = {isa = PBXFileReference; fileEncoding = 4; lastKnownFileType = sourcecode.swift; path = "Date+.swift"; sourceTree = "<group>"; };
		025EF06F2A459E4700C930F2 /* FloatingButtonCloseView.swift */ = {isa = PBXFileReference; fileEncoding = 4; lastKnownFileType = sourcecode.swift; path = FloatingButtonCloseView.swift; sourceTree = "<group>"; };
		025EF0702A459E4700C930F2 /* FloatingButtonVC.swift */ = {isa = PBXFileReference; fileEncoding = 4; lastKnownFileType = sourcecode.swift; path = FloatingButtonVC.swift; sourceTree = "<group>"; };
		025EF0712A459E4700C930F2 /* FloatingButton.swift */ = {isa = PBXFileReference; fileEncoding = 4; lastKnownFileType = sourcecode.swift; path = FloatingButton.swift; sourceTree = "<group>"; };
		025EF0722A459E4700C930F2 /* PaddingLabel.swift */ = {isa = PBXFileReference; fileEncoding = 4; lastKnownFileType = sourcecode.swift; path = PaddingLabel.swift; sourceTree = "<group>"; };
		025EF07A2A459EEF00C930F2 /* FirstStartVC.swift */ = {isa = PBXFileReference; fileEncoding = 4; lastKnownFileType = sourcecode.swift; path = FirstStartVC.swift; sourceTree = "<group>"; };
		025EF07B2A459EEF00C930F2 /* ThirdStartVC.swift */ = {isa = PBXFileReference; fileEncoding = 4; lastKnownFileType = sourcecode.swift; path = ThirdStartVC.swift; sourceTree = "<group>"; };
		025EF07C2A459EEF00C930F2 /* PageVC.swift */ = {isa = PBXFileReference; fileEncoding = 4; lastKnownFileType = sourcecode.swift; path = PageVC.swift; sourceTree = "<group>"; };
		025EF07D2A459EEF00C930F2 /* SecondStartVC.swift */ = {isa = PBXFileReference; fileEncoding = 4; lastKnownFileType = sourcecode.swift; path = SecondStartVC.swift; sourceTree = "<group>"; };
		025EF0802A459EEF00C930F2 /* PageView.swift */ = {isa = PBXFileReference; fileEncoding = 4; lastKnownFileType = sourcecode.swift; path = PageView.swift; sourceTree = "<group>"; };
		025EF08C2A45A36000C930F2 /* Launch.storyboard */ = {isa = PBXFileReference; lastKnownFileType = file.storyboard; path = Launch.storyboard; sourceTree = "<group>"; };
		026E78E62A6E486C00A09282 /* SettingAlarmView.swift */ = {isa = PBXFileReference; lastKnownFileType = sourcecode.swift; path = SettingAlarmView.swift; sourceTree = "<group>"; };
		026E78E82A6E4C0800A09282 /* SettingPWView.swift */ = {isa = PBXFileReference; lastKnownFileType = sourcecode.swift; path = SettingPWView.swift; sourceTree = "<group>"; };
		026E78EA2A6E772800A09282 /* SettingAlarmDetailView.swift */ = {isa = PBXFileReference; lastKnownFileType = sourcecode.swift; path = SettingAlarmDetailView.swift; sourceTree = "<group>"; };
		026E9C1E2A4A7E2900568CFD /* DiaryProtocol.swift */ = {isa = PBXFileReference; lastKnownFileType = sourcecode.swift; path = DiaryProtocol.swift; sourceTree = "<group>"; };
		026E9C202A4AAA2500568CFD /* AlertConfirmView.swift */ = {isa = PBXFileReference; lastKnownFileType = sourcecode.swift; path = AlertConfirmView.swift; sourceTree = "<group>"; };
		026E9C222A4AAAD400568CFD /* AlertConfirmVC.swift */ = {isa = PBXFileReference; lastKnownFileType = sourcecode.swift; path = AlertConfirmVC.swift; sourceTree = "<group>"; };
		026E9C2C2A4AC87E00568CFD /* NanumBarunGothicBold.ttf */ = {isa = PBXFileReference; lastKnownFileType = file; path = NanumBarunGothicBold.ttf; sourceTree = "<group>"; };
		026E9C2D2A4AC87E00568CFD /* NanumBarunGothic.ttf */ = {isa = PBXFileReference; lastKnownFileType = file; path = NanumBarunGothic.ttf; sourceTree = "<group>"; };
		026E9C2E2A4AC87E00568CFD /* NanumBarunGothicLight.ttf */ = {isa = PBXFileReference; lastKnownFileType = file; path = NanumBarunGothicLight.ttf; sourceTree = "<group>"; };
		026E9C572A4C339200568CFD /* Pods-Thanks Diary-acknowledgements.plist */ = {isa = PBXFileReference; fileEncoding = 4; lastKnownFileType = text.plist.xml; path = "Pods-Thanks Diary-acknowledgements.plist"; sourceTree = "<group>"; };
		029F04EC2A494C3100D82289 /* FirstStartView.swift */ = {isa = PBXFileReference; fileEncoding = 4; lastKnownFileType = sourcecode.swift; path = FirstStartView.swift; sourceTree = "<group>"; };
		029F04ED2A494C3100D82289 /* SecondStartView.swift */ = {isa = PBXFileReference; fileEncoding = 4; lastKnownFileType = sourcecode.swift; path = SecondStartView.swift; sourceTree = "<group>"; };
		029F04EE2A494C3100D82289 /* ThirdStartView.swift */ = {isa = PBXFileReference; fileEncoding = 4; lastKnownFileType = sourcecode.swift; path = ThirdStartView.swift; sourceTree = "<group>"; };
		029F04F82A4984BB00D82289 /* CoreDataManager.swift */ = {isa = PBXFileReference; lastKnownFileType = sourcecode.swift; path = CoreDataManager.swift; sourceTree = "<group>"; };
		029F04FC2A4984E800D82289 /* MainViewModel.swift */ = {isa = PBXFileReference; lastKnownFileType = sourcecode.swift; path = MainViewModel.swift; sourceTree = "<group>"; };
		02F50B452A60F9BB006A59D3 /* MainView.swift */ = {isa = PBXFileReference; lastKnownFileType = sourcecode.swift; path = MainView.swift; sourceTree = "<group>"; };
		2A0541DB28D4A84400C04ED8 /* NanumBarunGothicUltraLight.ttf */ = {isa = PBXFileReference; lastKnownFileType = file; path = NanumBarunGothicUltraLight.ttf; sourceTree = "<group>"; };
		2A0962BD28CE2E0C00063DF3 /* AlarmTimeEntity.swift */ = {isa = PBXFileReference; lastKnownFileType = sourcecode.swift; path = AlarmTimeEntity.swift; sourceTree = "<group>"; };
		2A0962C428CF275D00063DF3 /* WidgetKit.framework */ = {isa = PBXFileReference; lastKnownFileType = wrapper.framework; name = WidgetKit.framework; path = System/Library/Frameworks/WidgetKit.framework; sourceTree = SDKROOT; };
		2A0962C628CF275D00063DF3 /* SwiftUI.framework */ = {isa = PBXFileReference; lastKnownFileType = wrapper.framework; name = SwiftUI.framework; path = System/Library/Frameworks/SwiftUI.framework; sourceTree = SDKROOT; };
		2A0962D928CF484300063DF3 /* TextData.csv */ = {isa = PBXFileReference; fileEncoding = 4; lastKnownFileType = text; path = TextData.csv; sourceTree = "<group>"; };
		2A0D87FB28A540FB00576E56 /* Thanks Diary.app */ = {isa = PBXFileReference; explicitFileType = wrapper.application; includeInIndex = 0; path = "Thanks Diary.app"; sourceTree = BUILT_PRODUCTS_DIR; };
		2A0D87FE28A540FB00576E56 /* AppDelegate.swift */ = {isa = PBXFileReference; lastKnownFileType = sourcecode.swift; path = AppDelegate.swift; sourceTree = "<group>"; };
		2A0D880028A540FB00576E56 /* SceneDelegate.swift */ = {isa = PBXFileReference; lastKnownFileType = sourcecode.swift; path = SceneDelegate.swift; sourceTree = "<group>"; };
		2A0D880228A540FB00576E56 /* LaunchVC.swift */ = {isa = PBXFileReference; lastKnownFileType = sourcecode.swift; path = LaunchVC.swift; sourceTree = "<group>"; };
		2A0D880728A540FE00576E56 /* Assets.xcassets */ = {isa = PBXFileReference; lastKnownFileType = folder.assetcatalog; path = Assets.xcassets; sourceTree = "<group>"; };
		2A0D880C28A540FE00576E56 /* Info.plist */ = {isa = PBXFileReference; lastKnownFileType = text.plist.xml; path = Info.plist; sourceTree = "<group>"; };
		2A0D881328ABB3A000576E56 /* KOTRA_GOTHIC.ttf */ = {isa = PBXFileReference; lastKnownFileType = file; path = KOTRA_GOTHIC.ttf; sourceTree = "<group>"; };
		2A0D881728ABB80900576E56 /* wave.json */ = {isa = PBXFileReference; fileEncoding = 4; lastKnownFileType = text.json; path = wave.json; sourceTree = "<group>"; };
		2A0D881928ABB83A00576E56 /* dot.json */ = {isa = PBXFileReference; fileEncoding = 4; lastKnownFileType = text.json; path = dot.json; sourceTree = "<group>"; };
		2A4F9301290071C200ECFE88 /* ErrorCase.swift */ = {isa = PBXFileReference; lastKnownFileType = sourcecode.swift; path = ErrorCase.swift; sourceTree = "<group>"; };
		2A55DC4A2A6D446A00A13F58 /* ko */ = {isa = PBXFileReference; lastKnownFileType = text.plist.strings; name = ko; path = ko.lproj/Localizable.strings; sourceTree = "<group>"; };
		2A55DC4F2A6D6F8100A13F58 /* SettingView.swift */ = {isa = PBXFileReference; lastKnownFileType = sourcecode.swift; path = SettingView.swift; sourceTree = "<group>"; };
		2A7241CA28B01EC10040ADE9 /* SettingPWVC.swift */ = {isa = PBXFileReference; lastKnownFileType = sourcecode.swift; path = SettingPWVC.swift; sourceTree = "<group>"; };
		2A7241CC28B26AAD0040ADE9 /* DetailWriteVC.swift */ = {isa = PBXFileReference; lastKnownFileType = sourcecode.swift; path = DetailWriteVC.swift; sourceTree = "<group>"; };
		2A7241CE28B2A57E0040ADE9 /* ReadVC.swift */ = {isa = PBXFileReference; lastKnownFileType = sourcecode.swift; path = ReadVC.swift; sourceTree = "<group>"; };
		2A7241D928B3EDF70040ADE9 /* DetailDiaryModel.swift */ = {isa = PBXFileReference; lastKnownFileType = sourcecode.swift; path = DetailDiaryModel.swift; sourceTree = "<group>"; };
		2A72421028B426730040ADE9 /* SettingModel.swift */ = {isa = PBXFileReference; lastKnownFileType = sourcecode.swift; path = SettingModel.swift; sourceTree = "<group>"; };
		2A81232528BFB2BD000A250E /* writing.json */ = {isa = PBXFileReference; fileEncoding = 4; lastKnownFileType = text.json; path = writing.json; sourceTree = "<group>"; };
		2A81232728BFB83B000A250E /* go.json */ = {isa = PBXFileReference; fileEncoding = 4; lastKnownFileType = text.json; path = go.json; sourceTree = "<group>"; };
		2A81232B28BFBDEA000A250E /* plant.json */ = {isa = PBXFileReference; fileEncoding = 4; lastKnownFileType = text.json; path = plant.json; sourceTree = "<group>"; };
		2A81232F28BFBF4D000A250E /* sun.json */ = {isa = PBXFileReference; fileEncoding = 4; lastKnownFileType = text.json; path = sun.json; sourceTree = "<group>"; };
		2A81233128BFFA0C000A250E /* SettingAlarmVC.swift */ = {isa = PBXFileReference; lastKnownFileType = sourcecode.swift; path = SettingAlarmVC.swift; sourceTree = "<group>"; };
		2A81233A28C0067B000A250E /* SettingAlarmDetailVC.swift */ = {isa = PBXFileReference; lastKnownFileType = sourcecode.swift; path = SettingAlarmDetailVC.swift; sourceTree = "<group>"; };
		2A81234328C0AD47000A250E /* Thanks Diary.entitlements */ = {isa = PBXFileReference; lastKnownFileType = text.plist.entitlements; path = "Thanks Diary.entitlements"; sourceTree = "<group>"; };
		2A81234928C2A208000A250E /* DiaryData.xcdatamodel */ = {isa = PBXFileReference; lastKnownFileType = wrapper.xcdatamodel; path = DiaryData.xcdatamodel; sourceTree = "<group>"; };
		2A81234B28C4E221000A250E /* DetailDiaryTVCell.swift */ = {isa = PBXFileReference; lastKnownFileType = sourcecode.swift; path = DetailDiaryTVCell.swift; sourceTree = "<group>"; };
		2A81234D28C4E22C000A250E /* SimpleDiaryTVCell.swift */ = {isa = PBXFileReference; lastKnownFileType = sourcecode.swift; path = SimpleDiaryTVCell.swift; sourceTree = "<group>"; };
		2A81235328C5277D000A250E /* SimpleWriteVC.swift */ = {isa = PBXFileReference; lastKnownFileType = sourcecode.swift; path = SimpleWriteVC.swift; sourceTree = "<group>"; };
		2A81235928C547A6000A250E /* SimpleDiaryModel.swift */ = {isa = PBXFileReference; lastKnownFileType = sourcecode.swift; path = SimpleDiaryModel.swift; sourceTree = "<group>"; };
		2A9F350D28AE1C0D006CCF7C /* MainVC.swift */ = {isa = PBXFileReference; lastKnownFileType = sourcecode.swift; path = MainVC.swift; sourceTree = "<group>"; };
		2A9F351228AE5763006CCF7C /* SettingVC.swift */ = {isa = PBXFileReference; lastKnownFileType = sourcecode.swift; path = SettingVC.swift; sourceTree = "<group>"; };
		2A9F351428AE63ED006CCF7C /* SettingSwitchTVCell.swift */ = {isa = PBXFileReference; lastKnownFileType = sourcecode.swift; path = SettingSwitchTVCell.swift; sourceTree = "<group>"; };
		2A9F351628AE63FD006CCF7C /* SettingMoreTVCell.swift */ = {isa = PBXFileReference; lastKnownFileType = sourcecode.swift; path = SettingMoreTVCell.swift; sourceTree = "<group>"; };
		2A9F351828AE6410006CCF7C /* SettingLabelTVCell.swift */ = {isa = PBXFileReference; lastKnownFileType = sourcecode.swift; path = SettingLabelTVCell.swift; sourceTree = "<group>"; };
		2ABF8AA42A6C057E006ACBE2 /* SettingViewModel.swift */ = {isa = PBXFileReference; lastKnownFileType = sourcecode.swift; path = SettingViewModel.swift; sourceTree = "<group>"; };
		429B7040896DFDAC458EFC4D /* Pods_Thanks_Diary.framework */ = {isa = PBXFileReference; explicitFileType = wrapper.framework; includeInIndex = 0; path = Pods_Thanks_Diary.framework; sourceTree = BUILT_PRODUCTS_DIR; };
		AFFB6B127945F0159B1A30E4 /* Pods-Thanks Diary.debug.xcconfig */ = {isa = PBXFileReference; includeInIndex = 1; lastKnownFileType = text.xcconfig; name = "Pods-Thanks Diary.debug.xcconfig"; path = "Target Support Files/Pods-Thanks Diary/Pods-Thanks Diary.debug.xcconfig"; sourceTree = "<group>"; };
		DEA50272BCD4BD5CA6312F82 /* Pods-Thanks Diary.release.xcconfig */ = {isa = PBXFileReference; includeInIndex = 1; lastKnownFileType = text.xcconfig; name = "Pods-Thanks Diary.release.xcconfig"; path = "Target Support Files/Pods-Thanks Diary/Pods-Thanks Diary.release.xcconfig"; sourceTree = "<group>"; };
/* End PBXFileReference section */

/* Begin PBXFrameworksBuildPhase section */
		2A0D87F828A540FB00576E56 /* Frameworks */ = {
			isa = PBXFrameworksBuildPhase;
			buildActionMask = 2147483647;
			files = (
				ACEFCD4F27BC9557CACB1E3B /* Pods_Thanks_Diary.framework in Frameworks */,
			);
			runOnlyForDeploymentPostprocessing = 0;
		};
/* End PBXFrameworksBuildPhase section */

/* Begin PBXGroup section */
		0229553E2A669265004BF800 /* Base */ = {
			isa = PBXGroup;
			children = (
				025EF03D2A459C2900C930F2 /* BaseVC.swift */,
				0229553F2A669273004BF800 /* BaseView.swift */,
				022955412A669BA0004BF800 /* BaseTVCell.swift */,
				022955542A6A614B004BF800 /* BaseNC.swift */,
			);
			path = Base;
			sourceTree = "<group>";
		};
		022955432A669D73004BF800 /* Etc */ = {
			isa = PBXGroup;
			children = (
				025EF0722A459E4700C930F2 /* PaddingLabel.swift */,
			);
			path = Etc;
			sourceTree = "<group>";
		};
		025EF03C2A459BFA00C930F2 /* Common */ = {
			isa = PBXGroup;
			children = (
				0229553E2A669265004BF800 /* Base */,
				026E9C262A4AAAE800568CFD /* Controller */,
				026E9C242A4AAADF00568CFD /* View */,
			);
			path = Common;
			sourceTree = "<group>";
		};
		025EF0462A459C9200C930F2 /* Const */ = {
			isa = PBXGroup;
			children = (
				025EF0472A459C9F00C930F2 /* Enum.swift */,
				025EF0492A459CA400C930F2 /* Color.swift */,
				025EF04B2A459CA800C930F2 /* Font.swift */,
				0229554E2A6A12B3004BF800 /* Image.swift */,
				025EF04F2A459CE200C930F2 /* UserDefaultKey.swift */,
			);
			path = Const;
			sourceTree = "<group>";
		};
		025EF0512A459D0000C930F2 /* Manager */ = {
			isa = PBXGroup;
			children = (
				025EF0522A459D2600C930F2 /* AlertManager.swift */,
				025EF0552A459D2700C930F2 /* FirebaseManager.swift */,
				025EF0532A459D2600C930F2 /* LottieManager.swift */,
				025EF0542A459D2600C930F2 /* UserDefaultManager.swift */,
				029F04F82A4984BB00D82289 /* CoreDataManager.swift */,
			);
			path = Manager;
			sourceTree = "<group>";
		};
		025EF05A2A459DAC00C930F2 /* Auth */ = {
			isa = PBXGroup;
			children = (
				025EF05B2A459DB700C930F2 /* AlarmAuth.swift */,
			);
			path = Auth;
			sourceTree = "<group>";
		};
		025EF05D2A459DCF00C930F2 /* Error */ = {
			isa = PBXGroup;
			children = (
				2A4F9301290071C200ECFE88 /* ErrorCase.swift */,
				025EF05E2A459DF400C930F2 /* EmailLoginErrorList.swift */,
			);
			path = Error;
			sourceTree = "<group>";
		};
		025EF0602A459DFD00C930F2 /* Extension */ = {
			isa = PBXGroup;
			children = (
				025EF0662A459E2E00C930F2 /* Date+.swift */,
				025EF0652A459E2E00C930F2 /* String+.swift */,
				025EF0612A459E2D00C930F2 /* UITextField+.swift */,
				0229553C2A66867D004BF800 /* UIControl+.swift */,
				025EF0632A459E2D00C930F2 /* UIView+.swift */,
				025EF0642A459E2D00C930F2 /* UIViewController+.swift */,
			);
			path = Extension;
			sourceTree = "<group>";
		};
		025EF06D2A459E4700C930F2 /* Custom */ = {
			isa = PBXGroup;
			children = (
				025EF06E2A459E4700C930F2 /* FloatingButton */,
			);
			path = Custom;
			sourceTree = "<group>";
		};
		025EF06E2A459E4700C930F2 /* FloatingButton */ = {
			isa = PBXGroup;
			children = (
				025EF06F2A459E4700C930F2 /* FloatingButtonCloseView.swift */,
				025EF0702A459E4700C930F2 /* FloatingButtonVC.swift */,
				025EF0712A459E4700C930F2 /* FloatingButton.swift */,
			);
			path = FloatingButton;
			sourceTree = "<group>";
		};
		025EF0772A459ED400C930F2 /* Screen */ = {
			isa = PBXGroup;
			children = (
				2A9F34F728ABC27D006CCF7C /* Launch */,
				025EF0782A459EEF00C930F2 /* Onboarding */,
				2A9F34F928AC10D3006CCF7C /* Main */,
				2A9F34FA28AC10DE006CCF7C /* Setting */,
			);
			path = Screen;
			sourceTree = "<group>";
		};
		025EF0782A459EEF00C930F2 /* Onboarding */ = {
			isa = PBXGroup;
			children = (
				025EF0792A459EEF00C930F2 /* Controller */,
				025EF07E2A459EEF00C930F2 /* View */,
			);
			path = Onboarding;
			sourceTree = "<group>";
		};
		025EF0792A459EEF00C930F2 /* Controller */ = {
			isa = PBXGroup;
			children = (
				025EF07A2A459EEF00C930F2 /* FirstStartVC.swift */,
				025EF07D2A459EEF00C930F2 /* SecondStartVC.swift */,
				025EF07B2A459EEF00C930F2 /* ThirdStartVC.swift */,
				025EF07C2A459EEF00C930F2 /* PageVC.swift */,
				022955562A6A6177004BF800 /* PageNC.swift */,
			);
			path = Controller;
			sourceTree = "<group>";
		};
		025EF07E2A459EEF00C930F2 /* View */ = {
			isa = PBXGroup;
			children = (
				025EF0802A459EEF00C930F2 /* PageView.swift */,
				029F04EC2A494C3100D82289 /* FirstStartView.swift */,
				029F04ED2A494C3100D82289 /* SecondStartView.swift */,
				029F04EE2A494C3100D82289 /* ThirdStartView.swift */,
			);
			path = View;
			sourceTree = "<group>";
		};
		025EF0872A459FC300C930F2 /* Assets */ = {
			isa = PBXGroup;
			children = (
				2A0D880728A540FE00576E56 /* Assets.xcassets */,
			);
			path = Assets;
			sourceTree = "<group>";
		};
		026E78EC2A6E7FD900A09282 /* Localizable */ = {
			isa = PBXGroup;
			children = (
				2A55DC4B2A6D446A00A13F58 /* Localizable.strings */,
			);
			path = Localizable;
			sourceTree = "<group>";
		};
		026E78EE2A6E80E400A09282 /* Support */ = {
			isa = PBXGroup;
			children = (
				2A0D880C28A540FE00576E56 /* Info.plist */,
				2A0D87FE28A540FB00576E56 /* AppDelegate.swift */,
				2A0D880028A540FB00576E56 /* SceneDelegate.swift */,
			);
			path = Support;
			sourceTree = "<group>";
		};
		026E9C1D2A4A7E1C00568CFD /* Protocol */ = {
			isa = PBXGroup;
			children = (
				026E9C1E2A4A7E2900568CFD /* DiaryProtocol.swift */,
			);
			path = Protocol;
			sourceTree = "<group>";
		};
		026E9C242A4AAADF00568CFD /* View */ = {
			isa = PBXGroup;
			children = (
				025EF03F2A459C2F00C930F2 /* AlertView.swift */,
				026E9C202A4AAA2500568CFD /* AlertConfirmView.swift */,
			);
			path = View;
			sourceTree = "<group>";
		};
		026E9C262A4AAAE800568CFD /* Controller */ = {
			isa = PBXGroup;
			children = (
				025EF0412A459C3B00C930F2 /* AlertVC.swift */,
				026E9C222A4AAAD400568CFD /* AlertConfirmVC.swift */,
			);
			path = Controller;
			sourceTree = "<group>";
		};
		029F04FB2A4984DA00D82289 /* ViewModel */ = {
			isa = PBXGroup;
			children = (
				029F04FC2A4984E800D82289 /* MainViewModel.swift */,
			);
			path = ViewModel;
			sourceTree = "<group>";
		};
		02F50B442A60F932006A59D3 /* Controller */ = {
			isa = PBXGroup;
			children = (
				022955522A6A60C7004BF800 /* MainNC.swift */,
				2A9F350D28AE1C0D006CCF7C /* MainVC.swift */,
				2A7241CC28B26AAD0040ADE9 /* DetailWriteVC.swift */,
				2A7241CE28B2A57E0040ADE9 /* ReadVC.swift */,
				2A81235328C5277D000A250E /* SimpleWriteVC.swift */,
			);
			path = Controller;
			sourceTree = "<group>";
		};
		097BDEFB190D1496A285C00F /* Pods */ = {
			isa = PBXGroup;
			children = (
				AFFB6B127945F0159B1A30E4 /* Pods-Thanks Diary.debug.xcconfig */,
				DEA50272BCD4BD5CA6312F82 /* Pods-Thanks Diary.release.xcconfig */,
			);
			path = Pods;
			sourceTree = "<group>";
		};
		2A0962D828CF443E00063DF3 /* Data */ = {
			isa = PBXGroup;
			children = (
				2A0962D928CF484300063DF3 /* TextData.csv */,
			);
			path = Data;
			sourceTree = "<group>";
		};
		2A0D87F228A540FB00576E56 = {
			isa = PBXGroup;
			children = (
				026E9C572A4C339200568CFD /* Pods-Thanks Diary-acknowledgements.plist */,
				2A0D87FD28A540FB00576E56 /* Thanks Diary */,
				2A0D87FC28A540FB00576E56 /* Products */,
				097BDEFB190D1496A285C00F /* Pods */,
				2DF9047C7ACFF111227AF94E /* Frameworks */,
			);
			sourceTree = "<group>";
		};
		2A0D87FC28A540FB00576E56 /* Products */ = {
			isa = PBXGroup;
			children = (
				2A0D87FB28A540FB00576E56 /* Thanks Diary.app */,
			);
			name = Products;
			sourceTree = "<group>";
		};
		2A0D87FD28A540FB00576E56 /* Thanks Diary */ = {
			isa = PBXGroup;
			children = (
				2A81234828C2A208000A250E /* DiaryData.xcdatamodeld */,
				2A81234328C0AD47000A250E /* Thanks Diary.entitlements */,
				025EF03C2A459BFA00C930F2 /* Common */,
				2A81233D28C095B7000A250E /* Util */,
				025EF0772A459ED400C930F2 /* Screen */,
				026E78EE2A6E80E400A09282 /* Support */,
				2A0D881528ABB6D900576E56 /* Resource */,
			);
			path = "Thanks Diary";
			sourceTree = "<group>";
		};
		2A0D881228ABB38900576E56 /* Font */ = {
			isa = PBXGroup;
			children = (
				026E9C2D2A4AC87E00568CFD /* NanumBarunGothic.ttf */,
				026E9C2C2A4AC87E00568CFD /* NanumBarunGothicBold.ttf */,
				026E9C2E2A4AC87E00568CFD /* NanumBarunGothicLight.ttf */,
				2A0541DB28D4A84400C04ED8 /* NanumBarunGothicUltraLight.ttf */,
				2A0D881328ABB3A000576E56 /* KOTRA_GOTHIC.ttf */,
			);
			path = Font;
			sourceTree = "<group>";
		};
		2A0D881528ABB6D900576E56 /* Resource */ = {
			isa = PBXGroup;
			children = (
				026E78EC2A6E7FD900A09282 /* Localizable */,
				025EF0872A459FC300C930F2 /* Assets */,
				2A0D881628ABB6E700576E56 /* Lottie */,
				2A0D881228ABB38900576E56 /* Font */,
				2A0962D828CF443E00063DF3 /* Data */,
			);
			path = Resource;
			sourceTree = "<group>";
		};
		2A0D881628ABB6E700576E56 /* Lottie */ = {
			isa = PBXGroup;
			children = (
				2A81232B28BFBDEA000A250E /* plant.json */,
				2A0D881728ABB80900576E56 /* wave.json */,
				2A0D881928ABB83A00576E56 /* dot.json */,
				2A81232528BFB2BD000A250E /* writing.json */,
				2A81232F28BFBF4D000A250E /* sun.json */,
				2A81232728BFB83B000A250E /* go.json */,
			);
			path = Lottie;
			sourceTree = "<group>";
		};
		2A55DC4E2A6D6EEC00A13F58 /* Controller */ = {
			isa = PBXGroup;
			children = (
				2A9F351228AE5763006CCF7C /* SettingVC.swift */,
				2A7241CA28B01EC10040ADE9 /* SettingPWVC.swift */,
				2A81233128BFFA0C000A250E /* SettingAlarmVC.swift */,
				2A81233A28C0067B000A250E /* SettingAlarmDetailVC.swift */,
			);
			path = Controller;
			sourceTree = "<group>";
		};
		2A81233D28C095B7000A250E /* Util */ = {
			isa = PBXGroup;
			children = (
				025EF0462A459C9200C930F2 /* Const */,
				025EF0512A459D0000C930F2 /* Manager */,
				025EF05A2A459DAC00C930F2 /* Auth */,
				025EF05D2A459DCF00C930F2 /* Error */,
				025EF0602A459DFD00C930F2 /* Extension */,
				025EF06D2A459E4700C930F2 /* Custom */,
				022955432A669D73004BF800 /* Etc */,
			);
			path = Util;
			sourceTree = "<group>";
		};
		2A81234628C0B716000A250E /* Cell */ = {
			isa = PBXGroup;
			children = (
				2A9F351428AE63ED006CCF7C /* SettingSwitchTVCell.swift */,
				2A9F351628AE63FD006CCF7C /* SettingMoreTVCell.swift */,
				2A9F351828AE6410006CCF7C /* SettingLabelTVCell.swift */,
			);
			path = Cell;
			sourceTree = "<group>";
		};
		2A81235628C53143000A250E /* Cell */ = {
			isa = PBXGroup;
			children = (
				2A81234B28C4E221000A250E /* DetailDiaryTVCell.swift */,
				2A81234D28C4E22C000A250E /* SimpleDiaryTVCell.swift */,
			);
			path = Cell;
			sourceTree = "<group>";
		};
		2A9F34F728ABC27D006CCF7C /* Launch */ = {
			isa = PBXGroup;
			children = (
				2A0D880228A540FB00576E56 /* LaunchVC.swift */,
				025EF08C2A45A36000C930F2 /* Launch.storyboard */,
			);
			path = Launch;
			sourceTree = "<group>";
		};
		2A9F34F928AC10D3006CCF7C /* Main */ = {
			isa = PBXGroup;
			children = (
				026E9C1D2A4A7E1C00568CFD /* Protocol */,
				02F50B442A60F932006A59D3 /* Controller */,
				2A9F350C28AE1BF9006CCF7C /* Model */,
				2A9F350B28AE1BF2006CCF7C /* View */,
				029F04FB2A4984DA00D82289 /* ViewModel */,
			);
			path = Main;
			sourceTree = "<group>";
		};
		2A9F34FA28AC10DE006CCF7C /* Setting */ = {
			isa = PBXGroup;
			children = (
				2A55DC4E2A6D6EEC00A13F58 /* Controller */,
				2A9F351128AE5752006CCF7C /* Model */,
				2A9F351028AE574D006CCF7C /* View */,
				2ABF8AA32A6C0568006ACBE2 /* ViewModel */,
			);
			path = Setting;
			sourceTree = "<group>";
		};
		2A9F350B28AE1BF2006CCF7C /* View */ = {
			isa = PBXGroup;
			children = (
				2A81235628C53143000A250E /* Cell */,
				02F50B452A60F9BB006A59D3 /* MainView.swift */,
				0229554C2A6A1003004BF800 /* DetailWriteView.swift */,
				022955502A6A2E42004BF800 /* ReadView.swift */,
				022955582A6A66D2004BF800 /* SimpleWriteView.swift */,
			);
			path = View;
			sourceTree = "<group>";
		};
		2A9F350C28AE1BF9006CCF7C /* Model */ = {
			isa = PBXGroup;
			children = (
				2A7241D928B3EDF70040ADE9 /* DetailDiaryModel.swift */,
				2A81235928C547A6000A250E /* SimpleDiaryModel.swift */,
			);
			path = Model;
			sourceTree = "<group>";
		};
		2A9F351028AE574D006CCF7C /* View */ = {
			isa = PBXGroup;
			children = (
				2A55DC4F2A6D6F8100A13F58 /* SettingView.swift */,
				026E78E82A6E4C0800A09282 /* SettingPWView.swift */,
				026E78E62A6E486C00A09282 /* SettingAlarmView.swift */,
				026E78EA2A6E772800A09282 /* SettingAlarmDetailView.swift */,
				2A81234628C0B716000A250E /* Cell */,
			);
			path = View;
			sourceTree = "<group>";
		};
		2A9F351128AE5752006CCF7C /* Model */ = {
			isa = PBXGroup;
			children = (
				2A72421028B426730040ADE9 /* SettingModel.swift */,
				2A0962BD28CE2E0C00063DF3 /* AlarmTimeEntity.swift */,
			);
			path = Model;
			sourceTree = "<group>";
		};
		2ABF8AA32A6C0568006ACBE2 /* ViewModel */ = {
			isa = PBXGroup;
			children = (
				2ABF8AA42A6C057E006ACBE2 /* SettingViewModel.swift */,
			);
			path = ViewModel;
			sourceTree = "<group>";
		};
		2DF9047C7ACFF111227AF94E /* Frameworks */ = {
			isa = PBXGroup;
			children = (
				429B7040896DFDAC458EFC4D /* Pods_Thanks_Diary.framework */,
				2A0962C428CF275D00063DF3 /* WidgetKit.framework */,
				2A0962C628CF275D00063DF3 /* SwiftUI.framework */,
			);
			name = Frameworks;
			sourceTree = "<group>";
		};
/* End PBXGroup section */

/* Begin PBXNativeTarget section */
		2A0D87FA28A540FB00576E56 /* Thanks Diary */ = {
			isa = PBXNativeTarget;
			buildConfigurationList = 2A0D880F28A540FE00576E56 /* Build configuration list for PBXNativeTarget "Thanks Diary" */;
			buildPhases = (
				E387B386A2CD6266A217C430 /* [CP] Check Pods Manifest.lock */,
				2A0D87F728A540FB00576E56 /* Sources */,
				2A0D87F828A540FB00576E56 /* Frameworks */,
				2A0D87F928A540FB00576E56 /* Resources */,
				EC4AA72DE5D3E95A351FE85E /* [CP] Embed Pods Frameworks */,
				2A0962D728CF275F00063DF3 /* Embed App Extensions */,
			);
			buildRules = (
			);
			dependencies = (
			);
			name = "Thanks Diary";
			packageProductDependencies = (
			);
			productName = "Thanks Diary";
			productReference = 2A0D87FB28A540FB00576E56 /* Thanks Diary.app */;
			productType = "com.apple.product-type.application";
		};
/* End PBXNativeTarget section */

/* Begin PBXProject section */
		2A0D87F328A540FB00576E56 /* Project object */ = {
			isa = PBXProject;
			attributes = {
				BuildIndependentTargetsInParallel = 1;
				LastSwiftUpdateCheck = 1330;
				LastUpgradeCheck = 1330;
				TargetAttributes = {
					2A0D87FA28A540FB00576E56 = {
						CreatedOnToolsVersion = 13.3;
					};
				};
			};
			buildConfigurationList = 2A0D87F628A540FB00576E56 /* Build configuration list for PBXProject "Thanks Diary" */;
			compatibilityVersion = "Xcode 13.0";
			developmentRegion = en;
			hasScannedForEncodings = 0;
			knownRegions = (
				en,
				Base,
				ko,
			);
			mainGroup = 2A0D87F228A540FB00576E56;
			packageReferences = (
			);
			productRefGroup = 2A0D87FC28A540FB00576E56 /* Products */;
			projectDirPath = "";
			projectRoot = "";
			targets = (
				2A0D87FA28A540FB00576E56 /* Thanks Diary */,
			);
		};
/* End PBXProject section */

/* Begin PBXResourcesBuildPhase section */
		2A0D87F928A540FB00576E56 /* Resources */ = {
			isa = PBXResourcesBuildPhase;
			buildActionMask = 2147483647;
			files = (
				2A55DC492A6D446A00A13F58 /* Localizable.strings in Resources */,
				2A81232C28BFBDEA000A250E /* plant.json in Resources */,
				2A0D880828A540FE00576E56 /* Assets.xcassets in Resources */,
				2A81232628BFB2BD000A250E /* writing.json in Resources */,
				2A0D881428ABB3A400576E56 /* KOTRA_GOTHIC.ttf in Resources */,
				026E9C2F2A4AC95500568CFD /* NanumBarunGothicLight.ttf in Resources */,
				2A0962DA28CF484300063DF3 /* TextData.csv in Resources */,
				2A0541DC28D4A84800C04ED8 /* NanumBarunGothicUltraLight.ttf in Resources */,
				026E9C582A4C339200568CFD /* Pods-Thanks Diary-acknowledgements.plist in Resources */,
				2A81232828BFB83B000A250E /* go.json in Resources */,
				026E9C302A4AC95900568CFD /* NanumBarunGothicBold.ttf in Resources */,
				2A0D881828ABB80900576E56 /* wave.json in Resources */,
				2A81233028BFBF4D000A250E /* sun.json in Resources */,
				025EF08D2A45A36000C930F2 /* Launch.storyboard in Resources */,
				2A0D881A28ABB83A00576E56 /* dot.json in Resources */,
				026E9C312A4AC95B00568CFD /* NanumBarunGothic.ttf in Resources */,
			);
			runOnlyForDeploymentPostprocessing = 0;
		};
/* End PBXResourcesBuildPhase section */

/* Begin PBXShellScriptBuildPhase section */
		E387B386A2CD6266A217C430 /* [CP] Check Pods Manifest.lock */ = {
			isa = PBXShellScriptBuildPhase;
			buildActionMask = 2147483647;
			files = (
			);
			inputFileListPaths = (
			);
			inputPaths = (
				"${PODS_PODFILE_DIR_PATH}/Podfile.lock",
				"${PODS_ROOT}/Manifest.lock",
			);
			name = "[CP] Check Pods Manifest.lock";
			outputFileListPaths = (
			);
			outputPaths = (
				"$(DERIVED_FILE_DIR)/Pods-Thanks Diary-checkManifestLockResult.txt",
			);
			runOnlyForDeploymentPostprocessing = 0;
			shellPath = /bin/sh;
			shellScript = "diff \"${PODS_PODFILE_DIR_PATH}/Podfile.lock\" \"${PODS_ROOT}/Manifest.lock\" > /dev/null\nif [ $? != 0 ] ; then\n    # print error to STDERR\n    echo \"error: The sandbox is not in sync with the Podfile.lock. Run 'pod install' or update your CocoaPods installation.\" >&2\n    exit 1\nfi\n# This output is used by Xcode 'outputs' to avoid re-running this script phase.\necho \"SUCCESS\" > \"${SCRIPT_OUTPUT_FILE_0}\"\n";
			showEnvVarsInLog = 0;
		};
		EC4AA72DE5D3E95A351FE85E /* [CP] Embed Pods Frameworks */ = {
			isa = PBXShellScriptBuildPhase;
			buildActionMask = 2147483647;
			files = (
			);
			inputFileListPaths = (
				"${PODS_ROOT}/Target Support Files/Pods-Thanks Diary/Pods-Thanks Diary-frameworks-${CONFIGURATION}-input-files.xcfilelist",
			);
			name = "[CP] Embed Pods Frameworks";
			outputFileListPaths = (
				"${PODS_ROOT}/Target Support Files/Pods-Thanks Diary/Pods-Thanks Diary-frameworks-${CONFIGURATION}-output-files.xcfilelist",
			);
			runOnlyForDeploymentPostprocessing = 0;
			shellPath = /bin/sh;
			shellScript = "\"${PODS_ROOT}/Target Support Files/Pods-Thanks Diary/Pods-Thanks Diary-frameworks.sh\"\n";
			showEnvVarsInLog = 0;
		};
/* End PBXShellScriptBuildPhase section */

/* Begin PBXSourcesBuildPhase section */
		2A0D87F728A540FB00576E56 /* Sources */ = {
			isa = PBXSourcesBuildPhase;
			buildActionMask = 2147483647;
			files = (
				025EF0402A459C2F00C930F2 /* AlertView.swift in Sources */,
				025EF04C2A459CA800C930F2 /* Font.swift in Sources */,
				2A7241CB28B01EC10040ADE9 /* SettingPWVC.swift in Sources */,
				025EF0422A459C3B00C930F2 /* AlertVC.swift in Sources */,
				026E78EB2A6E772800A09282 /* SettingAlarmDetailView.swift in Sources */,
				025EF05F2A459DF400C930F2 /* EmailLoginErrorList.swift in Sources */,
				2A81235A28C547A6000A250E /* SimpleDiaryModel.swift in Sources */,
				025EF06A2A459E2E00C930F2 /* UIViewController+.swift in Sources */,
				2A9F351328AE5763006CCF7C /* SettingVC.swift in Sources */,
				02F50B462A60F9BB006A59D3 /* MainView.swift in Sources */,
				025EF0822A459EEF00C930F2 /* ThirdStartVC.swift in Sources */,
				2A9F351528AE63ED006CCF7C /* SettingSwitchTVCell.swift in Sources */,
				029F04FD2A4984E800D82289 /* MainViewModel.swift in Sources */,
				0229554D2A6A1003004BF800 /* DetailWriteView.swift in Sources */,
				2A4F9302290071C200ECFE88 /* ErrorCase.swift in Sources */,
				2A7241CD28B26AAD0040ADE9 /* DetailWriteVC.swift in Sources */,
				026E9C232A4AAAD400568CFD /* AlertConfirmVC.swift in Sources */,
				025EF0732A459E4800C930F2 /* FloatingButtonCloseView.swift in Sources */,
				025EF0842A459EEF00C930F2 /* SecondStartVC.swift in Sources */,
				2A72421128B426730040ADE9 /* SettingModel.swift in Sources */,
				025EF06B2A459E2E00C930F2 /* String+.swift in Sources */,
				029F04EF2A494C3100D82289 /* FirstStartView.swift in Sources */,
				025EF0592A459D2700C930F2 /* FirebaseManager.swift in Sources */,
				2A81234E28C4E22C000A250E /* SimpleDiaryTVCell.swift in Sources */,
				2A9F351728AE63FD006CCF7C /* SettingMoreTVCell.swift in Sources */,
				2A0962BE28CE2E0C00063DF3 /* AlarmTimeEntity.swift in Sources */,
				025EF06C2A459E2E00C930F2 /* Date+.swift in Sources */,
				022955402A669273004BF800 /* BaseView.swift in Sources */,
				022955422A669BA0004BF800 /* BaseTVCell.swift in Sources */,
				026E78E72A6E486C00A09282 /* SettingAlarmView.swift in Sources */,
				025EF0862A459EEF00C930F2 /* PageView.swift in Sources */,
				026E9C1F2A4A7E2900568CFD /* DiaryProtocol.swift in Sources */,
				025EF0752A459E4800C930F2 /* FloatingButton.swift in Sources */,
				025EF0832A459EEF00C930F2 /* PageVC.swift in Sources */,
				2A81233B28C0067B000A250E /* SettingAlarmDetailVC.swift in Sources */,
				025EF0692A459E2E00C930F2 /* UIView+.swift in Sources */,
				025EF0482A459C9F00C930F2 /* Enum.swift in Sources */,
				025EF0582A459D2700C930F2 /* UserDefaultManager.swift in Sources */,
				2A81234A28C2A208000A250E /* DiaryData.xcdatamodeld in Sources */,
				026E78E92A6E4C0800A09282 /* SettingPWView.swift in Sources */,
				022955532A6A60C7004BF800 /* MainNC.swift in Sources */,
				025EF0572A459D2700C930F2 /* LottieManager.swift in Sources */,
				022955512A6A2E42004BF800 /* ReadView.swift in Sources */,
				026E9C212A4AAA2500568CFD /* AlertConfirmView.swift in Sources */,
				025EF04A2A459CA400C930F2 /* Color.swift in Sources */,
				2ABF8AA52A6C057E006ACBE2 /* SettingViewModel.swift in Sources */,
				025EF05C2A459DB700C930F2 /* AlarmAuth.swift in Sources */,
				0229553D2A66867D004BF800 /* UIControl+.swift in Sources */,
				0229554F2A6A12B3004BF800 /* Image.swift in Sources */,
				022955592A6A66D2004BF800 /* SimpleWriteView.swift in Sources */,
				2A55DC502A6D6F8100A13F58 /* SettingView.swift in Sources */,
				2A0D880328A540FB00576E56 /* LaunchVC.swift in Sources */,
				025EF0812A459EEF00C930F2 /* FirstStartVC.swift in Sources */,
				025EF03E2A459C2900C930F2 /* BaseVC.swift in Sources */,
				025EF0562A459D2700C930F2 /* AlertManager.swift in Sources */,
				029F04F92A4984BB00D82289 /* CoreDataManager.swift in Sources */,
				2A9F350E28AE1C0D006CCF7C /* MainVC.swift in Sources */,
				2A81235428C5277D000A250E /* SimpleWriteVC.swift in Sources */,
				025EF0742A459E4800C930F2 /* FloatingButtonVC.swift in Sources */,
				025EF0672A459E2E00C930F2 /* UITextField+.swift in Sources */,
				2A7241CF28B2A57E0040ADE9 /* ReadVC.swift in Sources */,
				022955572A6A6177004BF800 /* PageNC.swift in Sources */,
				025EF0762A459E4800C930F2 /* PaddingLabel.swift in Sources */,
				029F04F02A494C3100D82289 /* SecondStartView.swift in Sources */,
				022955552A6A614B004BF800 /* BaseNC.swift in Sources */,
				2A0D87FF28A540FB00576E56 /* AppDelegate.swift in Sources */,
				029F04F12A494C3100D82289 /* ThirdStartView.swift in Sources */,
				2A7241DA28B3EDF70040ADE9 /* DetailDiaryModel.swift in Sources */,
				2A81234C28C4E221000A250E /* DetailDiaryTVCell.swift in Sources */,
				2A81233228BFFA0C000A250E /* SettingAlarmVC.swift in Sources */,
				2A0D880128A540FB00576E56 /* SceneDelegate.swift in Sources */,
				025EF0502A459CE200C930F2 /* UserDefaultKey.swift in Sources */,
				2A9F351928AE6410006CCF7C /* SettingLabelTVCell.swift in Sources */,
			);
			runOnlyForDeploymentPostprocessing = 0;
		};
/* End PBXSourcesBuildPhase section */

/* Begin PBXVariantGroup section */
		2A55DC4B2A6D446A00A13F58 /* Localizable.strings */ = {
			isa = PBXVariantGroup;
			children = (
				2A55DC4A2A6D446A00A13F58 /* ko */,
			);
			name = Localizable.strings;
			sourceTree = "<group>";
		};
/* End PBXVariantGroup section */

/* Begin XCBuildConfiguration section */
		2A0D880D28A540FE00576E56 /* Debug */ = {
			isa = XCBuildConfiguration;
			buildSettings = {
				ALWAYS_SEARCH_USER_PATHS = NO;
				CLANG_ANALYZER_LOCALIZABILITY_NONLOCALIZED = YES;
				CLANG_ANALYZER_NONNULL = YES;
				CLANG_ANALYZER_NUMBER_OBJECT_CONVERSION = YES_AGGRESSIVE;
				CLANG_CXX_LANGUAGE_STANDARD = "gnu++17";
				CLANG_ENABLE_MODULES = YES;
				CLANG_ENABLE_OBJC_ARC = YES;
				CLANG_ENABLE_OBJC_WEAK = YES;
				CLANG_WARN_BLOCK_CAPTURE_AUTORELEASING = YES;
				CLANG_WARN_BOOL_CONVERSION = YES;
				CLANG_WARN_COMMA = YES;
				CLANG_WARN_CONSTANT_CONVERSION = YES;
				CLANG_WARN_DEPRECATED_OBJC_IMPLEMENTATIONS = YES;
				CLANG_WARN_DIRECT_OBJC_ISA_USAGE = YES_ERROR;
				CLANG_WARN_DOCUMENTATION_COMMENTS = YES;
				CLANG_WARN_EMPTY_BODY = YES;
				CLANG_WARN_ENUM_CONVERSION = YES;
				CLANG_WARN_INFINITE_RECURSION = YES;
				CLANG_WARN_INT_CONVERSION = YES;
				CLANG_WARN_NON_LITERAL_NULL_CONVERSION = YES;
				CLANG_WARN_OBJC_IMPLICIT_RETAIN_SELF = YES;
				CLANG_WARN_OBJC_LITERAL_CONVERSION = YES;
				CLANG_WARN_OBJC_ROOT_CLASS = YES_ERROR;
				CLANG_WARN_QUOTED_INCLUDE_IN_FRAMEWORK_HEADER = YES;
				CLANG_WARN_RANGE_LOOP_ANALYSIS = YES;
				CLANG_WARN_STRICT_PROTOTYPES = YES;
				CLANG_WARN_SUSPICIOUS_MOVE = YES;
				CLANG_WARN_UNGUARDED_AVAILABILITY = YES_AGGRESSIVE;
				CLANG_WARN_UNREACHABLE_CODE = YES;
				CLANG_WARN__DUPLICATE_METHOD_MATCH = YES;
				COPY_PHASE_STRIP = NO;
				DEBUG_INFORMATION_FORMAT = dwarf;
				ENABLE_STRICT_OBJC_MSGSEND = YES;
				ENABLE_TESTABILITY = YES;
				GCC_C_LANGUAGE_STANDARD = gnu11;
				GCC_DYNAMIC_NO_PIC = NO;
				GCC_NO_COMMON_BLOCKS = YES;
				GCC_OPTIMIZATION_LEVEL = 0;
				GCC_PREPROCESSOR_DEFINITIONS = (
					"DEBUG=1",
					"$(inherited)",
				);
				GCC_WARN_64_TO_32_BIT_CONVERSION = YES;
				GCC_WARN_ABOUT_RETURN_TYPE = YES_ERROR;
				GCC_WARN_UNDECLARED_SELECTOR = YES;
				GCC_WARN_UNINITIALIZED_AUTOS = YES_AGGRESSIVE;
				GCC_WARN_UNUSED_FUNCTION = YES;
				GCC_WARN_UNUSED_VARIABLE = YES;
				INFOPLIST_KEY_CFBundleDisplayName = "감사일기";
				IPHONEOS_DEPLOYMENT_TARGET = 14.0;
				MTL_ENABLE_DEBUG_INFO = INCLUDE_SOURCE;
				MTL_FAST_MATH = YES;
				ONLY_ACTIVE_ARCH = YES;
				SDKROOT = iphoneos;
				SWIFT_ACTIVE_COMPILATION_CONDITIONS = DEBUG;
				SWIFT_OPTIMIZATION_LEVEL = "-Onone";
			};
			name = Debug;
		};
		2A0D880E28A540FE00576E56 /* Release */ = {
			isa = XCBuildConfiguration;
			buildSettings = {
				ALWAYS_SEARCH_USER_PATHS = NO;
				CLANG_ANALYZER_LOCALIZABILITY_NONLOCALIZED = YES;
				CLANG_ANALYZER_NONNULL = YES;
				CLANG_ANALYZER_NUMBER_OBJECT_CONVERSION = YES_AGGRESSIVE;
				CLANG_CXX_LANGUAGE_STANDARD = "gnu++17";
				CLANG_ENABLE_MODULES = YES;
				CLANG_ENABLE_OBJC_ARC = YES;
				CLANG_ENABLE_OBJC_WEAK = YES;
				CLANG_WARN_BLOCK_CAPTURE_AUTORELEASING = YES;
				CLANG_WARN_BOOL_CONVERSION = YES;
				CLANG_WARN_COMMA = YES;
				CLANG_WARN_CONSTANT_CONVERSION = YES;
				CLANG_WARN_DEPRECATED_OBJC_IMPLEMENTATIONS = YES;
				CLANG_WARN_DIRECT_OBJC_ISA_USAGE = YES_ERROR;
				CLANG_WARN_DOCUMENTATION_COMMENTS = YES;
				CLANG_WARN_EMPTY_BODY = YES;
				CLANG_WARN_ENUM_CONVERSION = YES;
				CLANG_WARN_INFINITE_RECURSION = YES;
				CLANG_WARN_INT_CONVERSION = YES;
				CLANG_WARN_NON_LITERAL_NULL_CONVERSION = YES;
				CLANG_WARN_OBJC_IMPLICIT_RETAIN_SELF = YES;
				CLANG_WARN_OBJC_LITERAL_CONVERSION = YES;
				CLANG_WARN_OBJC_ROOT_CLASS = YES_ERROR;
				CLANG_WARN_QUOTED_INCLUDE_IN_FRAMEWORK_HEADER = YES;
				CLANG_WARN_RANGE_LOOP_ANALYSIS = YES;
				CLANG_WARN_STRICT_PROTOTYPES = YES;
				CLANG_WARN_SUSPICIOUS_MOVE = YES;
				CLANG_WARN_UNGUARDED_AVAILABILITY = YES_AGGRESSIVE;
				CLANG_WARN_UNREACHABLE_CODE = YES;
				CLANG_WARN__DUPLICATE_METHOD_MATCH = YES;
				COPY_PHASE_STRIP = NO;
				DEBUG_INFORMATION_FORMAT = "dwarf-with-dsym";
				ENABLE_NS_ASSERTIONS = NO;
				ENABLE_STRICT_OBJC_MSGSEND = YES;
				GCC_C_LANGUAGE_STANDARD = gnu11;
				GCC_NO_COMMON_BLOCKS = YES;
				GCC_WARN_64_TO_32_BIT_CONVERSION = YES;
				GCC_WARN_ABOUT_RETURN_TYPE = YES_ERROR;
				GCC_WARN_UNDECLARED_SELECTOR = YES;
				GCC_WARN_UNINITIALIZED_AUTOS = YES_AGGRESSIVE;
				GCC_WARN_UNUSED_FUNCTION = YES;
				GCC_WARN_UNUSED_VARIABLE = YES;
				INFOPLIST_KEY_CFBundleDisplayName = "감사일기";
				IPHONEOS_DEPLOYMENT_TARGET = 14.0;
				MTL_ENABLE_DEBUG_INFO = NO;
				MTL_FAST_MATH = YES;
				SDKROOT = iphoneos;
				SWIFT_COMPILATION_MODE = wholemodule;
				SWIFT_OPTIMIZATION_LEVEL = "-O";
				VALIDATE_PRODUCT = YES;
			};
			name = Release;
		};
		2A0D881028A540FE00576E56 /* Debug */ = {
			isa = XCBuildConfiguration;
			baseConfigurationReference = AFFB6B127945F0159B1A30E4 /* Pods-Thanks Diary.debug.xcconfig */;
			buildSettings = {
				ASSETCATALOG_COMPILER_APPICON_NAME = AppIcon;
				ASSETCATALOG_COMPILER_GLOBAL_ACCENT_COLOR_NAME = AccentColor;
				CODE_SIGN_ENTITLEMENTS = "Thanks Diary/Thanks Diary.entitlements";
				CODE_SIGN_STYLE = Automatic;
				CURRENT_PROJECT_VERSION = 152;
				DEVELOPMENT_TEAM = 68P2WV4DR3;
				GENERATE_INFOPLIST_FILE = YES;
				INFOPLIST_FILE = "Thanks Diary/Support/Info.plist";
				INFOPLIST_KEY_CFBundleDisplayName = "감사일기";
				INFOPLIST_KEY_LSApplicationCategoryType = "public.app-category.lifestyle";
				INFOPLIST_KEY_UIApplicationSupportsIndirectInputEvents = YES;
				INFOPLIST_KEY_UILaunchStoryboardName = LaunchScreen;
				INFOPLIST_KEY_UIMainStoryboardFile = "";
				INFOPLIST_KEY_UISupportedInterfaceOrientations = UIInterfaceOrientationPortrait;
				INFOPLIST_KEY_UISupportedInterfaceOrientations_iPad = "UIInterfaceOrientationLandscapeLeft UIInterfaceOrientationLandscapeRight UIInterfaceOrientationPortrait UIInterfaceOrientationPortraitUpsideDown";
				IPHONEOS_DEPLOYMENT_TARGET = 14.0;
				LD_RUNPATH_SEARCH_PATHS = (
					"$(inherited)",
					"@executable_path/Frameworks",
				);
				MARKETING_VERSION = 1.0.3;
				PRODUCT_BUNDLE_IDENTIFIER = "com.lily.Thanks-Diary";
				PRODUCT_NAME = "$(TARGET_NAME)";
				SUPPORTED_PLATFORMS = "iphoneos iphonesimulator";
				SUPPORTS_MACCATALYST = NO;
				SUPPORTS_MAC_DESIGNED_FOR_IPHONE_IPAD = NO;
				SWIFT_EMIT_LOC_STRINGS = YES;
				SWIFT_VERSION = 5.0;
				TARGETED_DEVICE_FAMILY = 1;
			};
			name = Debug;
		};
		2A0D881128A540FE00576E56 /* Release */ = {
			isa = XCBuildConfiguration;
			baseConfigurationReference = DEA50272BCD4BD5CA6312F82 /* Pods-Thanks Diary.release.xcconfig */;
			buildSettings = {
				ASSETCATALOG_COMPILER_APPICON_NAME = AppIcon;
				ASSETCATALOG_COMPILER_GLOBAL_ACCENT_COLOR_NAME = AccentColor;
				CODE_SIGN_ENTITLEMENTS = "Thanks Diary/Thanks Diary.entitlements";
				CODE_SIGN_STYLE = Automatic;
				CURRENT_PROJECT_VERSION = 152;
				DEVELOPMENT_TEAM = 68P2WV4DR3;
				GENERATE_INFOPLIST_FILE = YES;
				INFOPLIST_FILE = "Thanks Diary/Support/Info.plist";
				INFOPLIST_KEY_CFBundleDisplayName = "감사일기";
				INFOPLIST_KEY_LSApplicationCategoryType = "public.app-category.lifestyle";
				INFOPLIST_KEY_UIApplicationSupportsIndirectInputEvents = YES;
				INFOPLIST_KEY_UILaunchStoryboardName = LaunchScreen;
				INFOPLIST_KEY_UIMainStoryboardFile = "";
				INFOPLIST_KEY_UISupportedInterfaceOrientations = UIInterfaceOrientationPortrait;
				INFOPLIST_KEY_UISupportedInterfaceOrientations_iPad = "UIInterfaceOrientationLandscapeLeft UIInterfaceOrientationLandscapeRight UIInterfaceOrientationPortrait UIInterfaceOrientationPortraitUpsideDown";
				IPHONEOS_DEPLOYMENT_TARGET = 14.0;
				LD_RUNPATH_SEARCH_PATHS = (
					"$(inherited)",
					"@executable_path/Frameworks",
				);
				MARKETING_VERSION = 1.0.3;
				PRODUCT_BUNDLE_IDENTIFIER = "com.lily.Thanks-Diary";
				PRODUCT_NAME = "$(TARGET_NAME)";
				SUPPORTED_PLATFORMS = "iphoneos iphonesimulator";
				SUPPORTS_MACCATALYST = NO;
				SUPPORTS_MAC_DESIGNED_FOR_IPHONE_IPAD = NO;
				SWIFT_EMIT_LOC_STRINGS = YES;
				SWIFT_VERSION = 5.0;
				TARGETED_DEVICE_FAMILY = 1;
			};
			name = Release;
		};
/* End XCBuildConfiguration section */

/* Begin XCConfigurationList section */
		2A0D87F628A540FB00576E56 /* Build configuration list for PBXProject "Thanks Diary" */ = {
			isa = XCConfigurationList;
			buildConfigurations = (
				2A0D880D28A540FE00576E56 /* Debug */,
				2A0D880E28A540FE00576E56 /* Release */,
			);
			defaultConfigurationIsVisible = 0;
			defaultConfigurationName = Release;
		};
		2A0D880F28A540FE00576E56 /* Build configuration list for PBXNativeTarget "Thanks Diary" */ = {
			isa = XCConfigurationList;
			buildConfigurations = (
				2A0D881028A540FE00576E56 /* Debug */,
				2A0D881128A540FE00576E56 /* Release */,
			);
			defaultConfigurationIsVisible = 0;
			defaultConfigurationName = Release;
		};
/* End XCConfigurationList section */

/* Begin XCVersionGroup section */
		2A81234828C2A208000A250E /* DiaryData.xcdatamodeld */ = {
			isa = XCVersionGroup;
			children = (
				2A81234928C2A208000A250E /* DiaryData.xcdatamodel */,
			);
			currentVersion = 2A81234928C2A208000A250E /* DiaryData.xcdatamodel */;
			path = DiaryData.xcdatamodeld;
			sourceTree = "<group>";
			versionGroupType = wrapper.xcdatamodel;
		};
/* End XCVersionGroup section */
	};
	rootObject = 2A0D87F328A540FB00576E56 /* Project object */;
}
