// !$*UTF8*$!
{
	archiveVersion = 1;
	classes = {
	};
	objectVersion = 55;
	objects = {

/* Begin PBXBuildFile section */
		2A0D87FF28A540FB00576E56 /* AppDelegate.swift in Sources */ = {isa = PBXBuildFile; fileRef = 2A0D87FE28A540FB00576E56 /* AppDelegate.swift */; };
		2A0D880128A540FB00576E56 /* SceneDelegate.swift in Sources */ = {isa = PBXBuildFile; fileRef = 2A0D880028A540FB00576E56 /* SceneDelegate.swift */; };
		2A0D880328A540FB00576E56 /* SplashVC.swift in Sources */ = {isa = PBXBuildFile; fileRef = 2A0D880228A540FB00576E56 /* SplashVC.swift */; };
		2A0D880628A540FB00576E56 /* Main.storyboard in Resources */ = {isa = PBXBuildFile; fileRef = 2A0D880428A540FB00576E56 /* Main.storyboard */; };
		2A0D880828A540FE00576E56 /* Assets.xcassets in Resources */ = {isa = PBXBuildFile; fileRef = 2A0D880728A540FE00576E56 /* Assets.xcassets */; };
		2A0D880B28A540FE00576E56 /* LaunchScreen.storyboard in Resources */ = {isa = PBXBuildFile; fileRef = 2A0D880928A540FE00576E56 /* LaunchScreen.storyboard */; };
		2A0D881428ABB3A400576E56 /* KOTRA_GOTHIC.ttf in Resources */ = {isa = PBXBuildFile; fileRef = 2A0D881328ABB3A000576E56 /* KOTRA_GOTHIC.ttf */; };
		2A0D881828ABB80900576E56 /* wave.json in Resources */ = {isa = PBXBuildFile; fileRef = 2A0D881728ABB80900576E56 /* wave.json */; };
		2A0D881A28ABB83A00576E56 /* dot.json in Resources */ = {isa = PBXBuildFile; fileRef = 2A0D881928ABB83A00576E56 /* dot.json */; };
		2A7241C928B019C00040ADE9 /* SettingAlarmCell.swift in Sources */ = {isa = PBXBuildFile; fileRef = 2A7241C828B019C00040ADE9 /* SettingAlarmCell.swift */; };
		2A7241CB28B01EC10040ADE9 /* SettingPWVC.swift in Sources */ = {isa = PBXBuildFile; fileRef = 2A7241CA28B01EC10040ADE9 /* SettingPWVC.swift */; };
		2A7241CD28B26AAD0040ADE9 /* WriteVC.swift in Sources */ = {isa = PBXBuildFile; fileRef = 2A7241CC28B26AAD0040ADE9 /* WriteVC.swift */; };
		2A7241CF28B2A57E0040ADE9 /* ReadVC.swift in Sources */ = {isa = PBXBuildFile; fileRef = 2A7241CE28B2A57E0040ADE9 /* ReadVC.swift */; };
		2A7241D128B2A5950040ADE9 /* DeletePopupVC.swift in Sources */ = {isa = PBXBuildFile; fileRef = 2A7241D028B2A5950040ADE9 /* DeletePopupVC.swift */; };
		2A7241D328B2C1070040ADE9 /* MainDiaryListCell.swift in Sources */ = {isa = PBXBuildFile; fileRef = 2A7241D228B2C1070040ADE9 /* MainDiaryListCell.swift */; };
		2A7241D628B2C64E0040ADE9 /* DiaryCoreData.xcdatamodeld in Sources */ = {isa = PBXBuildFile; fileRef = 2A7241D428B2C64E0040ADE9 /* DiaryCoreData.xcdatamodeld */; };
		2A7241D828B3EDE60040ADE9 /* MainModel.swift in Sources */ = {isa = PBXBuildFile; fileRef = 2A7241D728B3EDE60040ADE9 /* MainModel.swift */; };
		2A7241DA28B3EDF70040ADE9 /* DiaryEntity.swift in Sources */ = {isa = PBXBuildFile; fileRef = 2A7241D928B3EDF70040ADE9 /* DiaryEntity.swift */; };
		2A72420328B425E90040ADE9 /* SplashViewModel.swift in Sources */ = {isa = PBXBuildFile; fileRef = 2A72420228B425E90040ADE9 /* SplashViewModel.swift */; };
		2A72420528B425F30040ADE9 /* SplashModel.swift in Sources */ = {isa = PBXBuildFile; fileRef = 2A72420428B425F30040ADE9 /* SplashModel.swift */; };
		2A72420B28B4264F0040ADE9 /* StartModel.swift in Sources */ = {isa = PBXBuildFile; fileRef = 2A72420A28B4264F0040ADE9 /* StartModel.swift */; };
		2A72420D28B426570040ADE9 /* StartViewModel.swift in Sources */ = {isa = PBXBuildFile; fileRef = 2A72420C28B426570040ADE9 /* StartViewModel.swift */; };
		2A72421128B426730040ADE9 /* SettingModel.swift in Sources */ = {isa = PBXBuildFile; fileRef = 2A72421028B426730040ADE9 /* SettingModel.swift */; };
		2A72421328B4267D0040ADE9 /* SettingViewModel.swift in Sources */ = {isa = PBXBuildFile; fileRef = 2A72421228B4267D0040ADE9 /* SettingViewModel.swift */; };
		2A72421528B768630040ADE9 /* MainViewModel.swift in Sources */ = {isa = PBXBuildFile; fileRef = 2A72421428B768630040ADE9 /* MainViewModel.swift */; };
		2A9F34FD28AC1233006CCF7C /* Lottie in Frameworks */ = {isa = PBXBuildFile; productRef = 2A9F34FC28AC1233006CCF7C /* Lottie */; };
		2A9F350228AC20D5006CCF7C /* FirstStartVC.swift in Sources */ = {isa = PBXBuildFile; fileRef = 2A9F350128AC20D5006CCF7C /* FirstStartVC.swift */; };
		2A9F350428AC20FC006CCF7C /* SecondStartVC.swift in Sources */ = {isa = PBXBuildFile; fileRef = 2A9F350328AC20FC006CCF7C /* SecondStartVC.swift */; };
		2A9F350628AC2109006CCF7C /* ThirdStartVC.swift in Sources */ = {isa = PBXBuildFile; fileRef = 2A9F350528AC2109006CCF7C /* ThirdStartVC.swift */; };
		2A9F350828AC2197006CCF7C /* LoginVC.swift in Sources */ = {isa = PBXBuildFile; fileRef = 2A9F350728AC2197006CCF7C /* LoginVC.swift */; };
		2A9F350E28AE1C0D006CCF7C /* MainVC.swift in Sources */ = {isa = PBXBuildFile; fileRef = 2A9F350D28AE1C0D006CCF7C /* MainVC.swift */; };
		2A9F351328AE5763006CCF7C /* SettingVC.swift in Sources */ = {isa = PBXBuildFile; fileRef = 2A9F351228AE5763006CCF7C /* SettingVC.swift */; };
		2A9F351528AE63ED006CCF7C /* SettingSwitchCell.swift in Sources */ = {isa = PBXBuildFile; fileRef = 2A9F351428AE63ED006CCF7C /* SettingSwitchCell.swift */; };
		2A9F351728AE63FD006CCF7C /* SettingMoreCell.swift in Sources */ = {isa = PBXBuildFile; fileRef = 2A9F351628AE63FD006CCF7C /* SettingMoreCell.swift */; };
		2A9F351928AE6410006CCF7C /* SettingLabelCell.swift in Sources */ = {isa = PBXBuildFile; fileRef = 2A9F351828AE6410006CCF7C /* SettingLabelCell.swift */; };
		ACEFCD4F27BC9557CACB1E3B /* Pods_Thanks_Diary.framework in Frameworks */ = {isa = PBXBuildFile; fileRef = 429B7040896DFDAC458EFC4D /* Pods_Thanks_Diary.framework */; };
/* End PBXBuildFile section */

/* Begin PBXFileReference section */
		2A0D87FB28A540FB00576E56 /* Thanks Diary.app */ = {isa = PBXFileReference; explicitFileType = wrapper.application; includeInIndex = 0; path = "Thanks Diary.app"; sourceTree = BUILT_PRODUCTS_DIR; };
		2A0D87FE28A540FB00576E56 /* AppDelegate.swift */ = {isa = PBXFileReference; lastKnownFileType = sourcecode.swift; path = AppDelegate.swift; sourceTree = "<group>"; };
		2A0D880028A540FB00576E56 /* SceneDelegate.swift */ = {isa = PBXFileReference; lastKnownFileType = sourcecode.swift; path = SceneDelegate.swift; sourceTree = "<group>"; };
		2A0D880228A540FB00576E56 /* SplashVC.swift */ = {isa = PBXFileReference; lastKnownFileType = sourcecode.swift; path = SplashVC.swift; sourceTree = "<group>"; };
		2A0D880528A540FB00576E56 /* Base */ = {isa = PBXFileReference; lastKnownFileType = file.storyboard; name = Base; path = Base.lproj/Main.storyboard; sourceTree = "<group>"; };
		2A0D880728A540FE00576E56 /* Assets.xcassets */ = {isa = PBXFileReference; lastKnownFileType = folder.assetcatalog; path = Assets.xcassets; sourceTree = "<group>"; };
		2A0D880A28A540FE00576E56 /* Base */ = {isa = PBXFileReference; lastKnownFileType = file.storyboard; name = Base; path = Base.lproj/LaunchScreen.storyboard; sourceTree = "<group>"; };
		2A0D880C28A540FE00576E56 /* Info.plist */ = {isa = PBXFileReference; lastKnownFileType = text.plist.xml; path = Info.plist; sourceTree = "<group>"; };
		2A0D881328ABB3A000576E56 /* KOTRA_GOTHIC.ttf */ = {isa = PBXFileReference; lastKnownFileType = file; path = KOTRA_GOTHIC.ttf; sourceTree = "<group>"; };
		2A0D881728ABB80900576E56 /* wave.json */ = {isa = PBXFileReference; fileEncoding = 4; lastKnownFileType = text.json; path = wave.json; sourceTree = "<group>"; };
		2A0D881928ABB83A00576E56 /* dot.json */ = {isa = PBXFileReference; fileEncoding = 4; lastKnownFileType = text.json; path = dot.json; sourceTree = "<group>"; };
		2A7241C828B019C00040ADE9 /* SettingAlarmCell.swift */ = {isa = PBXFileReference; lastKnownFileType = sourcecode.swift; path = SettingAlarmCell.swift; sourceTree = "<group>"; };
		2A7241CA28B01EC10040ADE9 /* SettingPWVC.swift */ = {isa = PBXFileReference; lastKnownFileType = sourcecode.swift; path = SettingPWVC.swift; sourceTree = "<group>"; };
		2A7241CC28B26AAD0040ADE9 /* WriteVC.swift */ = {isa = PBXFileReference; lastKnownFileType = sourcecode.swift; path = WriteVC.swift; sourceTree = "<group>"; };
		2A7241CE28B2A57E0040ADE9 /* ReadVC.swift */ = {isa = PBXFileReference; lastKnownFileType = sourcecode.swift; path = ReadVC.swift; sourceTree = "<group>"; };
		2A7241D028B2A5950040ADE9 /* DeletePopupVC.swift */ = {isa = PBXFileReference; lastKnownFileType = sourcecode.swift; path = DeletePopupVC.swift; sourceTree = "<group>"; };
		2A7241D228B2C1070040ADE9 /* MainDiaryListCell.swift */ = {isa = PBXFileReference; lastKnownFileType = sourcecode.swift; path = MainDiaryListCell.swift; sourceTree = "<group>"; };
		2A7241D528B2C64E0040ADE9 /* DiaryCoreData.xcdatamodel */ = {isa = PBXFileReference; lastKnownFileType = wrapper.xcdatamodel; path = DiaryCoreData.xcdatamodel; sourceTree = "<group>"; };
		2A7241D728B3EDE60040ADE9 /* MainModel.swift */ = {isa = PBXFileReference; lastKnownFileType = sourcecode.swift; path = MainModel.swift; sourceTree = "<group>"; };
		2A7241D928B3EDF70040ADE9 /* DiaryEntity.swift */ = {isa = PBXFileReference; lastKnownFileType = sourcecode.swift; path = DiaryEntity.swift; sourceTree = "<group>"; };
		2A72420228B425E90040ADE9 /* SplashViewModel.swift */ = {isa = PBXFileReference; lastKnownFileType = sourcecode.swift; path = SplashViewModel.swift; sourceTree = "<group>"; };
		2A72420428B425F30040ADE9 /* SplashModel.swift */ = {isa = PBXFileReference; lastKnownFileType = sourcecode.swift; path = SplashModel.swift; sourceTree = "<group>"; };
		2A72420A28B4264F0040ADE9 /* StartModel.swift */ = {isa = PBXFileReference; lastKnownFileType = sourcecode.swift; path = StartModel.swift; sourceTree = "<group>"; };
		2A72420C28B426570040ADE9 /* StartViewModel.swift */ = {isa = PBXFileReference; lastKnownFileType = sourcecode.swift; path = StartViewModel.swift; sourceTree = "<group>"; };
		2A72421028B426730040ADE9 /* SettingModel.swift */ = {isa = PBXFileReference; lastKnownFileType = sourcecode.swift; path = SettingModel.swift; sourceTree = "<group>"; };
		2A72421228B4267D0040ADE9 /* SettingViewModel.swift */ = {isa = PBXFileReference; lastKnownFileType = sourcecode.swift; path = SettingViewModel.swift; sourceTree = "<group>"; };
		2A72421428B768630040ADE9 /* MainViewModel.swift */ = {isa = PBXFileReference; lastKnownFileType = sourcecode.swift; path = MainViewModel.swift; sourceTree = "<group>"; };
		2A9F350128AC20D5006CCF7C /* FirstStartVC.swift */ = {isa = PBXFileReference; lastKnownFileType = sourcecode.swift; path = FirstStartVC.swift; sourceTree = "<group>"; };
		2A9F350328AC20FC006CCF7C /* SecondStartVC.swift */ = {isa = PBXFileReference; lastKnownFileType = sourcecode.swift; path = SecondStartVC.swift; sourceTree = "<group>"; };
		2A9F350528AC2109006CCF7C /* ThirdStartVC.swift */ = {isa = PBXFileReference; lastKnownFileType = sourcecode.swift; path = ThirdStartVC.swift; sourceTree = "<group>"; };
		2A9F350728AC2197006CCF7C /* LoginVC.swift */ = {isa = PBXFileReference; lastKnownFileType = sourcecode.swift; path = LoginVC.swift; sourceTree = "<group>"; };
		2A9F350D28AE1C0D006CCF7C /* MainVC.swift */ = {isa = PBXFileReference; lastKnownFileType = sourcecode.swift; path = MainVC.swift; sourceTree = "<group>"; };
		2A9F351228AE5763006CCF7C /* SettingVC.swift */ = {isa = PBXFileReference; lastKnownFileType = sourcecode.swift; path = SettingVC.swift; sourceTree = "<group>"; };
		2A9F351428AE63ED006CCF7C /* SettingSwitchCell.swift */ = {isa = PBXFileReference; lastKnownFileType = sourcecode.swift; path = SettingSwitchCell.swift; sourceTree = "<group>"; };
		2A9F351628AE63FD006CCF7C /* SettingMoreCell.swift */ = {isa = PBXFileReference; lastKnownFileType = sourcecode.swift; path = SettingMoreCell.swift; sourceTree = "<group>"; };
		2A9F351828AE6410006CCF7C /* SettingLabelCell.swift */ = {isa = PBXFileReference; lastKnownFileType = sourcecode.swift; path = SettingLabelCell.swift; sourceTree = "<group>"; };
		429B7040896DFDAC458EFC4D /* Pods_Thanks_Diary.framework */ = {isa = PBXFileReference; explicitFileType = wrapper.framework; includeInIndex = 0; path = Pods_Thanks_Diary.framework; sourceTree = BUILT_PRODUCTS_DIR; };
		AFFB6B127945F0159B1A30E4 /* Pods-Thanks Diary.debug.xcconfig */ = {isa = PBXFileReference; includeInIndex = 1; lastKnownFileType = text.xcconfig; name = "Pods-Thanks Diary.debug.xcconfig"; path = "Target Support Files/Pods-Thanks Diary/Pods-Thanks Diary.debug.xcconfig"; sourceTree = "<group>"; };
		DEA50272BCD4BD5CA6312F82 /* Pods-Thanks Diary.release.xcconfig */ = {isa = PBXFileReference; includeInIndex = 1; lastKnownFileType = text.xcconfig; name = "Pods-Thanks Diary.release.xcconfig"; path = "Target Support Files/Pods-Thanks Diary/Pods-Thanks Diary.release.xcconfig"; sourceTree = "<group>"; };
/* End PBXFileReference section */

/* Begin PBXFrameworksBuildPhase section */
		2A0D87F828A540FB00576E56 /* Frameworks */ = {
			isa = PBXFrameworksBuildPhase;
			buildActionMask = 2147483647;
			files = (
				ACEFCD4F27BC9557CACB1E3B /* Pods_Thanks_Diary.framework in Frameworks */,
				2A9F34FD28AC1233006CCF7C /* Lottie in Frameworks */,
			);
			runOnlyForDeploymentPostprocessing = 0;
		};
/* End PBXFrameworksBuildPhase section */

/* Begin PBXGroup section */
		097BDEFB190D1496A285C00F /* Pods */ = {
			isa = PBXGroup;
			children = (
				AFFB6B127945F0159B1A30E4 /* Pods-Thanks Diary.debug.xcconfig */,
				DEA50272BCD4BD5CA6312F82 /* Pods-Thanks Diary.release.xcconfig */,
			);
			path = Pods;
			sourceTree = "<group>";
		};
		2A0D87F228A540FB00576E56 = {
			isa = PBXGroup;
			children = (
				2A0D87FD28A540FB00576E56 /* Thanks Diary */,
				2A0D87FC28A540FB00576E56 /* Products */,
				097BDEFB190D1496A285C00F /* Pods */,
				2DF9047C7ACFF111227AF94E /* Frameworks */,
			);
			sourceTree = "<group>";
		};
		2A0D87FC28A540FB00576E56 /* Products */ = {
			isa = PBXGroup;
			children = (
				2A0D87FB28A540FB00576E56 /* Thanks Diary.app */,
			);
			name = Products;
			sourceTree = "<group>";
		};
		2A0D87FD28A540FB00576E56 /* Thanks Diary */ = {
			isa = PBXGroup;
			children = (
				2A9F34F728ABC27D006CCF7C /* Splash */,
				2A9F34F828ABC28A006CCF7C /* Start */,
				2A9F34F928AC10D3006CCF7C /* Main */,
				2A9F34FA28AC10DE006CCF7C /* Setting */,
				2A0D87FE28A540FB00576E56 /* AppDelegate.swift */,
				2A0D880028A540FB00576E56 /* SceneDelegate.swift */,
				2A0D881528ABB6D900576E56 /* Style */,
				2A0D880428A540FB00576E56 /* Main.storyboard */,
				2A7241D428B2C64E0040ADE9 /* DiaryCoreData.xcdatamodeld */,
				2A0D880728A540FE00576E56 /* Assets.xcassets */,
				2A0D880928A540FE00576E56 /* LaunchScreen.storyboard */,
				2A0D880C28A540FE00576E56 /* Info.plist */,
			);
			path = "Thanks Diary";
			sourceTree = "<group>";
		};
		2A0D881228ABB38900576E56 /* Font */ = {
			isa = PBXGroup;
			children = (
				2A0D881328ABB3A000576E56 /* KOTRA_GOTHIC.ttf */,
			);
			path = Font;
			sourceTree = "<group>";
		};
		2A0D881528ABB6D900576E56 /* Style */ = {
			isa = PBXGroup;
			children = (
				2A0D881628ABB6E700576E56 /* Lottie */,
				2A0D881228ABB38900576E56 /* Font */,
			);
			path = Style;
			sourceTree = "<group>";
		};
		2A0D881628ABB6E700576E56 /* Lottie */ = {
			isa = PBXGroup;
			children = (
				2A0D881728ABB80900576E56 /* wave.json */,
				2A0D881928ABB83A00576E56 /* dot.json */,
			);
			path = Lottie;
			sourceTree = "<group>";
		};
		2A9F34F428ABC245006CCF7C /* View */ = {
			isa = PBXGroup;
			children = (
				2A0D880228A540FB00576E56 /* SplashVC.swift */,
			);
			path = View;
			sourceTree = "<group>";
		};
		2A9F34F528ABC24A006CCF7C /* ViewModel */ = {
			isa = PBXGroup;
			children = (
				2A72420228B425E90040ADE9 /* SplashViewModel.swift */,
			);
			path = ViewModel;
			sourceTree = "<group>";
		};
		2A9F34F628ABC255006CCF7C /* Model */ = {
			isa = PBXGroup;
			children = (
				2A72420428B425F30040ADE9 /* SplashModel.swift */,
			);
			path = Model;
			sourceTree = "<group>";
		};
		2A9F34F728ABC27D006CCF7C /* Splash */ = {
			isa = PBXGroup;
			children = (
				2A9F34F628ABC255006CCF7C /* Model */,
				2A9F34F428ABC245006CCF7C /* View */,
				2A9F34F528ABC24A006CCF7C /* ViewModel */,
			);
			path = Splash;
			sourceTree = "<group>";
		};
		2A9F34F828ABC28A006CCF7C /* Start */ = {
			isa = PBXGroup;
			children = (
				2A9F34FE28AC2056006CCF7C /* Model */,
				2A9F34FF28AC205B006CCF7C /* View */,
				2A9F350028AC2064006CCF7C /* ViewModel */,
			);
			path = Start;
			sourceTree = "<group>";
		};
		2A9F34F928AC10D3006CCF7C /* Main */ = {
			isa = PBXGroup;
			children = (
				2A9F350C28AE1BF9006CCF7C /* Model */,
				2A9F350B28AE1BF2006CCF7C /* View */,
				2A9F350A28AE1BEC006CCF7C /* ViewModel */,
			);
			path = Main;
			sourceTree = "<group>";
		};
		2A9F34FA28AC10DE006CCF7C /* Setting */ = {
			isa = PBXGroup;
			children = (
				2A9F351128AE5752006CCF7C /* Model */,
				2A9F351028AE574D006CCF7C /* View */,
				2A9F350F28AE5746006CCF7C /* ViewModel */,
			);
			path = Setting;
			sourceTree = "<group>";
		};
		2A9F34FE28AC2056006CCF7C /* Model */ = {
			isa = PBXGroup;
			children = (
				2A72420A28B4264F0040ADE9 /* StartModel.swift */,
			);
			path = Model;
			sourceTree = "<group>";
		};
		2A9F34FF28AC205B006CCF7C /* View */ = {
			isa = PBXGroup;
			children = (
				2A9F350728AC2197006CCF7C /* LoginVC.swift */,
				2A9F350128AC20D5006CCF7C /* FirstStartVC.swift */,
				2A9F350328AC20FC006CCF7C /* SecondStartVC.swift */,
				2A9F350528AC2109006CCF7C /* ThirdStartVC.swift */,
			);
			path = View;
			sourceTree = "<group>";
		};
		2A9F350028AC2064006CCF7C /* ViewModel */ = {
			isa = PBXGroup;
			children = (
				2A72420C28B426570040ADE9 /* StartViewModel.swift */,
			);
			path = ViewModel;
			sourceTree = "<group>";
		};
		2A9F350A28AE1BEC006CCF7C /* ViewModel */ = {
			isa = PBXGroup;
			children = (
				2A72421428B768630040ADE9 /* MainViewModel.swift */,
			);
			path = ViewModel;
			sourceTree = "<group>";
		};
		2A9F350B28AE1BF2006CCF7C /* View */ = {
			isa = PBXGroup;
			children = (
				2A9F350D28AE1C0D006CCF7C /* MainVC.swift */,
				2A7241CC28B26AAD0040ADE9 /* WriteVC.swift */,
				2A7241CE28B2A57E0040ADE9 /* ReadVC.swift */,
				2A7241D028B2A5950040ADE9 /* DeletePopupVC.swift */,
				2A7241D228B2C1070040ADE9 /* MainDiaryListCell.swift */,
			);
			path = View;
			sourceTree = "<group>";
		};
		2A9F350C28AE1BF9006CCF7C /* Model */ = {
			isa = PBXGroup;
			children = (
				2A7241D728B3EDE60040ADE9 /* MainModel.swift */,
				2A7241D928B3EDF70040ADE9 /* DiaryEntity.swift */,
			);
			path = Model;
			sourceTree = "<group>";
		};
		2A9F350F28AE5746006CCF7C /* ViewModel */ = {
			isa = PBXGroup;
			children = (
				2A72421228B4267D0040ADE9 /* SettingViewModel.swift */,
			);
			path = ViewModel;
			sourceTree = "<group>";
		};
		2A9F351028AE574D006CCF7C /* View */ = {
			isa = PBXGroup;
			children = (
				2A9F351228AE5763006CCF7C /* SettingVC.swift */,
				2A9F351428AE63ED006CCF7C /* SettingSwitchCell.swift */,
				2A9F351628AE63FD006CCF7C /* SettingMoreCell.swift */,
				2A9F351828AE6410006CCF7C /* SettingLabelCell.swift */,
				2A7241C828B019C00040ADE9 /* SettingAlarmCell.swift */,
				2A7241CA28B01EC10040ADE9 /* SettingPWVC.swift */,
			);
			path = View;
			sourceTree = "<group>";
		};
		2A9F351128AE5752006CCF7C /* Model */ = {
			isa = PBXGroup;
			children = (
				2A72421028B426730040ADE9 /* SettingModel.swift */,
			);
			path = Model;
			sourceTree = "<group>";
		};
		2DF9047C7ACFF111227AF94E /* Frameworks */ = {
			isa = PBXGroup;
			children = (
				429B7040896DFDAC458EFC4D /* Pods_Thanks_Diary.framework */,
			);
			name = Frameworks;
			sourceTree = "<group>";
		};
/* End PBXGroup section */

/* Begin PBXNativeTarget section */
		2A0D87FA28A540FB00576E56 /* Thanks Diary */ = {
			isa = PBXNativeTarget;
			buildConfigurationList = 2A0D880F28A540FE00576E56 /* Build configuration list for PBXNativeTarget "Thanks Diary" */;
			buildPhases = (
				E387B386A2CD6266A217C430 /* [CP] Check Pods Manifest.lock */,
				2A0D87F728A540FB00576E56 /* Sources */,
				2A0D87F828A540FB00576E56 /* Frameworks */,
				2A0D87F928A540FB00576E56 /* Resources */,
				EC4AA72DE5D3E95A351FE85E /* [CP] Embed Pods Frameworks */,
			);
			buildRules = (
			);
			dependencies = (
			);
			name = "Thanks Diary";
			packageProductDependencies = (
				2A9F34FC28AC1233006CCF7C /* Lottie */,
			);
			productName = "Thanks Diary";
			productReference = 2A0D87FB28A540FB00576E56 /* Thanks Diary.app */;
			productType = "com.apple.product-type.application";
		};
/* End PBXNativeTarget section */

/* Begin PBXProject section */
		2A0D87F328A540FB00576E56 /* Project object */ = {
			isa = PBXProject;
			attributes = {
				BuildIndependentTargetsInParallel = 1;
				LastSwiftUpdateCheck = 1330;
				LastUpgradeCheck = 1330;
				TargetAttributes = {
					2A0D87FA28A540FB00576E56 = {
						CreatedOnToolsVersion = 13.3;
					};
				};
			};
			buildConfigurationList = 2A0D87F628A540FB00576E56 /* Build configuration list for PBXProject "Thanks Diary" */;
			compatibilityVersion = "Xcode 13.0";
			developmentRegion = en;
			hasScannedForEncodings = 0;
			knownRegions = (
				en,
				Base,
			);
			mainGroup = 2A0D87F228A540FB00576E56;
			packageReferences = (
				2A9F34FB28AC1233006CCF7C /* XCRemoteSwiftPackageReference "lottie-ios" */,
			);
			productRefGroup = 2A0D87FC28A540FB00576E56 /* Products */;
			projectDirPath = "";
			projectRoot = "";
			targets = (
				2A0D87FA28A540FB00576E56 /* Thanks Diary */,
			);
		};
/* End PBXProject section */

/* Begin PBXResourcesBuildPhase section */
		2A0D87F928A540FB00576E56 /* Resources */ = {
			isa = PBXResourcesBuildPhase;
			buildActionMask = 2147483647;
			files = (
				2A0D880B28A540FE00576E56 /* LaunchScreen.storyboard in Resources */,
				2A0D880828A540FE00576E56 /* Assets.xcassets in Resources */,
				2A0D881428ABB3A400576E56 /* KOTRA_GOTHIC.ttf in Resources */,
				2A0D881828ABB80900576E56 /* wave.json in Resources */,
				2A0D880628A540FB00576E56 /* Main.storyboard in Resources */,
				2A0D881A28ABB83A00576E56 /* dot.json in Resources */,
			);
			runOnlyForDeploymentPostprocessing = 0;
		};
/* End PBXResourcesBuildPhase section */

/* Begin PBXShellScriptBuildPhase section */
		E387B386A2CD6266A217C430 /* [CP] Check Pods Manifest.lock */ = {
			isa = PBXShellScriptBuildPhase;
			buildActionMask = 2147483647;
			files = (
			);
			inputFileListPaths = (
			);
			inputPaths = (
				"${PODS_PODFILE_DIR_PATH}/Podfile.lock",
				"${PODS_ROOT}/Manifest.lock",
			);
			name = "[CP] Check Pods Manifest.lock";
			outputFileListPaths = (
			);
			outputPaths = (
				"$(DERIVED_FILE_DIR)/Pods-Thanks Diary-checkManifestLockResult.txt",
			);
			runOnlyForDeploymentPostprocessing = 0;
			shellPath = /bin/sh;
			shellScript = "diff \"${PODS_PODFILE_DIR_PATH}/Podfile.lock\" \"${PODS_ROOT}/Manifest.lock\" > /dev/null\nif [ $? != 0 ] ; then\n    # print error to STDERR\n    echo \"error: The sandbox is not in sync with the Podfile.lock. Run 'pod install' or update your CocoaPods installation.\" >&2\n    exit 1\nfi\n# This output is used by Xcode 'outputs' to avoid re-running this script phase.\necho \"SUCCESS\" > \"${SCRIPT_OUTPUT_FILE_0}\"\n";
			showEnvVarsInLog = 0;
		};
		EC4AA72DE5D3E95A351FE85E /* [CP] Embed Pods Frameworks */ = {
			isa = PBXShellScriptBuildPhase;
			buildActionMask = 2147483647;
			files = (
			);
			inputFileListPaths = (
				"${PODS_ROOT}/Target Support Files/Pods-Thanks Diary/Pods-Thanks Diary-frameworks-${CONFIGURATION}-input-files.xcfilelist",
			);
			name = "[CP] Embed Pods Frameworks";
			outputFileListPaths = (
				"${PODS_ROOT}/Target Support Files/Pods-Thanks Diary/Pods-Thanks Diary-frameworks-${CONFIGURATION}-output-files.xcfilelist",
			);
			runOnlyForDeploymentPostprocessing = 0;
			shellPath = /bin/sh;
			shellScript = "\"${PODS_ROOT}/Target Support Files/Pods-Thanks Diary/Pods-Thanks Diary-frameworks.sh\"\n";
			showEnvVarsInLog = 0;
		};
/* End PBXShellScriptBuildPhase section */

/* Begin PBXSourcesBuildPhase section */
		2A0D87F728A540FB00576E56 /* Sources */ = {
			isa = PBXSourcesBuildPhase;
			buildActionMask = 2147483647;
			files = (
				2A7241CB28B01EC10040ADE9 /* SettingPWVC.swift in Sources */,
				2A9F350228AC20D5006CCF7C /* FirstStartVC.swift in Sources */,
				2A7241C928B019C00040ADE9 /* SettingAlarmCell.swift in Sources */,
				2A9F351328AE5763006CCF7C /* SettingVC.swift in Sources */,
				2A7241D328B2C1070040ADE9 /* MainDiaryListCell.swift in Sources */,
				2A9F351528AE63ED006CCF7C /* SettingSwitchCell.swift in Sources */,
				2A7241D628B2C64E0040ADE9 /* DiaryCoreData.xcdatamodeld in Sources */,
				2A72421528B768630040ADE9 /* MainViewModel.swift in Sources */,
				2A7241CD28B26AAD0040ADE9 /* WriteVC.swift in Sources */,
				2A72421128B426730040ADE9 /* SettingModel.swift in Sources */,
				2A7241D828B3EDE60040ADE9 /* MainModel.swift in Sources */,
				2A9F351728AE63FD006CCF7C /* SettingMoreCell.swift in Sources */,
				2A72420B28B4264F0040ADE9 /* StartModel.swift in Sources */,
				2A9F350628AC2109006CCF7C /* ThirdStartVC.swift in Sources */,
				2A9F350828AC2197006CCF7C /* LoginVC.swift in Sources */,
				2A0D880328A540FB00576E56 /* SplashVC.swift in Sources */,
				2A72421328B4267D0040ADE9 /* SettingViewModel.swift in Sources */,
				2A9F350428AC20FC006CCF7C /* SecondStartVC.swift in Sources */,
				2A9F350E28AE1C0D006CCF7C /* MainVC.swift in Sources */,
				2A72420328B425E90040ADE9 /* SplashViewModel.swift in Sources */,
				2A7241CF28B2A57E0040ADE9 /* ReadVC.swift in Sources */,
				2A0D87FF28A540FB00576E56 /* AppDelegate.swift in Sources */,
				2A7241DA28B3EDF70040ADE9 /* DiaryEntity.swift in Sources */,
				2A72420D28B426570040ADE9 /* StartViewModel.swift in Sources */,
				2A0D880128A540FB00576E56 /* SceneDelegate.swift in Sources */,
				2A72420528B425F30040ADE9 /* SplashModel.swift in Sources */,
				2A9F351928AE6410006CCF7C /* SettingLabelCell.swift in Sources */,
				2A7241D128B2A5950040ADE9 /* DeletePopupVC.swift in Sources */,
			);
			runOnlyForDeploymentPostprocessing = 0;
		};
/* End PBXSourcesBuildPhase section */

/* Begin PBXVariantGroup section */
		2A0D880428A540FB00576E56 /* Main.storyboard */ = {
			isa = PBXVariantGroup;
			children = (
				2A0D880528A540FB00576E56 /* Base */,
			);
			name = Main.storyboard;
			sourceTree = "<group>";
		};
		2A0D880928A540FE00576E56 /* LaunchScreen.storyboard */ = {
			isa = PBXVariantGroup;
			children = (
				2A0D880A28A540FE00576E56 /* Base */,
			);
			name = LaunchScreen.storyboard;
			sourceTree = "<group>";
		};
/* End PBXVariantGroup section */

/* Begin XCBuildConfiguration section */
		2A0D880D28A540FE00576E56 /* Debug */ = {
			isa = XCBuildConfiguration;
			buildSettings = {
				ALWAYS_SEARCH_USER_PATHS = NO;
				CLANG_ANALYZER_NONNULL = YES;
				CLANG_ANALYZER_NUMBER_OBJECT_CONVERSION = YES_AGGRESSIVE;
				CLANG_CXX_LANGUAGE_STANDARD = "gnu++17";
				CLANG_ENABLE_MODULES = YES;
				CLANG_ENABLE_OBJC_ARC = YES;
				CLANG_ENABLE_OBJC_WEAK = YES;
				CLANG_WARN_BLOCK_CAPTURE_AUTORELEASING = YES;
				CLANG_WARN_BOOL_CONVERSION = YES;
				CLANG_WARN_COMMA = YES;
				CLANG_WARN_CONSTANT_CONVERSION = YES;
				CLANG_WARN_DEPRECATED_OBJC_IMPLEMENTATIONS = YES;
				CLANG_WARN_DIRECT_OBJC_ISA_USAGE = YES_ERROR;
				CLANG_WARN_DOCUMENTATION_COMMENTS = YES;
				CLANG_WARN_EMPTY_BODY = YES;
				CLANG_WARN_ENUM_CONVERSION = YES;
				CLANG_WARN_INFINITE_RECURSION = YES;
				CLANG_WARN_INT_CONVERSION = YES;
				CLANG_WARN_NON_LITERAL_NULL_CONVERSION = YES;
				CLANG_WARN_OBJC_IMPLICIT_RETAIN_SELF = YES;
				CLANG_WARN_OBJC_LITERAL_CONVERSION = YES;
				CLANG_WARN_OBJC_ROOT_CLASS = YES_ERROR;
				CLANG_WARN_QUOTED_INCLUDE_IN_FRAMEWORK_HEADER = YES;
				CLANG_WARN_RANGE_LOOP_ANALYSIS = YES;
				CLANG_WARN_STRICT_PROTOTYPES = YES;
				CLANG_WARN_SUSPICIOUS_MOVE = YES;
				CLANG_WARN_UNGUARDED_AVAILABILITY = YES_AGGRESSIVE;
				CLANG_WARN_UNREACHABLE_CODE = YES;
				CLANG_WARN__DUPLICATE_METHOD_MATCH = YES;
				COPY_PHASE_STRIP = NO;
				DEBUG_INFORMATION_FORMAT = dwarf;
				ENABLE_STRICT_OBJC_MSGSEND = YES;
				ENABLE_TESTABILITY = YES;
				GCC_C_LANGUAGE_STANDARD = gnu11;
				GCC_DYNAMIC_NO_PIC = NO;
				GCC_NO_COMMON_BLOCKS = YES;
				GCC_OPTIMIZATION_LEVEL = 0;
				GCC_PREPROCESSOR_DEFINITIONS = (
					"DEBUG=1",
					"$(inherited)",
				);
				GCC_WARN_64_TO_32_BIT_CONVERSION = YES;
				GCC_WARN_ABOUT_RETURN_TYPE = YES_ERROR;
				GCC_WARN_UNDECLARED_SELECTOR = YES;
				GCC_WARN_UNINITIALIZED_AUTOS = YES_AGGRESSIVE;
				GCC_WARN_UNUSED_FUNCTION = YES;
				GCC_WARN_UNUSED_VARIABLE = YES;
				IPHONEOS_DEPLOYMENT_TARGET = 14.0;
				MTL_ENABLE_DEBUG_INFO = INCLUDE_SOURCE;
				MTL_FAST_MATH = YES;
				ONLY_ACTIVE_ARCH = YES;
				SDKROOT = iphoneos;
				SWIFT_ACTIVE_COMPILATION_CONDITIONS = DEBUG;
				SWIFT_OPTIMIZATION_LEVEL = "-Onone";
			};
			name = Debug;
		};
		2A0D880E28A540FE00576E56 /* Release */ = {
			isa = XCBuildConfiguration;
			buildSettings = {
				ALWAYS_SEARCH_USER_PATHS = NO;
				CLANG_ANALYZER_NONNULL = YES;
				CLANG_ANALYZER_NUMBER_OBJECT_CONVERSION = YES_AGGRESSIVE;
				CLANG_CXX_LANGUAGE_STANDARD = "gnu++17";
				CLANG_ENABLE_MODULES = YES;
				CLANG_ENABLE_OBJC_ARC = YES;
				CLANG_ENABLE_OBJC_WEAK = YES;
				CLANG_WARN_BLOCK_CAPTURE_AUTORELEASING = YES;
				CLANG_WARN_BOOL_CONVERSION = YES;
				CLANG_WARN_COMMA = YES;
				CLANG_WARN_CONSTANT_CONVERSION = YES;
				CLANG_WARN_DEPRECATED_OBJC_IMPLEMENTATIONS = YES;
				CLANG_WARN_DIRECT_OBJC_ISA_USAGE = YES_ERROR;
				CLANG_WARN_DOCUMENTATION_COMMENTS = YES;
				CLANG_WARN_EMPTY_BODY = YES;
				CLANG_WARN_ENUM_CONVERSION = YES;
				CLANG_WARN_INFINITE_RECURSION = YES;
				CLANG_WARN_INT_CONVERSION = YES;
				CLANG_WARN_NON_LITERAL_NULL_CONVERSION = YES;
				CLANG_WARN_OBJC_IMPLICIT_RETAIN_SELF = YES;
				CLANG_WARN_OBJC_LITERAL_CONVERSION = YES;
				CLANG_WARN_OBJC_ROOT_CLASS = YES_ERROR;
				CLANG_WARN_QUOTED_INCLUDE_IN_FRAMEWORK_HEADER = YES;
				CLANG_WARN_RANGE_LOOP_ANALYSIS = YES;
				CLANG_WARN_STRICT_PROTOTYPES = YES;
				CLANG_WARN_SUSPICIOUS_MOVE = YES;
				CLANG_WARN_UNGUARDED_AVAILABILITY = YES_AGGRESSIVE;
				CLANG_WARN_UNREACHABLE_CODE = YES;
				CLANG_WARN__DUPLICATE_METHOD_MATCH = YES;
				COPY_PHASE_STRIP = NO;
				DEBUG_INFORMATION_FORMAT = "dwarf-with-dsym";
				ENABLE_NS_ASSERTIONS = NO;
				ENABLE_STRICT_OBJC_MSGSEND = YES;
				GCC_C_LANGUAGE_STANDARD = gnu11;
				GCC_NO_COMMON_BLOCKS = YES;
				GCC_WARN_64_TO_32_BIT_CONVERSION = YES;
				GCC_WARN_ABOUT_RETURN_TYPE = YES_ERROR;
				GCC_WARN_UNDECLARED_SELECTOR = YES;
				GCC_WARN_UNINITIALIZED_AUTOS = YES_AGGRESSIVE;
				GCC_WARN_UNUSED_FUNCTION = YES;
				GCC_WARN_UNUSED_VARIABLE = YES;
				IPHONEOS_DEPLOYMENT_TARGET = 14.0;
				MTL_ENABLE_DEBUG_INFO = NO;
				MTL_FAST_MATH = YES;
				SDKROOT = iphoneos;
				SWIFT_COMPILATION_MODE = wholemodule;
				SWIFT_OPTIMIZATION_LEVEL = "-O";
				VALIDATE_PRODUCT = YES;
			};
			name = Release;
		};
		2A0D881028A540FE00576E56 /* Debug */ = {
			isa = XCBuildConfiguration;
			baseConfigurationReference = AFFB6B127945F0159B1A30E4 /* Pods-Thanks Diary.debug.xcconfig */;
			buildSettings = {
				ASSETCATALOG_COMPILER_APPICON_NAME = AppIcon;
				ASSETCATALOG_COMPILER_GLOBAL_ACCENT_COLOR_NAME = AccentColor;
				CODE_SIGN_STYLE = Automatic;
				CURRENT_PROJECT_VERSION = 1;
				DEVELOPMENT_TEAM = 68P2WV4DR3;
				GENERATE_INFOPLIST_FILE = YES;
				INFOPLIST_FILE = "Thanks Diary/Info.plist";
				INFOPLIST_KEY_UIApplicationSupportsIndirectInputEvents = YES;
				INFOPLIST_KEY_UILaunchStoryboardName = LaunchScreen;
				INFOPLIST_KEY_UIMainStoryboardFile = Main;
				INFOPLIST_KEY_UISupportedInterfaceOrientations_iPad = "UIInterfaceOrientationPortrait UIInterfaceOrientationPortraitUpsideDown UIInterfaceOrientationLandscapeLeft UIInterfaceOrientationLandscapeRight";
				INFOPLIST_KEY_UISupportedInterfaceOrientations_iPhone = "UIInterfaceOrientationPortrait UIInterfaceOrientationLandscapeLeft UIInterfaceOrientationLandscapeRight";
				LD_RUNPATH_SEARCH_PATHS = (
					"$(inherited)",
					"@executable_path/Frameworks",
				);
				MARKETING_VERSION = 1.0;
				PRODUCT_BUNDLE_IDENTIFIER = "com.lily.Thanks-Diary";
				PRODUCT_NAME = "$(TARGET_NAME)";
				SWIFT_EMIT_LOC_STRINGS = YES;
				SWIFT_VERSION = 5.0;
				TARGETED_DEVICE_FAMILY = "1,2";
			};
			name = Debug;
		};
		2A0D881128A540FE00576E56 /* Release */ = {
			isa = XCBuildConfiguration;
			baseConfigurationReference = DEA50272BCD4BD5CA6312F82 /* Pods-Thanks Diary.release.xcconfig */;
			buildSettings = {
				ASSETCATALOG_COMPILER_APPICON_NAME = AppIcon;
				ASSETCATALOG_COMPILER_GLOBAL_ACCENT_COLOR_NAME = AccentColor;
				CODE_SIGN_STYLE = Automatic;
				CURRENT_PROJECT_VERSION = 1;
				DEVELOPMENT_TEAM = 68P2WV4DR3;
				GENERATE_INFOPLIST_FILE = YES;
				INFOPLIST_FILE = "Thanks Diary/Info.plist";
				INFOPLIST_KEY_UIApplicationSupportsIndirectInputEvents = YES;
				INFOPLIST_KEY_UILaunchStoryboardName = LaunchScreen;
				INFOPLIST_KEY_UIMainStoryboardFile = Main;
				INFOPLIST_KEY_UISupportedInterfaceOrientations_iPad = "UIInterfaceOrientationPortrait UIInterfaceOrientationPortraitUpsideDown UIInterfaceOrientationLandscapeLeft UIInterfaceOrientationLandscapeRight";
				INFOPLIST_KEY_UISupportedInterfaceOrientations_iPhone = "UIInterfaceOrientationPortrait UIInterfaceOrientationLandscapeLeft UIInterfaceOrientationLandscapeRight";
				LD_RUNPATH_SEARCH_PATHS = (
					"$(inherited)",
					"@executable_path/Frameworks",
				);
				MARKETING_VERSION = 1.0;
				PRODUCT_BUNDLE_IDENTIFIER = "com.lily.Thanks-Diary";
				PRODUCT_NAME = "$(TARGET_NAME)";
				SWIFT_EMIT_LOC_STRINGS = YES;
				SWIFT_VERSION = 5.0;
				TARGETED_DEVICE_FAMILY = "1,2";
			};
			name = Release;
		};
/* End XCBuildConfiguration section */

/* Begin XCConfigurationList section */
		2A0D87F628A540FB00576E56 /* Build configuration list for PBXProject "Thanks Diary" */ = {
			isa = XCConfigurationList;
			buildConfigurations = (
				2A0D880D28A540FE00576E56 /* Debug */,
				2A0D880E28A540FE00576E56 /* Release */,
			);
			defaultConfigurationIsVisible = 0;
			defaultConfigurationName = Release;
		};
		2A0D880F28A540FE00576E56 /* Build configuration list for PBXNativeTarget "Thanks Diary" */ = {
			isa = XCConfigurationList;
			buildConfigurations = (
				2A0D881028A540FE00576E56 /* Debug */,
				2A0D881128A540FE00576E56 /* Release */,
			);
			defaultConfigurationIsVisible = 0;
			defaultConfigurationName = Release;
		};
/* End XCConfigurationList section */

/* Begin XCRemoteSwiftPackageReference section */
		2A9F34FB28AC1233006CCF7C /* XCRemoteSwiftPackageReference "lottie-ios" */ = {
			isa = XCRemoteSwiftPackageReference;
			repositoryURL = "https://github.com/airbnb/lottie-ios";
			requirement = {
				kind = upToNextMajorVersion;
				minimumVersion = 3.0.0;
			};
		};
/* End XCRemoteSwiftPackageReference section */

/* Begin XCSwiftPackageProductDependency section */
		2A9F34FC28AC1233006CCF7C /* Lottie */ = {
			isa = XCSwiftPackageProductDependency;
			package = 2A9F34FB28AC1233006CCF7C /* XCRemoteSwiftPackageReference "lottie-ios" */;
			productName = Lottie;
		};
/* End XCSwiftPackageProductDependency section */

/* Begin XCVersionGroup section */
		2A7241D428B2C64E0040ADE9 /* DiaryCoreData.xcdatamodeld */ = {
			isa = XCVersionGroup;
			children = (
				2A7241D528B2C64E0040ADE9 /* DiaryCoreData.xcdatamodel */,
			);
			currentVersion = 2A7241D528B2C64E0040ADE9 /* DiaryCoreData.xcdatamodel */;
			path = DiaryCoreData.xcdatamodeld;
			sourceTree = "<group>";
			versionGroupType = wrapper.xcdatamodel;
		};
/* End XCVersionGroup section */
	};
	rootObject = 2A0D87F328A540FB00576E56 /* Project object */;
}
